PODS:
  - AgoraRtcEngine_iOS (2.3.1)
  - Masonry (1.1.0)
  - MBProgressHUD (1.1.0)
  - PolyvAliHttpDNS (1.6.7)
  - PolyvBusinessSDK (0.0.1):
    - Masonry (~> 1.1)
    - PolyvAliHttpDNS (~> 1.6.7)
    - PolyvFoundationSDK (~> 0.0.1)
    - PolyvIJKPlayer (~> 0.3.0)
    - Socket.IO-Client-Swift (~> 13.2.0)
    - Starscream (= 3.0.5)
    - YYModel (~> 1.0.4)
  - PolyvCloudClassSDK (0.1.0):
    - PolyvBusinessSDK (~> 0.0.1)
    - PolyvFoundationSDK (~> 0.0.1)
  - PolyvFoundationSDK (0.0.1)
  - PolyvIJKPlayer (0.3.0)
  - SDWebImage (4.4.2):
    - SDWebImage/Core (= 4.4.2)
  - SDWebImage/Core (4.4.2)
  - Socket.IO-Client-Swift (13.2.1):
    - Starscream (~> 3.0.2)
  - Starscream (3.0.5)
  - YYModel (1.0.4)

DEPENDENCIES:
  - AgoraRtcEngine_iOS (~> 2.3.1)
  - MBProgressHUD (~> 1.1.0)
  - PolyvCloudClassSDK (~> 0.1.0)
  - SDWebImage (~> 4.4.0)

SPEC REPOS:
  https://github.com/cocoapods/specs.git:
    - AgoraRtcEngine_iOS
    - Masonry
    - MBProgressHUD
    - PolyvAliHttpDNS
    - PolyvBusinessSDK
    - PolyvCloudClassSDK
    - PolyvFoundationSDK
    - PolyvIJKPlayer
    - SDWebImage
    - Socket.IO-Client-Swift
    - Starscream
    - YYModel

SPEC CHECKSUMS:
  AgoraRtcEngine_iOS: b0304fee470e0b88bd3abedf9ce1c4309f4fd722
  Masonry: 678fab65091a9290e40e2832a55e7ab731aad201
  MBProgressHUD: e7baa36a220447d8aeb12769bf0585582f3866d9
  PolyvAliHttpDNS: 0fbbbcd3aab07a48305d36884681ca33849cc0b7
  PolyvBusinessSDK: 8285a1bc76e1189ddb8bb3e1f92ee7cb6e515318
  PolyvCloudClassSDK: 91fec6a8f343e44e39129e19557de5ca32bbd872
  PolyvFoundationSDK: b0e00704e058994e0c8b5d7ccb6319263122c241
  PolyvIJKPlayer: 1577e6890fdbec60c44bea6c7425f7215a58b6a0
  SDWebImage: 624d6e296c69b244bcede364c72ae0430ac14681
  Socket.IO-Client-Swift: b94943e2fb916fe2f95244b9ed21828634002280
  Starscream: faf918b2f2eff7d5dd21180646bf015a669673bd
  YYModel: 2a7fdd96aaa4b86a824e26d0c517de8928c04b30

PODFILE CHECKSUM: 96a3455251814ed7c1011f5c168594fd3fed638d

COCOAPODS: 1.5.3
