// !$*UTF8*$!
{
	archiveVersion = 1;
	classes = {
	};
	objectVersion = 48;
	objects = {

/* Begin PBXBuildFile section */
		00F4DFA024B5B2BD00FC1032 /* PLVChatroomReplyBubble.m in Sources */ = {isa = PBXBuildFile; fileRef = 00F4DF9F24B5B2BD00FC1032 /* PLVChatroomReplyBubble.m */; };
		04DE7A2024CED79700A85EFB /* plv_clear@3x.png in Resources */ = {isa = PBXBuildFile; fileRef = 04DE7A1C24CED79700A85EFB /* plv_clear@3x.png */; };
		04DE7A2124CED79700A85EFB /* plv_logo@3x.png in Resources */ = {isa = PBXBuildFile; fileRef = 04DE7A1D24CED79700A85EFB /* plv_logo@3x.png */; };
		04DE7A2224CED79700A85EFB /* plv_clear@2x.png in Resources */ = {isa = PBXBuildFile; fileRef = 04DE7A1E24CED79700A85EFB /* plv_clear@2x.png */; };
		04DE7A2324CED79700A85EFB /* plv_logo@2x.png in Resources */ = {isa = PBXBuildFile; fileRef = 04DE7A1F24CED79700A85EFB /* plv_logo@2x.png */; };
		11A5774411053E107539054A /* Pods_PolyvCloudClassDemo.framework in Frameworks */ = {isa = PBXBuildFile; fileRef = C0118F4B9DFD3E696C667A66 /* Pods_PolyvCloudClassDemo.framework */; };
		22142F5C2113094200062C6E /* Assets.xcassets in Resources */ = {isa = PBXBuildFile; fileRef = 22142F5B2113094200062C6E /* Assets.xcassets */; };
		22142F622113094200062C6E /* main.m in Sources */ = {isa = PBXBuildFile; fileRef = 22142F612113094200062C6E /* main.m */; };
		221AD3CF211A86C3000A423A /* PLVLoginViewController.m in Sources */ = {isa = PBXBuildFile; fileRef = 221AD3CB211A86C3000A423A /* PLVLoginViewController.m */; };
		221AD3D0211A86C3000A423A /* Main.storyboard in Resources */ = {isa = PBXBuildFile; fileRef = 221AD3CC211A86C3000A423A /* Main.storyboard */; };
		229F827321C79C6500446B9A /* PolyvBusinessSDK.framework in Frameworks */ = {isa = PBXBuildFile; fileRef = 229F827221C79C6500446B9A /* PolyvBusinessSDK.framework */; };
		229F827521C79C6500446B9A /* PolyvCloudClassSDK.framework in Frameworks */ = {isa = PBXBuildFile; fileRef = 229F827421C79C6500446B9A /* PolyvCloudClassSDK.framework */; };
		229F827721C79C6500446B9A /* PolyvFoundationSDK.framework in Frameworks */ = {isa = PBXBuildFile; fileRef = 229F827621C79C6500446B9A /* PolyvFoundationSDK.framework */; };
		22B4087521B7BC030087DF92 /* AppDelegate.m in Sources */ = {isa = PBXBuildFile; fileRef = 22142F532113094100062C6E /* AppDelegate.m */; };
		6311CE0D2462718B00AB6D51 /* PLVBaseNavigationController.m in Sources */ = {isa = PBXBuildFile; fileRef = 6311CE0C2462718B00AB6D51 /* PLVBaseNavigationController.m */; };
		63C7FC1224878E8E009C0070 /* ZJZDanMu.m in Sources */ = {isa = PBXBuildFile; fileRef = 63C7FB5024878E8D009C0070 /* ZJZDanMu.m */; };
		63C7FC1324878E8E009C0070 /* ZJZDanMuLabel.m in Sources */ = {isa = PBXBuildFile; fileRef = 63C7FB5224878E8D009C0070 /* ZJZDanMuLabel.m */; };
		63C7FC1424878E8E009C0070 /* FTPageController.m in Sources */ = {isa = PBXBuildFile; fileRef = 63C7FB5624878E8D009C0070 /* FTPageController.m */; };
		63C7FC1524878E8E009C0070 /* FTTitleViewCell.m in Sources */ = {isa = PBXBuildFile; fileRef = 63C7FB5824878E8D009C0070 /* FTTitleViewCell.m */; };
		63C7FC1624878E8E009C0070 /* PLVPhotoBrowser.m in Sources */ = {isa = PBXBuildFile; fileRef = 63C7FB5B24878E8D009C0070 /* PLVPhotoBrowser.m */; };
		63C7FC1724878E8E009C0070 /* PLVPhotoBrowser.bundle in Resources */ = {isa = PBXBuildFile; fileRef = 63C7FB5C24878E8D009C0070 /* PLVPhotoBrowser.bundle */; };
		63C7FC1824878E8E009C0070 /* MarqueeLabel.m in Sources */ = {isa = PBXBuildFile; fileRef = 63C7FB6124878E8D009C0070 /* MarqueeLabel.m */; };
		63C7FC1924878E8E009C0070 /* PLVTextInputView.m in Sources */ = {isa = PBXBuildFile; fileRef = 63C7FB6424878E8D009C0070 /* PLVTextInputView.m */; };
		63C7FC1A24878E8E009C0070 /* PLVFaceView.m in Sources */ = {isa = PBXBuildFile; fileRef = 63C7FB6724878E8D009C0070 /* PLVFaceView.m */; };
		63C7FC1B24878E8E009C0070 /* PLVFacialView.m in Sources */ = {isa = PBXBuildFile; fileRef = 63C7FB6824878E8D009C0070 /* PLVFacialView.m */; };
		63C7FC1C24878E8E009C0070 /* PLVKeyboardTool.m in Sources */ = {isa = PBXBuildFile; fileRef = 63C7FB6D24878E8D009C0070 /* PLVKeyboardTool.m */; };
		63C7FC1D24878E8E009C0070 /* PLVEmojiManager.m in Sources */ = {isa = PBXBuildFile; fileRef = 63C7FB6E24878E8D009C0070 /* PLVEmojiManager.m */; };
		63C7FC1E24878E8E009C0070 /* PLVKeyboardMoreView.m in Sources */ = {isa = PBXBuildFile; fileRef = 63C7FB6F24878E8D009C0070 /* PLVKeyboardMoreView.m */; };
		63C7FC1F24878E8E009C0070 /* Emotion.bundle in Resources */ = {isa = PBXBuildFile; fileRef = 63C7FB7224878E8D009C0070 /* Emotion.bundle */; };
		63C7FC2024878E8E009C0070 /* PLVKeyboardSkin.bundle in Resources */ = {isa = PBXBuildFile; fileRef = 63C7FB7324878E8D009C0070 /* PLVKeyboardSkin.bundle */; };
		63C7FC2124878E8E009C0070 /* Emotions.plist in Resources */ = {isa = PBXBuildFile; fileRef = 63C7FB7424878E8D009C0070 /* Emotions.plist */; };
		63C7FC2224878E8E009C0070 /* MyTool.m in Sources */ = {isa = PBXBuildFile; fileRef = 63C7FB7724878E8D009C0070 /* MyTool.m */; };
		63C7FC2324878E8E009C0070 /* SDWebImageDecoder.m in Sources */ = {isa = PBXBuildFile; fileRef = 63C7FB7824878E8D009C0070 /* SDWebImageDecoder.m */; };
		63C7FC2424878E8E009C0070 /* ZImageInfo.m in Sources */ = {isa = PBXBuildFile; fileRef = 63C7FB7D24878E8D009C0070 /* ZImageInfo.m */; };
		63C7FC2524878E8E009C0070 /* ZAlbumInfo.m in Sources */ = {isa = PBXBuildFile; fileRef = 63C7FB7E24878E8D009C0070 /* ZAlbumInfo.m */; };
		63C7FC2624878E8E009C0070 /* ZViewController.m in Sources */ = {isa = PBXBuildFile; fileRef = 63C7FB8324878E8D009C0070 /* ZViewController.m */; };
		63C7FC2724878E8E009C0070 /* PLVCameraViewController.m in Sources */ = {isa = PBXBuildFile; fileRef = 63C7FB8424878E8D009C0070 /* PLVCameraViewController.m */; };
		63C7FC2824878E8E009C0070 /* ZPickerController.m in Sources */ = {isa = PBXBuildFile; fileRef = 63C7FB8524878E8D009C0070 /* ZPickerController.m */; };
		63C7FC2924878E8E009C0070 /* ZNavigationController.m in Sources */ = {isa = PBXBuildFile; fileRef = 63C7FB8624878E8D009C0070 /* ZNavigationController.m */; };
		63C7FC2A24878E8E009C0070 /* ZAlbumsViewController.m in Sources */ = {isa = PBXBuildFile; fileRef = 63C7FB8724878E8D009C0070 /* ZAlbumsViewController.m */; };
		63C7FC2B24878E8E009C0070 /* ZPhotoPreViewController.m in Sources */ = {isa = PBXBuildFile; fileRef = 63C7FB8924878E8D009C0070 /* ZPhotoPreViewController.m */; };
		63C7FC2C24878E8E009C0070 /* ZPreCollectionViewCell.m in Sources */ = {isa = PBXBuildFile; fileRef = 63C7FB8F24878E8D009C0070 /* ZPreCollectionViewCell.m */; };
		63C7FC2D24878E8E009C0070 /* ZPhotoCollectionViewCell.m in Sources */ = {isa = PBXBuildFile; fileRef = 63C7FB9124878E8D009C0070 /* ZPhotoCollectionViewCell.m */; };
		63C7FC2E24878E8E009C0070 /* ZPhotoCollectionFooterView.m in Sources */ = {isa = PBXBuildFile; fileRef = 63C7FB9524878E8D009C0070 /* ZPhotoCollectionFooterView.m */; };
		63C7FC2F24878E8E009C0070 /* ZAlbumTableViewCell.m in Sources */ = {isa = PBXBuildFile; fileRef = 63C7FB9624878E8D009C0070 /* ZAlbumTableViewCell.m */; };
		63C7FC3024878E8E009C0070 /* PLVAlbum.bundle in Resources */ = {isa = PBXBuildFile; fileRef = 63C7FB9724878E8D009C0070 /* PLVAlbum.bundle */; };
		63C7FC3124878E8E009C0070 /* PCCUtils.m in Sources */ = {isa = PBXBuildFile; fileRef = 63C7FB9A24878E8D009C0070 /* PCCUtils.m */; };
		63C7FC3224878E8E009C0070 /* PLVLiveViewController.m in Sources */ = {isa = PBXBuildFile; fileRef = 63C7FB9D24878E8D009C0070 /* PLVLiveViewController.m */; };
		63C7FC3324878E8E009C0070 /* PLVVodViewController.m in Sources */ = {isa = PBXBuildFile; fileRef = 63C7FB9E24878E8D009C0070 /* PLVVodViewController.m */; };
		63C7FC3424878E8E009C0070 /* PLVCircleProgressView.m in Sources */ = {isa = PBXBuildFile; fileRef = 63C7FBA324878E8D009C0070 /* PLVCircleProgressView.m */; };
		63C7FC3524878E8E009C0070 /* PLVLinkMicView.m in Sources */ = {isa = PBXBuildFile; fileRef = 63C7FBA424878E8D009C0070 /* PLVLinkMicView.m */; };
		63C7FC3624878E8E009C0070 /* PLVLinkMic.bundle in Resources */ = {isa = PBXBuildFile; fileRef = 63C7FBA624878E8D009C0070 /* PLVLinkMic.bundle */; };
		63C7FC3724878E8E009C0070 /* PLVLinkMicController.m in Sources */ = {isa = PBXBuildFile; fileRef = 63C7FBA724878E8D009C0070 /* PLVLinkMicController.m */; };
		63C7FC3824878E8E009C0070 /* PLVLinkMicPenView.m in Sources */ = {isa = PBXBuildFile; fileRef = 63C7FBA824878E8D009C0070 /* PLVLinkMicPenView.m */; };
		63C7FC3924878E8E009C0070 /* PLVChatCell.m in Sources */ = {isa = PBXBuildFile; fileRef = 63C7FBAD24878E8D009C0070 /* PLVChatCell.m */; };
		63C7FC3A24878E8E009C0070 /* PLVBaseCell.m in Sources */ = {isa = PBXBuildFile; fileRef = 63C7FBAF24878E8D009C0070 /* PLVBaseCell.m */; };
		63C7FC3B24878E8E009C0070 /* PLVTableViewController.m in Sources */ = {isa = PBXBuildFile; fileRef = 63C7FBB124878E8D009C0070 /* PLVTableViewController.m */; };
		63C7FC3C24878E8E009C0070 /* PLVCellModel.m in Sources */ = {isa = PBXBuildFile; fileRef = 63C7FBB324878E8D009C0070 /* PLVCellModel.m */; };
		63C7FC3D24878E8E009C0070 /* PLVChatModel.m in Sources */ = {isa = PBXBuildFile; fileRef = 63C7FBB624878E8D009C0070 /* PLVChatModel.m */; };
		63C7FC3E24878E8E009C0070 /* PLVLiveInfoViewController.m in Sources */ = {isa = PBXBuildFile; fileRef = 63C7FBB924878E8D009C0070 /* PLVLiveInfoViewController.m */; };
		63C7FC3F24878E8E009C0070 /* PLVLiveInfo.bundle in Resources */ = {isa = PBXBuildFile; fileRef = 63C7FBBA24878E8D009C0070 /* PLVLiveInfo.bundle */; };
		63C7FC4024878E8E009C0070 /* PLVRewardDisplayTask.m in Sources */ = {isa = PBXBuildFile; fileRef = 63C7FBBE24878E8D009C0070 /* PLVRewardDisplayTask.m */; };
		63C7FC4124878E8E009C0070 /* PLVReward.bundle in Resources */ = {isa = PBXBuildFile; fileRef = 63C7FBBF24878E8D009C0070 /* PLVReward.bundle */; };
		63C7FC4224878E8E009C0070 /* PLVRewardGoodsModel.m in Sources */ = {isa = PBXBuildFile; fileRef = 63C7FBC124878E8D009C0070 /* PLVRewardGoodsModel.m */; };
		63C7FC4324878E8E009C0070 /* PLVRewardDisplayView.m in Sources */ = {isa = PBXBuildFile; fileRef = 63C7FBC424878E8D009C0070 /* PLVRewardDisplayView.m */; };
		63C7FC4424878E8E009C0070 /* PLVGiveRewardGoodsButton.m in Sources */ = {isa = PBXBuildFile; fileRef = 63C7FBC524878E8D009C0070 /* PLVGiveRewardGoodsButton.m */; };
		63C7FC4524878E8E009C0070 /* PLVGiveRewardView.m in Sources */ = {isa = PBXBuildFile; fileRef = 63C7FBC624878E8D009C0070 /* PLVGiveRewardView.m */; };
		63C7FC4624878E8E009C0070 /* PLVRewardDisplayManager.m in Sources */ = {isa = PBXBuildFile; fileRef = 63C7FBCB24878E8D009C0070 /* PLVRewardDisplayManager.m */; };
		63C7FC4724878E8E009C0070 /* PLVChatPlaybackController+DataProcessing.m in Sources */ = {isa = PBXBuildFile; fileRef = 63C7FBCD24878E8D009C0070 /* PLVChatPlaybackController+DataProcessing.m */; };
		63C7FC4824878E8E009C0070 /* PLVChatPlaybackController.m in Sources */ = {isa = PBXBuildFile; fileRef = 63C7FBCE24878E8D009C0070 /* PLVChatPlaybackController.m */; };
		63C7FC4924878E8E009C0070 /* PLVChatPlaybackModel.m in Sources */ = {isa = PBXBuildFile; fileRef = 63C7FBD124878E8D009C0070 /* PLVChatPlaybackModel.m */; };
		63C7FC4A24878E8E009C0070 /* PLVChatroomCell.m in Sources */ = {isa = PBXBuildFile; fileRef = 63C7FBD724878E8D009C0070 /* PLVChatroomCell.m */; };
		63C7FC4B24878E8E009C0070 /* PLVChatTextView.m in Sources */ = {isa = PBXBuildFile; fileRef = 63C7FBD924878E8D009C0070 /* PLVChatTextView.m */; };
		63C7FC4C24878E8E009C0070 /* PLVChatroomCustomKouCell.m in Sources */ = {isa = PBXBuildFile; fileRef = 63C7FBDB24878E8D009C0070 /* PLVChatroomCustomKouCell.m */; };
		63C7FC4D24878E8E009C0070 /* PLVChatroomController.m in Sources */ = {isa = PBXBuildFile; fileRef = 63C7FBDC24878E8D009C0070 /* PLVChatroomController.m */; };
		63C7FC4E24878E8E009C0070 /* PLVChatroomCustomModel.m in Sources */ = {isa = PBXBuildFile; fileRef = 63C7FBE024878E8D009C0070 /* PLVChatroomCustomModel.m */; };
		63C7FC4F24878E8E009C0070 /* PLVChatroomModel.m in Sources */ = {isa = PBXBuildFile; fileRef = 63C7FBE324878E8D009C0070 /* PLVChatroomModel.m */; };
		63C7FC5024878E8E009C0070 /* PLVChatroomCustomKouModel.m in Sources */ = {isa = PBXBuildFile; fileRef = 63C7FBE424878E8D009C0070 /* PLVChatroomCustomKouModel.m */; };
		63C7FC5124878E8E009C0070 /* PLVChatroomQueue.m in Sources */ = {isa = PBXBuildFile; fileRef = 63C7FBE624878E8D009C0070 /* PLVChatroomQueue.m */; };
		63C7FC5224878E8E009C0070 /* PLVChatroom.bundle in Resources */ = {isa = PBXBuildFile; fileRef = 63C7FBE724878E8D009C0070 /* PLVChatroom.bundle */; };
		63C7FC5324878E8E009C0070 /* PLVChatroomManager.m in Sources */ = {isa = PBXBuildFile; fileRef = 63C7FBE924878E8D009C0070 /* PLVChatroomManager.m */; };
		63C7FC5424878E8E009C0070 /* PLVBaseMedia.bundle in Resources */ = {isa = PBXBuildFile; fileRef = 63C7FBEB24878E8D009C0070 /* PLVBaseMedia.bundle */; };
		63C7FC5524878E8E009C0070 /* PLVPPTVodMediaViewController.m in Sources */ = {isa = PBXBuildFile; fileRef = 63C7FBED24878E8D009C0070 /* PLVPPTVodMediaViewController.m */; };
		63C7FC5624878E8E009C0070 /* PLVNormalVodMediaViewController.m in Sources */ = {isa = PBXBuildFile; fileRef = 63C7FBEF24878E8D009C0070 /* PLVNormalVodMediaViewController.m */; };
		63C7FC5724878E8E009C0070 /* PLVPPTLiveMediaViewController.m in Sources */ = {isa = PBXBuildFile; fileRef = 63C7FBF024878E8D009C0070 /* PLVPPTLiveMediaViewController.m */; };
		63C7FC5824878E8E009C0070 /* PLVNormalLiveMediaViewController.m in Sources */ = {isa = PBXBuildFile; fileRef = 63C7FBF124878E8D009C0070 /* PLVNormalLiveMediaViewController.m */; };
		63C7FC5924878E8E009C0070 /* PLVBaseMediaViewController+Vod.m in Sources */ = {isa = PBXBuildFile; fileRef = 63C7FBF724878E8D009C0070 /* PLVBaseMediaViewController+Vod.m */; };
		63C7FC5A24878E8E009C0070 /* PLVBaseMediaViewController+Live.m in Sources */ = {isa = PBXBuildFile; fileRef = 63C7FBFB24878E8D009C0070 /* PLVBaseMediaViewController+Live.m */; };
		63C7FC5B24878E8E009C0070 /* PLVBaseMediaViewController+PPT.m in Sources */ = {isa = PBXBuildFile; fileRef = 63C7FBFF24878E8D009C0070 /* PLVBaseMediaViewController+PPT.m */; };
		63C7FC5C24878E8E009C0070 /* PLVBaseMediaViewController.m in Sources */ = {isa = PBXBuildFile; fileRef = 63C7FC0224878E8D009C0070 /* PLVBaseMediaViewController.m */; };
		63C7FC5D24878E8E009C0070 /* PLVPlayerSkin.bundle in Resources */ = {isa = PBXBuildFile; fileRef = 63C7FC0624878E8D009C0070 /* PLVPlayerSkin.bundle */; };
		63C7FC5E24878E8E009C0070 /* PLVPlayerSkinView.m in Sources */ = {isa = PBXBuildFile; fileRef = 63C7FC0724878E8D009C0070 /* PLVPlayerSkinView.m */; };
		63C7FC5F24878E8E009C0070 /* PLVPlayerSkinMoreView.m in Sources */ = {isa = PBXBuildFile; fileRef = 63C7FC0824878E8D009C0070 /* PLVPlayerSkinMoreView.m */; };
		63C7FC6024878E8E009C0070 /* PLVBrightnessView.m in Sources */ = {isa = PBXBuildFile; fileRef = 63C7FC0B24878E8D009C0070 /* PLVBrightnessView.m */; };
		63C7FC6124878E8E009C0070 /* PLVPlayerSkinAudioModeView.m in Sources */ = {isa = PBXBuildFile; fileRef = 63C7FC0C24878E8D009C0070 /* PLVPlayerSkinAudioModeView.m */; };
		63C7FC6224878E8E009C0070 /* PLVMediaSecondaryView.m in Sources */ = {isa = PBXBuildFile; fileRef = 63C7FC1024878E8D009C0070 /* PLVMediaSecondaryView.m */; };
		63C7FC6324878E8E009C0070 /* PLVPlayerInputView.m in Sources */ = {isa = PBXBuildFile; fileRef = 63C7FC1124878E8D009C0070 /* PLVPlayerInputView.m */; };
		67CE6C5724513B63004CFF5D /* Settings.bundle in Resources */ = {isa = PBXBuildFile; fileRef = 67CE6C5624513B63004CFF5D /* Settings.bundle */; };
/* End PBXBuildFile section */

/* Begin PBXFileReference section */
		00F4DF9E24B5B2BD00FC1032 /* PLVChatroomReplyBubble.h */ = {isa = PBXFileReference; lastKnownFileType = sourcecode.c.h; path = PLVChatroomReplyBubble.h; sourceTree = "<group>"; };
		00F4DF9F24B5B2BD00FC1032 /* PLVChatroomReplyBubble.m */ = {isa = PBXFileReference; lastKnownFileType = sourcecode.c.objc; path = PLVChatroomReplyBubble.m; sourceTree = "<group>"; };
		04DE7A1C24CED79700A85EFB /* plv_clear@3x.png */ = {isa = PBXFileReference; lastKnownFileType = image.png; path = "plv_clear@3x.png"; sourceTree = "<group>"; };
		04DE7A1D24CED79700A85EFB /* plv_logo@3x.png */ = {isa = PBXFileReference; lastKnownFileType = image.png; path = "plv_logo@3x.png"; sourceTree = "<group>"; };
		04DE7A1E24CED79700A85EFB /* plv_clear@2x.png */ = {isa = PBXFileReference; lastKnownFileType = image.png; path = "plv_clear@2x.png"; sourceTree = "<group>"; };
		04DE7A1F24CED79700A85EFB /* plv_logo@2x.png */ = {isa = PBXFileReference; lastKnownFileType = image.png; path = "plv_logo@2x.png"; sourceTree = "<group>"; };
		07E29607B5FE3094D8131647 /* Pods-PolyvCloudClassDemo.debug.xcconfig */ = {isa = PBXFileReference; includeInIndex = 1; lastKnownFileType = text.xcconfig; name = "Pods-PolyvCloudClassDemo.debug.xcconfig"; path = "Pods/Target Support Files/Pods-PolyvCloudClassDemo/Pods-PolyvCloudClassDemo.debug.xcconfig"; sourceTree = "<group>"; };
		22142F4F2113094100062C6E /* PolyvCloudClassDemo.app */ = {isa = PBXFileReference; explicitFileType = wrapper.application; includeInIndex = 0; path = PolyvCloudClassDemo.app; sourceTree = BUILT_PRODUCTS_DIR; };
		22142F522113094100062C6E /* AppDelegate.h */ = {isa = PBXFileReference; lastKnownFileType = sourcecode.c.h; path = AppDelegate.h; sourceTree = "<group>"; };
		22142F532113094100062C6E /* AppDelegate.m */ = {isa = PBXFileReference; lastKnownFileType = sourcecode.c.objc; path = AppDelegate.m; sourceTree = "<group>"; };
		22142F5B2113094200062C6E /* Assets.xcassets */ = {isa = PBXFileReference; lastKnownFileType = folder.assetcatalog; path = Assets.xcassets; sourceTree = "<group>"; };
		22142F602113094200062C6E /* Info.plist */ = {isa = PBXFileReference; lastKnownFileType = text.plist.xml; path = Info.plist; sourceTree = "<group>"; };
		22142F612113094200062C6E /* main.m */ = {isa = PBXFileReference; lastKnownFileType = sourcecode.c.objc; path = main.m; sourceTree = "<group>"; };
		221AD3CB211A86C3000A423A /* PLVLoginViewController.m */ = {isa = PBXFileReference; fileEncoding = 4; lastKnownFileType = sourcecode.c.objc; path = PLVLoginViewController.m; sourceTree = "<group>"; };
		221AD3CD211A86C3000A423A /* Base */ = {isa = PBXFileReference; lastKnownFileType = file.storyboard; name = Base; path = Base.lproj/Main.storyboard; sourceTree = "<group>"; };
		221AD3CE211A86C3000A423A /* PLVLoginViewController.h */ = {isa = PBXFileReference; fileEncoding = 4; lastKnownFileType = sourcecode.c.h; path = PLVLoginViewController.h; sourceTree = "<group>"; };
		229F827221C79C6500446B9A /* PolyvBusinessSDK.framework */ = {isa = PBXFileReference; explicitFileType = wrapper.framework; path = PolyvBusinessSDK.framework; sourceTree = BUILT_PRODUCTS_DIR; };
		229F827421C79C6500446B9A /* PolyvCloudClassSDK.framework */ = {isa = PBXFileReference; explicitFileType = wrapper.framework; path = PolyvCloudClassSDK.framework; sourceTree = BUILT_PRODUCTS_DIR; };
		229F827621C79C6500446B9A /* PolyvFoundationSDK.framework */ = {isa = PBXFileReference; explicitFileType = wrapper.framework; path = PolyvFoundationSDK.framework; sourceTree = BUILT_PRODUCTS_DIR; };
		337B9B2EFB94B7084528F3CD /* Pods-business-cloudClass-PolyvCloudClassDemo.debug.xcconfig */ = {isa = PBXFileReference; includeInIndex = 1; lastKnownFileType = text.xcconfig; name = "Pods-business-cloudClass-PolyvCloudClassDemo.debug.xcconfig"; path = "Pods/Target Support Files/Pods-business-cloudClass-PolyvCloudClassDemo/Pods-business-cloudClass-PolyvCloudClassDemo.debug.xcconfig"; sourceTree = "<group>"; };
		4838A4655D4B6EA2685A4D5C /* Pods-common-PolyvCloudClassDemo.debug.xcconfig */ = {isa = PBXFileReference; includeInIndex = 1; lastKnownFileType = text.xcconfig; name = "Pods-common-PolyvCloudClassDemo.debug.xcconfig"; path = "Pods/Target Support Files/Pods-common-PolyvCloudClassDemo/Pods-common-PolyvCloudClassDemo.debug.xcconfig"; sourceTree = "<group>"; };
		6311CE0B2462718B00AB6D51 /* PLVBaseNavigationController.h */ = {isa = PBXFileReference; lastKnownFileType = sourcecode.c.h; path = PLVBaseNavigationController.h; sourceTree = "<group>"; };
		6311CE0C2462718B00AB6D51 /* PLVBaseNavigationController.m */ = {isa = PBXFileReference; lastKnownFileType = sourcecode.c.objc; path = PLVBaseNavigationController.m; sourceTree = "<group>"; };
		63C7FB4F24878E8D009C0070 /* ZJZDanMuDefine.h */ = {isa = PBXFileReference; fileEncoding = 4; lastKnownFileType = sourcecode.c.h; path = ZJZDanMuDefine.h; sourceTree = "<group>"; };
		63C7FB5024878E8D009C0070 /* ZJZDanMu.m */ = {isa = PBXFileReference; fileEncoding = 4; lastKnownFileType = sourcecode.c.objc; path = ZJZDanMu.m; sourceTree = "<group>"; };
		63C7FB5124878E8D009C0070 /* ZJZDanMuLabel.h */ = {isa = PBXFileReference; fileEncoding = 4; lastKnownFileType = sourcecode.c.h; path = ZJZDanMuLabel.h; sourceTree = "<group>"; };
		63C7FB5224878E8D009C0070 /* ZJZDanMuLabel.m */ = {isa = PBXFileReference; fileEncoding = 4; lastKnownFileType = sourcecode.c.objc; path = ZJZDanMuLabel.m; sourceTree = "<group>"; };
		63C7FB5324878E8D009C0070 /* ZJZDanMu.h */ = {isa = PBXFileReference; fileEncoding = 4; lastKnownFileType = sourcecode.c.h; path = ZJZDanMu.h; sourceTree = "<group>"; };
		63C7FB5524878E8D009C0070 /* FTPageController.h */ = {isa = PBXFileReference; fileEncoding = 4; lastKnownFileType = sourcecode.c.h; path = FTPageController.h; sourceTree = "<group>"; };
		63C7FB5624878E8D009C0070 /* FTPageController.m */ = {isa = PBXFileReference; fileEncoding = 4; lastKnownFileType = sourcecode.c.objc; path = FTPageController.m; sourceTree = "<group>"; };
		63C7FB5824878E8D009C0070 /* FTTitleViewCell.m */ = {isa = PBXFileReference; fileEncoding = 4; lastKnownFileType = sourcecode.c.objc; path = FTTitleViewCell.m; sourceTree = "<group>"; };
		63C7FB5924878E8D009C0070 /* FTTitleViewCell.h */ = {isa = PBXFileReference; fileEncoding = 4; lastKnownFileType = sourcecode.c.h; path = FTTitleViewCell.h; sourceTree = "<group>"; };
		63C7FB5B24878E8D009C0070 /* PLVPhotoBrowser.m */ = {isa = PBXFileReference; fileEncoding = 4; lastKnownFileType = sourcecode.c.objc; path = PLVPhotoBrowser.m; sourceTree = "<group>"; };
		63C7FB5C24878E8D009C0070 /* PLVPhotoBrowser.bundle */ = {isa = PBXFileReference; lastKnownFileType = "wrapper.plug-in"; path = PLVPhotoBrowser.bundle; sourceTree = "<group>"; };
		63C7FB5D24878E8D009C0070 /* PLVPhotoBrowser.h */ = {isa = PBXFileReference; fileEncoding = 4; lastKnownFileType = sourcecode.c.h; path = PLVPhotoBrowser.h; sourceTree = "<group>"; };
		63C7FB6124878E8D009C0070 /* MarqueeLabel.m */ = {isa = PBXFileReference; fileEncoding = 4; lastKnownFileType = sourcecode.c.objc; path = MarqueeLabel.m; sourceTree = "<group>"; };
		63C7FB6224878E8D009C0070 /* MarqueeLabel.h */ = {isa = PBXFileReference; fileEncoding = 4; lastKnownFileType = sourcecode.c.h; path = MarqueeLabel.h; sourceTree = "<group>"; };
		63C7FB6424878E8D009C0070 /* PLVTextInputView.m */ = {isa = PBXFileReference; fileEncoding = 4; lastKnownFileType = sourcecode.c.objc; path = PLVTextInputView.m; sourceTree = "<group>"; };
		63C7FB6624878E8D009C0070 /* PLVKeyboardTool.h */ = {isa = PBXFileReference; fileEncoding = 4; lastKnownFileType = sourcecode.c.h; path = PLVKeyboardTool.h; sourceTree = "<group>"; };
		63C7FB6724878E8D009C0070 /* PLVFaceView.m */ = {isa = PBXFileReference; fileEncoding = 4; lastKnownFileType = sourcecode.c.objc; path = PLVFaceView.m; sourceTree = "<group>"; };
		63C7FB6824878E8D009C0070 /* PLVFacialView.m */ = {isa = PBXFileReference; fileEncoding = 4; lastKnownFileType = sourcecode.c.objc; path = PLVFacialView.m; sourceTree = "<group>"; };
		63C7FB6924878E8D009C0070 /* PLVEmojiManager.h */ = {isa = PBXFileReference; fileEncoding = 4; lastKnownFileType = sourcecode.c.h; path = PLVEmojiManager.h; sourceTree = "<group>"; };
		63C7FB6A24878E8D009C0070 /* PLVKeyboardMoreView.h */ = {isa = PBXFileReference; fileEncoding = 4; lastKnownFileType = sourcecode.c.h; path = PLVKeyboardMoreView.h; sourceTree = "<group>"; };
		63C7FB6B24878E8D009C0070 /* PLVFacialView.h */ = {isa = PBXFileReference; fileEncoding = 4; lastKnownFileType = sourcecode.c.h; path = PLVFacialView.h; sourceTree = "<group>"; };
		63C7FB6C24878E8D009C0070 /* PLVFaceView.h */ = {isa = PBXFileReference; fileEncoding = 4; lastKnownFileType = sourcecode.c.h; path = PLVFaceView.h; sourceTree = "<group>"; };
		63C7FB6D24878E8D009C0070 /* PLVKeyboardTool.m */ = {isa = PBXFileReference; fileEncoding = 4; lastKnownFileType = sourcecode.c.objc; path = PLVKeyboardTool.m; sourceTree = "<group>"; };
		63C7FB6E24878E8D009C0070 /* PLVEmojiManager.m */ = {isa = PBXFileReference; fileEncoding = 4; lastKnownFileType = sourcecode.c.objc; path = PLVEmojiManager.m; sourceTree = "<group>"; };
		63C7FB6F24878E8D009C0070 /* PLVKeyboardMoreView.m */ = {isa = PBXFileReference; fileEncoding = 4; lastKnownFileType = sourcecode.c.objc; path = PLVKeyboardMoreView.m; sourceTree = "<group>"; };
		63C7FB7024878E8D009C0070 /* PLVTextInputView.h */ = {isa = PBXFileReference; fileEncoding = 4; lastKnownFileType = sourcecode.c.h; path = PLVTextInputView.h; sourceTree = "<group>"; };
		63C7FB7224878E8D009C0070 /* Emotion.bundle */ = {isa = PBXFileReference; lastKnownFileType = "wrapper.plug-in"; path = Emotion.bundle; sourceTree = "<group>"; };
		63C7FB7324878E8D009C0070 /* PLVKeyboardSkin.bundle */ = {isa = PBXFileReference; lastKnownFileType = "wrapper.plug-in"; path = PLVKeyboardSkin.bundle; sourceTree = "<group>"; };
		63C7FB7424878E8D009C0070 /* Emotions.plist */ = {isa = PBXFileReference; fileEncoding = 4; lastKnownFileType = text.plist.xml; path = Emotions.plist; sourceTree = "<group>"; };
		63C7FB7724878E8D009C0070 /* MyTool.m */ = {isa = PBXFileReference; fileEncoding = 4; lastKnownFileType = sourcecode.c.objc; path = MyTool.m; sourceTree = "<group>"; };
		63C7FB7824878E8D009C0070 /* SDWebImageDecoder.m */ = {isa = PBXFileReference; fileEncoding = 4; lastKnownFileType = sourcecode.c.objc; path = SDWebImageDecoder.m; sourceTree = "<group>"; };
		63C7FB7924878E8D009C0070 /* MyTool.h */ = {isa = PBXFileReference; fileEncoding = 4; lastKnownFileType = sourcecode.c.h; path = MyTool.h; sourceTree = "<group>"; };
		63C7FB7A24878E8D009C0070 /* ZPicDefine.h */ = {isa = PBXFileReference; fileEncoding = 4; lastKnownFileType = sourcecode.c.h; path = ZPicDefine.h; sourceTree = "<group>"; };
		63C7FB7B24878E8D009C0070 /* SDWebImageDecoder.h */ = {isa = PBXFileReference; fileEncoding = 4; lastKnownFileType = sourcecode.c.h; path = SDWebImageDecoder.h; sourceTree = "<group>"; };
		63C7FB7D24878E8D009C0070 /* ZImageInfo.m */ = {isa = PBXFileReference; fileEncoding = 4; lastKnownFileType = sourcecode.c.objc; path = ZImageInfo.m; sourceTree = "<group>"; };
		63C7FB7E24878E8D009C0070 /* ZAlbumInfo.m */ = {isa = PBXFileReference; fileEncoding = 4; lastKnownFileType = sourcecode.c.objc; path = ZAlbumInfo.m; sourceTree = "<group>"; };
		63C7FB7F24878E8D009C0070 /* ZImageInfo.h */ = {isa = PBXFileReference; fileEncoding = 4; lastKnownFileType = sourcecode.c.h; path = ZImageInfo.h; sourceTree = "<group>"; };
		63C7FB8024878E8D009C0070 /* ZAlbumInfo.h */ = {isa = PBXFileReference; fileEncoding = 4; lastKnownFileType = sourcecode.c.h; path = ZAlbumInfo.h; sourceTree = "<group>"; };
		63C7FB8224878E8D009C0070 /* ZPhotoPreViewController.h */ = {isa = PBXFileReference; fileEncoding = 4; lastKnownFileType = sourcecode.c.h; path = ZPhotoPreViewController.h; sourceTree = "<group>"; };
		63C7FB8324878E8D009C0070 /* ZViewController.m */ = {isa = PBXFileReference; fileEncoding = 4; lastKnownFileType = sourcecode.c.objc; path = ZViewController.m; sourceTree = "<group>"; };
		63C7FB8424878E8D009C0070 /* PLVCameraViewController.m */ = {isa = PBXFileReference; fileEncoding = 4; lastKnownFileType = sourcecode.c.objc; path = PLVCameraViewController.m; sourceTree = "<group>"; };
		63C7FB8524878E8D009C0070 /* ZPickerController.m */ = {isa = PBXFileReference; fileEncoding = 4; lastKnownFileType = sourcecode.c.objc; path = ZPickerController.m; sourceTree = "<group>"; };
		63C7FB8624878E8D009C0070 /* ZNavigationController.m */ = {isa = PBXFileReference; fileEncoding = 4; lastKnownFileType = sourcecode.c.objc; path = ZNavigationController.m; sourceTree = "<group>"; };
		63C7FB8724878E8D009C0070 /* ZAlbumsViewController.m */ = {isa = PBXFileReference; fileEncoding = 4; lastKnownFileType = sourcecode.c.objc; path = ZAlbumsViewController.m; sourceTree = "<group>"; };
		63C7FB8824878E8D009C0070 /* ZViewController.h */ = {isa = PBXFileReference; fileEncoding = 4; lastKnownFileType = sourcecode.c.h; path = ZViewController.h; sourceTree = "<group>"; };
		63C7FB8924878E8D009C0070 /* ZPhotoPreViewController.m */ = {isa = PBXFileReference; fileEncoding = 4; lastKnownFileType = sourcecode.c.objc; path = ZPhotoPreViewController.m; sourceTree = "<group>"; };
		63C7FB8A24878E8D009C0070 /* PLVCameraViewController.h */ = {isa = PBXFileReference; fileEncoding = 4; lastKnownFileType = sourcecode.c.h; path = PLVCameraViewController.h; sourceTree = "<group>"; };
		63C7FB8B24878E8D009C0070 /* ZNavigationController.h */ = {isa = PBXFileReference; fileEncoding = 4; lastKnownFileType = sourcecode.c.h; path = ZNavigationController.h; sourceTree = "<group>"; };
		63C7FB8C24878E8D009C0070 /* ZPickerController.h */ = {isa = PBXFileReference; fileEncoding = 4; lastKnownFileType = sourcecode.c.h; path = ZPickerController.h; sourceTree = "<group>"; };
		63C7FB8D24878E8D009C0070 /* ZAlbumsViewController.h */ = {isa = PBXFileReference; fileEncoding = 4; lastKnownFileType = sourcecode.c.h; path = ZAlbumsViewController.h; sourceTree = "<group>"; };
		63C7FB8F24878E8D009C0070 /* ZPreCollectionViewCell.m */ = {isa = PBXFileReference; fileEncoding = 4; lastKnownFileType = sourcecode.c.objc; path = ZPreCollectionViewCell.m; sourceTree = "<group>"; };
		63C7FB9024878E8D009C0070 /* ZPhotoCollectionFooterView.h */ = {isa = PBXFileReference; fileEncoding = 4; lastKnownFileType = sourcecode.c.h; path = ZPhotoCollectionFooterView.h; sourceTree = "<group>"; };
		63C7FB9124878E8D009C0070 /* ZPhotoCollectionViewCell.m */ = {isa = PBXFileReference; fileEncoding = 4; lastKnownFileType = sourcecode.c.objc; path = ZPhotoCollectionViewCell.m; sourceTree = "<group>"; };
		63C7FB9224878E8D009C0070 /* ZAlbumTableViewCell.h */ = {isa = PBXFileReference; fileEncoding = 4; lastKnownFileType = sourcecode.c.h; path = ZAlbumTableViewCell.h; sourceTree = "<group>"; };
		63C7FB9324878E8D009C0070 /* ZPreCollectionViewCell.h */ = {isa = PBXFileReference; fileEncoding = 4; lastKnownFileType = sourcecode.c.h; path = ZPreCollectionViewCell.h; sourceTree = "<group>"; };
		63C7FB9424878E8D009C0070 /* ZPhotoCollectionViewCell.h */ = {isa = PBXFileReference; fileEncoding = 4; lastKnownFileType = sourcecode.c.h; path = ZPhotoCollectionViewCell.h; sourceTree = "<group>"; };
		63C7FB9524878E8D009C0070 /* ZPhotoCollectionFooterView.m */ = {isa = PBXFileReference; fileEncoding = 4; lastKnownFileType = sourcecode.c.objc; path = ZPhotoCollectionFooterView.m; sourceTree = "<group>"; };
		63C7FB9624878E8D009C0070 /* ZAlbumTableViewCell.m */ = {isa = PBXFileReference; fileEncoding = 4; lastKnownFileType = sourcecode.c.objc; path = ZAlbumTableViewCell.m; sourceTree = "<group>"; };
		63C7FB9724878E8D009C0070 /* PLVAlbum.bundle */ = {isa = PBXFileReference; lastKnownFileType = "wrapper.plug-in"; path = PLVAlbum.bundle; sourceTree = "<group>"; };
		63C7FB9924878E8D009C0070 /* PCCUtils.h */ = {isa = PBXFileReference; fileEncoding = 4; lastKnownFileType = sourcecode.c.h; path = PCCUtils.h; sourceTree = "<group>"; };
		63C7FB9A24878E8D009C0070 /* PCCUtils.m */ = {isa = PBXFileReference; fileEncoding = 4; lastKnownFileType = sourcecode.c.objc; path = PCCUtils.m; sourceTree = "<group>"; };
		63C7FB9C24878E8D009C0070 /* PLVVodViewController.h */ = {isa = PBXFileReference; fileEncoding = 4; lastKnownFileType = sourcecode.c.h; path = PLVVodViewController.h; sourceTree = "<group>"; };
		63C7FB9D24878E8D009C0070 /* PLVLiveViewController.m */ = {isa = PBXFileReference; fileEncoding = 4; lastKnownFileType = sourcecode.c.objc; path = PLVLiveViewController.m; sourceTree = "<group>"; };
		63C7FB9E24878E8D009C0070 /* PLVVodViewController.m */ = {isa = PBXFileReference; fileEncoding = 4; lastKnownFileType = sourcecode.c.objc; path = PLVVodViewController.m; sourceTree = "<group>"; };
		63C7FB9F24878E8D009C0070 /* PLVLiveViewController.h */ = {isa = PBXFileReference; fileEncoding = 4; lastKnownFileType = sourcecode.c.h; path = PLVLiveViewController.h; sourceTree = "<group>"; };
		63C7FBA224878E8D009C0070 /* PLVLinkMicController.h */ = {isa = PBXFileReference; fileEncoding = 4; lastKnownFileType = sourcecode.c.h; path = PLVLinkMicController.h; sourceTree = "<group>"; };
		63C7FBA324878E8D009C0070 /* PLVCircleProgressView.m */ = {isa = PBXFileReference; fileEncoding = 4; lastKnownFileType = sourcecode.c.objc; path = PLVCircleProgressView.m; sourceTree = "<group>"; };
		63C7FBA424878E8D009C0070 /* PLVLinkMicView.m */ = {isa = PBXFileReference; fileEncoding = 4; lastKnownFileType = sourcecode.c.objc; path = PLVLinkMicView.m; sourceTree = "<group>"; };
		63C7FBA524878E8D009C0070 /* PLVLinkMicPenView.h */ = {isa = PBXFileReference; fileEncoding = 4; lastKnownFileType = sourcecode.c.h; path = PLVLinkMicPenView.h; sourceTree = "<group>"; };
		63C7FBA624878E8D009C0070 /* PLVLinkMic.bundle */ = {isa = PBXFileReference; lastKnownFileType = "wrapper.plug-in"; path = PLVLinkMic.bundle; sourceTree = "<group>"; };
		63C7FBA724878E8D009C0070 /* PLVLinkMicController.m */ = {isa = PBXFileReference; fileEncoding = 4; lastKnownFileType = sourcecode.c.objc; path = PLVLinkMicController.m; sourceTree = "<group>"; };
		63C7FBA824878E8D009C0070 /* PLVLinkMicPenView.m */ = {isa = PBXFileReference; fileEncoding = 4; lastKnownFileType = sourcecode.c.objc; path = PLVLinkMicPenView.m; sourceTree = "<group>"; };
		63C7FBA924878E8D009C0070 /* PLVLinkMicView.h */ = {isa = PBXFileReference; fileEncoding = 4; lastKnownFileType = sourcecode.c.h; path = PLVLinkMicView.h; sourceTree = "<group>"; };
		63C7FBAA24878E8D009C0070 /* PLVCircleProgressView.h */ = {isa = PBXFileReference; fileEncoding = 4; lastKnownFileType = sourcecode.c.h; path = PLVCircleProgressView.h; sourceTree = "<group>"; };
		63C7FBAD24878E8D009C0070 /* PLVChatCell.m */ = {isa = PBXFileReference; fileEncoding = 4; lastKnownFileType = sourcecode.c.objc; path = PLVChatCell.m; sourceTree = "<group>"; };
		63C7FBAE24878E8D009C0070 /* PLVBaseCell.h */ = {isa = PBXFileReference; fileEncoding = 4; lastKnownFileType = sourcecode.c.h; path = PLVBaseCell.h; sourceTree = "<group>"; };
		63C7FBAF24878E8D009C0070 /* PLVBaseCell.m */ = {isa = PBXFileReference; fileEncoding = 4; lastKnownFileType = sourcecode.c.objc; path = PLVBaseCell.m; sourceTree = "<group>"; };
		63C7FBB024878E8D009C0070 /* PLVChatCell.h */ = {isa = PBXFileReference; fileEncoding = 4; lastKnownFileType = sourcecode.c.h; path = PLVChatCell.h; sourceTree = "<group>"; };
		63C7FBB124878E8D009C0070 /* PLVTableViewController.m */ = {isa = PBXFileReference; fileEncoding = 4; lastKnownFileType = sourcecode.c.objc; path = PLVTableViewController.m; sourceTree = "<group>"; };
		63C7FBB324878E8D009C0070 /* PLVCellModel.m */ = {isa = PBXFileReference; fileEncoding = 4; lastKnownFileType = sourcecode.c.objc; path = PLVCellModel.m; sourceTree = "<group>"; };
		63C7FBB424878E8D009C0070 /* PLVChatModel.h */ = {isa = PBXFileReference; fileEncoding = 4; lastKnownFileType = sourcecode.c.h; path = PLVChatModel.h; sourceTree = "<group>"; };
		63C7FBB524878E8D009C0070 /* PLVCellModel.h */ = {isa = PBXFileReference; fileEncoding = 4; lastKnownFileType = sourcecode.c.h; path = PLVCellModel.h; sourceTree = "<group>"; };
		63C7FBB624878E8D009C0070 /* PLVChatModel.m */ = {isa = PBXFileReference; fileEncoding = 4; lastKnownFileType = sourcecode.c.objc; path = PLVChatModel.m; sourceTree = "<group>"; };
		63C7FBB724878E8D009C0070 /* PLVTableViewController.h */ = {isa = PBXFileReference; fileEncoding = 4; lastKnownFileType = sourcecode.c.h; path = PLVTableViewController.h; sourceTree = "<group>"; };
		63C7FBB924878E8D009C0070 /* PLVLiveInfoViewController.m */ = {isa = PBXFileReference; fileEncoding = 4; lastKnownFileType = sourcecode.c.objc; path = PLVLiveInfoViewController.m; sourceTree = "<group>"; };
		63C7FBBA24878E8D009C0070 /* PLVLiveInfo.bundle */ = {isa = PBXFileReference; lastKnownFileType = "wrapper.plug-in"; path = PLVLiveInfo.bundle; sourceTree = "<group>"; };
		63C7FBBB24878E8D009C0070 /* PLVLiveInfoViewController.h */ = {isa = PBXFileReference; fileEncoding = 4; lastKnownFileType = sourcecode.c.h; path = PLVLiveInfoViewController.h; sourceTree = "<group>"; };
		63C7FBBD24878E8D009C0070 /* PLVRewardDisplayManager.h */ = {isa = PBXFileReference; fileEncoding = 4; lastKnownFileType = sourcecode.c.h; path = PLVRewardDisplayManager.h; sourceTree = "<group>"; };
		63C7FBBE24878E8D009C0070 /* PLVRewardDisplayTask.m */ = {isa = PBXFileReference; fileEncoding = 4; lastKnownFileType = sourcecode.c.objc; path = PLVRewardDisplayTask.m; sourceTree = "<group>"; };
		63C7FBBF24878E8D009C0070 /* PLVReward.bundle */ = {isa = PBXFileReference; lastKnownFileType = "wrapper.plug-in"; path = PLVReward.bundle; sourceTree = "<group>"; };
		63C7FBC124878E8D009C0070 /* PLVRewardGoodsModel.m */ = {isa = PBXFileReference; fileEncoding = 4; lastKnownFileType = sourcecode.c.objc; path = PLVRewardGoodsModel.m; sourceTree = "<group>"; };
		63C7FBC224878E8D009C0070 /* PLVRewardGoodsModel.h */ = {isa = PBXFileReference; fileEncoding = 4; lastKnownFileType = sourcecode.c.h; path = PLVRewardGoodsModel.h; sourceTree = "<group>"; };
		63C7FBC424878E8D009C0070 /* PLVRewardDisplayView.m */ = {isa = PBXFileReference; fileEncoding = 4; lastKnownFileType = sourcecode.c.objc; path = PLVRewardDisplayView.m; sourceTree = "<group>"; };
		63C7FBC524878E8D009C0070 /* PLVGiveRewardGoodsButton.m */ = {isa = PBXFileReference; fileEncoding = 4; lastKnownFileType = sourcecode.c.objc; path = PLVGiveRewardGoodsButton.m; sourceTree = "<group>"; };
		63C7FBC624878E8D009C0070 /* PLVGiveRewardView.m */ = {isa = PBXFileReference; fileEncoding = 4; lastKnownFileType = sourcecode.c.objc; path = PLVGiveRewardView.m; sourceTree = "<group>"; };
		63C7FBC724878E8D009C0070 /* PLVRewardDisplayView.h */ = {isa = PBXFileReference; fileEncoding = 4; lastKnownFileType = sourcecode.c.h; path = PLVRewardDisplayView.h; sourceTree = "<group>"; };
		63C7FBC824878E8D009C0070 /* PLVGiveRewardGoodsButton.h */ = {isa = PBXFileReference; fileEncoding = 4; lastKnownFileType = sourcecode.c.h; path = PLVGiveRewardGoodsButton.h; sourceTree = "<group>"; };
		63C7FBC924878E8D009C0070 /* PLVGiveRewardView.h */ = {isa = PBXFileReference; fileEncoding = 4; lastKnownFileType = sourcecode.c.h; path = PLVGiveRewardView.h; sourceTree = "<group>"; };
		63C7FBCA24878E8D009C0070 /* PLVRewardDisplayTask.h */ = {isa = PBXFileReference; fileEncoding = 4; lastKnownFileType = sourcecode.c.h; path = PLVRewardDisplayTask.h; sourceTree = "<group>"; };
		63C7FBCB24878E8D009C0070 /* PLVRewardDisplayManager.m */ = {isa = PBXFileReference; fileEncoding = 4; lastKnownFileType = sourcecode.c.objc; path = PLVRewardDisplayManager.m; sourceTree = "<group>"; };
		63C7FBCD24878E8D009C0070 /* PLVChatPlaybackController+DataProcessing.m */ = {isa = PBXFileReference; fileEncoding = 4; lastKnownFileType = sourcecode.c.objc; path = "PLVChatPlaybackController+DataProcessing.m"; sourceTree = "<group>"; };
		63C7FBCE24878E8D009C0070 /* PLVChatPlaybackController.m */ = {isa = PBXFileReference; fileEncoding = 4; lastKnownFileType = sourcecode.c.objc; path = PLVChatPlaybackController.m; sourceTree = "<group>"; };
		63C7FBCF24878E8D009C0070 /* PLVChatPlaybackController.h */ = {isa = PBXFileReference; fileEncoding = 4; lastKnownFileType = sourcecode.c.h; path = PLVChatPlaybackController.h; sourceTree = "<group>"; };
		63C7FBD124878E8D009C0070 /* PLVChatPlaybackModel.m */ = {isa = PBXFileReference; fileEncoding = 4; lastKnownFileType = sourcecode.c.objc; path = PLVChatPlaybackModel.m; sourceTree = "<group>"; };
		63C7FBD224878E8D009C0070 /* PLVChatPlaybackModel.h */ = {isa = PBXFileReference; fileEncoding = 4; lastKnownFileType = sourcecode.c.h; path = PLVChatPlaybackModel.h; sourceTree = "<group>"; };
		63C7FBD424878E8D009C0070 /* PLVChatroomQueue.h */ = {isa = PBXFileReference; fileEncoding = 4; lastKnownFileType = sourcecode.c.h; path = PLVChatroomQueue.h; sourceTree = "<group>"; };
		63C7FBD624878E8D009C0070 /* PLVChatTextView.h */ = {isa = PBXFileReference; fileEncoding = 4; lastKnownFileType = sourcecode.c.h; path = PLVChatTextView.h; sourceTree = "<group>"; };
		63C7FBD724878E8D009C0070 /* PLVChatroomCell.m */ = {isa = PBXFileReference; fileEncoding = 4; lastKnownFileType = sourcecode.c.objc; path = PLVChatroomCell.m; sourceTree = "<group>"; };
		63C7FBD824878E8D009C0070 /* PLVChatroomCustomKouCell.h */ = {isa = PBXFileReference; fileEncoding = 4; lastKnownFileType = sourcecode.c.h; path = PLVChatroomCustomKouCell.h; sourceTree = "<group>"; };
		63C7FBD924878E8D009C0070 /* PLVChatTextView.m */ = {isa = PBXFileReference; fileEncoding = 4; lastKnownFileType = sourcecode.c.objc; path = PLVChatTextView.m; sourceTree = "<group>"; };
		63C7FBDA24878E8D009C0070 /* PLVChatroomCell.h */ = {isa = PBXFileReference; fileEncoding = 4; lastKnownFileType = sourcecode.c.h; path = PLVChatroomCell.h; sourceTree = "<group>"; };
		63C7FBDB24878E8D009C0070 /* PLVChatroomCustomKouCell.m */ = {isa = PBXFileReference; fileEncoding = 4; lastKnownFileType = sourcecode.c.objc; path = PLVChatroomCustomKouCell.m; sourceTree = "<group>"; };
		63C7FBDC24878E8D009C0070 /* PLVChatroomController.m */ = {isa = PBXFileReference; fileEncoding = 4; lastKnownFileType = sourcecode.c.objc; path = PLVChatroomController.m; sourceTree = "<group>"; };
		63C7FBDD24878E8D009C0070 /* PLVChatroomManager.h */ = {isa = PBXFileReference; fileEncoding = 4; lastKnownFileType = sourcecode.c.h; path = PLVChatroomManager.h; sourceTree = "<group>"; };
		63C7FBDF24878E8D009C0070 /* PLVChatroomModel.h */ = {isa = PBXFileReference; fileEncoding = 4; lastKnownFileType = sourcecode.c.h; path = PLVChatroomModel.h; sourceTree = "<group>"; };
		63C7FBE024878E8D009C0070 /* PLVChatroomCustomModel.m */ = {isa = PBXFileReference; fileEncoding = 4; lastKnownFileType = sourcecode.c.objc; path = PLVChatroomCustomModel.m; sourceTree = "<group>"; };
		63C7FBE124878E8D009C0070 /* PLVChatroomCustomKouModel.h */ = {isa = PBXFileReference; fileEncoding = 4; lastKnownFileType = sourcecode.c.h; path = PLVChatroomCustomKouModel.h; sourceTree = "<group>"; };
		63C7FBE224878E8D009C0070 /* PLVChatroomCustomModel.h */ = {isa = PBXFileReference; fileEncoding = 4; lastKnownFileType = sourcecode.c.h; path = PLVChatroomCustomModel.h; sourceTree = "<group>"; };
		63C7FBE324878E8D009C0070 /* PLVChatroomModel.m */ = {isa = PBXFileReference; fileEncoding = 4; lastKnownFileType = sourcecode.c.objc; path = PLVChatroomModel.m; sourceTree = "<group>"; };
		63C7FBE424878E8D009C0070 /* PLVChatroomCustomKouModel.m */ = {isa = PBXFileReference; fileEncoding = 4; lastKnownFileType = sourcecode.c.objc; path = PLVChatroomCustomKouModel.m; sourceTree = "<group>"; };
		63C7FBE524878E8D009C0070 /* PLVChatroomDefine.h */ = {isa = PBXFileReference; fileEncoding = 4; lastKnownFileType = sourcecode.c.h; path = PLVChatroomDefine.h; sourceTree = "<group>"; };
		63C7FBE624878E8D009C0070 /* PLVChatroomQueue.m */ = {isa = PBXFileReference; fileEncoding = 4; lastKnownFileType = sourcecode.c.objc; path = PLVChatroomQueue.m; sourceTree = "<group>"; };
		63C7FBE724878E8D009C0070 /* PLVChatroom.bundle */ = {isa = PBXFileReference; lastKnownFileType = "wrapper.plug-in"; path = PLVChatroom.bundle; sourceTree = "<group>"; };
		63C7FBE824878E8D009C0070 /* PLVChatroomController.h */ = {isa = PBXFileReference; fileEncoding = 4; lastKnownFileType = sourcecode.c.h; path = PLVChatroomController.h; sourceTree = "<group>"; };
		63C7FBE924878E8D009C0070 /* PLVChatroomManager.m */ = {isa = PBXFileReference; fileEncoding = 4; lastKnownFileType = sourcecode.c.objc; path = PLVChatroomManager.m; sourceTree = "<group>"; };
		63C7FBEB24878E8D009C0070 /* PLVBaseMedia.bundle */ = {isa = PBXFileReference; lastKnownFileType = "wrapper.plug-in"; path = PLVBaseMedia.bundle; sourceTree = "<group>"; };
		63C7FBED24878E8D009C0070 /* PLVPPTVodMediaViewController.m */ = {isa = PBXFileReference; fileEncoding = 4; lastKnownFileType = sourcecode.c.objc; path = PLVPPTVodMediaViewController.m; sourceTree = "<group>"; };
		63C7FBEE24878E8D009C0070 /* PLVNormalLiveMediaViewController.h */ = {isa = PBXFileReference; fileEncoding = 4; lastKnownFileType = sourcecode.c.h; path = PLVNormalLiveMediaViewController.h; sourceTree = "<group>"; };
		63C7FBEF24878E8D009C0070 /* PLVNormalVodMediaViewController.m */ = {isa = PBXFileReference; fileEncoding = 4; lastKnownFileType = sourcecode.c.objc; path = PLVNormalVodMediaViewController.m; sourceTree = "<group>"; };
		63C7FBF024878E8D009C0070 /* PLVPPTLiveMediaViewController.m */ = {isa = PBXFileReference; fileEncoding = 4; lastKnownFileType = sourcecode.c.objc; path = PLVPPTLiveMediaViewController.m; sourceTree = "<group>"; };
		63C7FBF124878E8D009C0070 /* PLVNormalLiveMediaViewController.m */ = {isa = PBXFileReference; fileEncoding = 4; lastKnownFileType = sourcecode.c.objc; path = PLVNormalLiveMediaViewController.m; sourceTree = "<group>"; };
		63C7FBF224878E8D009C0070 /* PLVPPTVodMediaViewController.h */ = {isa = PBXFileReference; fileEncoding = 4; lastKnownFileType = sourcecode.c.h; path = PLVPPTVodMediaViewController.h; sourceTree = "<group>"; };
		63C7FBF324878E8D009C0070 /* PLVPPTLiveMediaViewController.h */ = {isa = PBXFileReference; fileEncoding = 4; lastKnownFileType = sourcecode.c.h; path = PLVPPTLiveMediaViewController.h; sourceTree = "<group>"; };
		63C7FBF524878E8D009C0070 /* PLVBaseMediaViewController.h */ = {isa = PBXFileReference; fileEncoding = 4; lastKnownFileType = sourcecode.c.h; path = PLVBaseMediaViewController.h; sourceTree = "<group>"; };
		63C7FBF724878E8D009C0070 /* PLVBaseMediaViewController+Vod.m */ = {isa = PBXFileReference; fileEncoding = 4; lastKnownFileType = sourcecode.c.objc; path = "PLVBaseMediaViewController+Vod.m"; sourceTree = "<group>"; };
		63C7FBF824878E8D009C0070 /* PLVVodMediaProtocol.h */ = {isa = PBXFileReference; fileEncoding = 4; lastKnownFileType = sourcecode.c.h; path = PLVVodMediaProtocol.h; sourceTree = "<group>"; };
		63C7FBF924878E8D009C0070 /* PLVBaseMediaViewController+Vod.h */ = {isa = PBXFileReference; fileEncoding = 4; lastKnownFileType = sourcecode.c.h; path = "PLVBaseMediaViewController+Vod.h"; sourceTree = "<group>"; };
		63C7FBFB24878E8D009C0070 /* PLVBaseMediaViewController+Live.m */ = {isa = PBXFileReference; fileEncoding = 4; lastKnownFileType = sourcecode.c.objc; path = "PLVBaseMediaViewController+Live.m"; sourceTree = "<group>"; };
		63C7FBFC24878E8D009C0070 /* PLVLiveMediaProtocol.h */ = {isa = PBXFileReference; fileEncoding = 4; lastKnownFileType = sourcecode.c.h; path = PLVLiveMediaProtocol.h; sourceTree = "<group>"; };
		63C7FBFD24878E8D009C0070 /* PLVBaseMediaViewController+Live.h */ = {isa = PBXFileReference; fileEncoding = 4; lastKnownFileType = sourcecode.c.h; path = "PLVBaseMediaViewController+Live.h"; sourceTree = "<group>"; };
		63C7FBFF24878E8D009C0070 /* PLVBaseMediaViewController+PPT.m */ = {isa = PBXFileReference; fileEncoding = 4; lastKnownFileType = sourcecode.c.objc; path = "PLVBaseMediaViewController+PPT.m"; sourceTree = "<group>"; };
		63C7FC0024878E8D009C0070 /* PLVPPTMediaProtocol.h */ = {isa = PBXFileReference; fileEncoding = 4; lastKnownFileType = sourcecode.c.h; path = PLVPPTMediaProtocol.h; sourceTree = "<group>"; };
		63C7FC0124878E8D009C0070 /* PLVBaseMediaViewController+PPT.h */ = {isa = PBXFileReference; fileEncoding = 4; lastKnownFileType = sourcecode.c.h; path = "PLVBaseMediaViewController+PPT.h"; sourceTree = "<group>"; };
		63C7FC0224878E8D009C0070 /* PLVBaseMediaViewController.m */ = {isa = PBXFileReference; fileEncoding = 4; lastKnownFileType = sourcecode.c.objc; path = PLVBaseMediaViewController.m; sourceTree = "<group>"; };
		63C7FC0324878E8D009C0070 /* PLVNormalVodMediaViewController.h */ = {isa = PBXFileReference; fileEncoding = 4; lastKnownFileType = sourcecode.c.h; path = PLVNormalVodMediaViewController.h; sourceTree = "<group>"; };
		63C7FC0524878E8D009C0070 /* PLVPlayerSkinAudioModeView.h */ = {isa = PBXFileReference; fileEncoding = 4; lastKnownFileType = sourcecode.c.h; path = PLVPlayerSkinAudioModeView.h; sourceTree = "<group>"; };
		63C7FC0624878E8D009C0070 /* PLVPlayerSkin.bundle */ = {isa = PBXFileReference; lastKnownFileType = "wrapper.plug-in"; path = PLVPlayerSkin.bundle; sourceTree = "<group>"; };
		63C7FC0724878E8D009C0070 /* PLVPlayerSkinView.m */ = {isa = PBXFileReference; fileEncoding = 4; lastKnownFileType = sourcecode.c.objc; path = PLVPlayerSkinView.m; sourceTree = "<group>"; };
		63C7FC0824878E8D009C0070 /* PLVPlayerSkinMoreView.m */ = {isa = PBXFileReference; fileEncoding = 4; lastKnownFileType = sourcecode.c.objc; path = PLVPlayerSkinMoreView.m; sourceTree = "<group>"; };
		63C7FC0924878E8D009C0070 /* PLVPlayerInputView.h */ = {isa = PBXFileReference; fileEncoding = 4; lastKnownFileType = sourcecode.c.h; path = PLVPlayerInputView.h; sourceTree = "<group>"; };
		63C7FC0A24878E8D009C0070 /* PLVMediaSecondaryView.h */ = {isa = PBXFileReference; fileEncoding = 4; lastKnownFileType = sourcecode.c.h; path = PLVMediaSecondaryView.h; sourceTree = "<group>"; };
		63C7FC0B24878E8D009C0070 /* PLVBrightnessView.m */ = {isa = PBXFileReference; fileEncoding = 4; lastKnownFileType = sourcecode.c.objc; path = PLVBrightnessView.m; sourceTree = "<group>"; };
		63C7FC0C24878E8D009C0070 /* PLVPlayerSkinAudioModeView.m */ = {isa = PBXFileReference; fileEncoding = 4; lastKnownFileType = sourcecode.c.objc; path = PLVPlayerSkinAudioModeView.m; sourceTree = "<group>"; };
		63C7FC0D24878E8D009C0070 /* PLVPlayerSkinMoreView.h */ = {isa = PBXFileReference; fileEncoding = 4; lastKnownFileType = sourcecode.c.h; path = PLVPlayerSkinMoreView.h; sourceTree = "<group>"; };
		63C7FC0E24878E8D009C0070 /* PLVPlayerSkinView.h */ = {isa = PBXFileReference; fileEncoding = 4; lastKnownFileType = sourcecode.c.h; path = PLVPlayerSkinView.h; sourceTree = "<group>"; };
		63C7FC0F24878E8D009C0070 /* PLVBrightnessView.h */ = {isa = PBXFileReference; fileEncoding = 4; lastKnownFileType = sourcecode.c.h; path = PLVBrightnessView.h; sourceTree = "<group>"; };
		63C7FC1024878E8D009C0070 /* PLVMediaSecondaryView.m */ = {isa = PBXFileReference; fileEncoding = 4; lastKnownFileType = sourcecode.c.objc; path = PLVMediaSecondaryView.m; sourceTree = "<group>"; };
		63C7FC1124878E8D009C0070 /* PLVPlayerInputView.m */ = {isa = PBXFileReference; fileEncoding = 4; lastKnownFileType = sourcecode.c.objc; path = PLVPlayerInputView.m; sourceTree = "<group>"; };
		67CE6C5624513B63004CFF5D /* Settings.bundle */ = {isa = PBXFileReference; lastKnownFileType = "wrapper.plug-in"; path = Settings.bundle; sourceTree = "<group>"; };
		7DE2F91846E9E5A421F4F06D /* Pods-common-PolyvCloudClassDemo.release.xcconfig */ = {isa = PBXFileReference; includeInIndex = 1; lastKnownFileType = text.xcconfig; name = "Pods-common-PolyvCloudClassDemo.release.xcconfig"; path = "Pods/Target Support Files/Pods-common-PolyvCloudClassDemo/Pods-common-PolyvCloudClassDemo.release.xcconfig"; sourceTree = "<group>"; };
		A3211725223B6ED7551DBB2E /* Pods-business-cloudClass-PolyvCloudClassDemo.release.xcconfig */ = {isa = PBXFileReference; includeInIndex = 1; lastKnownFileType = text.xcconfig; name = "Pods-business-cloudClass-PolyvCloudClassDemo.release.xcconfig"; path = "Pods/Target Support Files/Pods-business-cloudClass-PolyvCloudClassDemo/Pods-business-cloudClass-PolyvCloudClassDemo.release.xcconfig"; sourceTree = "<group>"; };
		B06169596654856DABAB8966 /* Pods-common-sdk_common-PolyvCloudClassDemo.release.xcconfig */ = {isa = PBXFileReference; includeInIndex = 1; lastKnownFileType = text.xcconfig; name = "Pods-common-sdk_common-PolyvCloudClassDemo.release.xcconfig"; path = "Pods/Target Support Files/Pods-common-sdk_common-PolyvCloudClassDemo/Pods-common-sdk_common-PolyvCloudClassDemo.release.xcconfig"; sourceTree = "<group>"; };
		C0118F4B9DFD3E696C667A66 /* Pods_PolyvCloudClassDemo.framework */ = {isa = PBXFileReference; explicitFileType = wrapper.framework; includeInIndex = 0; path = Pods_PolyvCloudClassDemo.framework; sourceTree = BUILT_PRODUCTS_DIR; };
		C2716024BD92EBE895549D1E /* Pods-PolyvCloudClassDemo.release.xcconfig */ = {isa = PBXFileReference; includeInIndex = 1; lastKnownFileType = text.xcconfig; name = "Pods-PolyvCloudClassDemo.release.xcconfig"; path = "Pods/Target Support Files/Pods-PolyvCloudClassDemo/Pods-PolyvCloudClassDemo.release.xcconfig"; sourceTree = "<group>"; };
		DFDCCFFD5A59384128F9572A /* Pods-common-sdk_common-PolyvCloudClassDemo.debug.xcconfig */ = {isa = PBXFileReference; includeInIndex = 1; lastKnownFileType = text.xcconfig; name = "Pods-common-sdk_common-PolyvCloudClassDemo.debug.xcconfig"; path = "Pods/Target Support Files/Pods-common-sdk_common-PolyvCloudClassDemo/Pods-common-sdk_common-PolyvCloudClassDemo.debug.xcconfig"; sourceTree = "<group>"; };
/* End PBXFileReference section */

/* Begin PBXFrameworksBuildPhase section */
		22142F4C2113094100062C6E /* Frameworks */ = {
			isa = PBXFrameworksBuildPhase;
			buildActionMask = 2147483647;
			files = (
				229F827321C79C6500446B9A /* PolyvBusinessSDK.framework in Frameworks */,
				229F827521C79C6500446B9A /* PolyvCloudClassSDK.framework in Frameworks */,
				229F827721C79C6500446B9A /* PolyvFoundationSDK.framework in Frameworks */,
				11A5774411053E107539054A /* Pods_PolyvCloudClassDemo.framework in Frameworks */,
			);
			runOnlyForDeploymentPostprocessing = 0;
		};
/* End PBXFrameworksBuildPhase section */

/* Begin PBXGroup section */
		22142F462113094100062C6E = {
			isa = PBXGroup;
			children = (
				22142F512113094100062C6E /* PolyvCloudClassDemo */,
				22142F502113094100062C6E /* Products */,
				AB0E412E19A1496BAD99BFDC /* Pods */,
				8F0F50E05503F0F99A6A8D07 /* Frameworks */,
			);
			sourceTree = "<group>";
		};
		22142F502113094100062C6E /* Products */ = {
			isa = PBXGroup;
			children = (
				22142F4F2113094100062C6E /* PolyvCloudClassDemo.app */,
			);
			name = Products;
			sourceTree = "<group>";
		};
		22142F512113094100062C6E /* PolyvCloudClassDemo */ = {
			isa = PBXGroup;
			children = (
				22142F522113094100062C6E /* AppDelegate.h */,
				22142F532113094100062C6E /* AppDelegate.m */,
				221AD3CA211A86C3000A423A /* Login */,
				63C7FB4C24878E8D009C0070 /* PolyvCloudClassUICode */,
				672D7CE6212D774700974886 /* Supporting Files */,
			);
			path = PolyvCloudClassDemo;
			sourceTree = "<group>";
		};
		221AD3CA211A86C3000A423A /* Login */ = {
			isa = PBXGroup;
			children = (
				22BF123B21816B54006127FD /* resource */,
				221AD3CE211A86C3000A423A /* PLVLoginViewController.h */,
				221AD3CB211A86C3000A423A /* PLVLoginViewController.m */,
				6311CE0B2462718B00AB6D51 /* PLVBaseNavigationController.h */,
				6311CE0C2462718B00AB6D51 /* PLVBaseNavigationController.m */,
				221AD3CC211A86C3000A423A /* Main.storyboard */,
			);
			path = Login;
			sourceTree = "<group>";
		};
		22BF123B21816B54006127FD /* resource */ = {
			isa = PBXGroup;
			children = (
				04DE7A1E24CED79700A85EFB /* plv_clear@2x.png */,
				04DE7A1C24CED79700A85EFB /* plv_clear@3x.png */,
				04DE7A1F24CED79700A85EFB /* plv_logo@2x.png */,
				04DE7A1D24CED79700A85EFB /* plv_logo@3x.png */,
			);
			path = resource;
			sourceTree = "<group>";
		};
		63C7FB4C24878E8D009C0070 /* PolyvCloudClassUICode */ = {
			isa = PBXGroup;
			children = (
				63C7FB4D24878E8D009C0070 /* Library */,
				63C7FB9824878E8D009C0070 /* Utils */,
				63C7FB9B24878E8D009C0070 /* Watch */,
			);
			path = PolyvCloudClassUICode;
			sourceTree = "<group>";
		};
		63C7FB4D24878E8D009C0070 /* Library */ = {
			isa = PBXGroup;
			children = (
				63C7FB5424878E8D009C0070 /* FTPageController */,
				63C7FB5E24878E8D009C0070 /* MarqueeLabel */,
				63C7FB7524878E8D009C0070 /* PLVAlbum */,
				63C7FB6324878E8D009C0070 /* PLVKeyboard */,
				63C7FB5A24878E8D009C0070 /* PLVPhotoBrowser */,
				63C7FB4E24878E8D009C0070 /* ZJZDanMu */,
			);
			path = Library;
			sourceTree = "<group>";
		};
		63C7FB4E24878E8D009C0070 /* ZJZDanMu */ = {
			isa = PBXGroup;
			children = (
				63C7FB5324878E8D009C0070 /* ZJZDanMu.h */,
				63C7FB5024878E8D009C0070 /* ZJZDanMu.m */,
				63C7FB4F24878E8D009C0070 /* ZJZDanMuDefine.h */,
				63C7FB5124878E8D009C0070 /* ZJZDanMuLabel.h */,
				63C7FB5224878E8D009C0070 /* ZJZDanMuLabel.m */,
			);
			path = ZJZDanMu;
			sourceTree = "<group>";
		};
		63C7FB5424878E8D009C0070 /* FTPageController */ = {
			isa = PBXGroup;
			children = (
				63C7FB5524878E8D009C0070 /* FTPageController.h */,
				63C7FB5624878E8D009C0070 /* FTPageController.m */,
				63C7FB5724878E8D009C0070 /* views */,
			);
			path = FTPageController;
			sourceTree = "<group>";
		};
		63C7FB5724878E8D009C0070 /* views */ = {
			isa = PBXGroup;
			children = (
				63C7FB5924878E8D009C0070 /* FTTitleViewCell.h */,
				63C7FB5824878E8D009C0070 /* FTTitleViewCell.m */,
			);
			path = views;
			sourceTree = "<group>";
		};
		63C7FB5A24878E8D009C0070 /* PLVPhotoBrowser */ = {
			isa = PBXGroup;
			children = (
				63C7FB5C24878E8D009C0070 /* PLVPhotoBrowser.bundle */,
				63C7FB5D24878E8D009C0070 /* PLVPhotoBrowser.h */,
				63C7FB5B24878E8D009C0070 /* PLVPhotoBrowser.m */,
			);
			path = PLVPhotoBrowser;
			sourceTree = "<group>";
		};
		63C7FB5E24878E8D009C0070 /* MarqueeLabel */ = {
			isa = PBXGroup;
			children = (
				63C7FB5F24878E8D009C0070 /* Sources */,
			);
			path = MarqueeLabel;
			sourceTree = "<group>";
		};
		63C7FB5F24878E8D009C0070 /* Sources */ = {
			isa = PBXGroup;
			children = (
				63C7FB6024878E8D009C0070 /* ObjC */,
			);
			path = Sources;
			sourceTree = "<group>";
		};
		63C7FB6024878E8D009C0070 /* ObjC */ = {
			isa = PBXGroup;
			children = (
				63C7FB6224878E8D009C0070 /* MarqueeLabel.h */,
				63C7FB6124878E8D009C0070 /* MarqueeLabel.m */,
			);
			path = ObjC;
			sourceTree = "<group>";
		};
		63C7FB6324878E8D009C0070 /* PLVKeyboard */ = {
			isa = PBXGroup;
			children = (
				63C7FB6524878E8D009C0070 /* FaceVIew */,
				63C7FB7024878E8D009C0070 /* PLVTextInputView.h */,
				63C7FB6424878E8D009C0070 /* PLVTextInputView.m */,
				63C7FB7124878E8D009C0070 /* resource */,
			);
			path = PLVKeyboard;
			sourceTree = "<group>";
		};
		63C7FB6524878E8D009C0070 /* FaceVIew */ = {
			isa = PBXGroup;
			children = (
				63C7FB6924878E8D009C0070 /* PLVEmojiManager.h */,
				63C7FB6E24878E8D009C0070 /* PLVEmojiManager.m */,
				63C7FB6C24878E8D009C0070 /* PLVFaceView.h */,
				63C7FB6724878E8D009C0070 /* PLVFaceView.m */,
				63C7FB6B24878E8D009C0070 /* PLVFacialView.h */,
				63C7FB6824878E8D009C0070 /* PLVFacialView.m */,
				63C7FB6A24878E8D009C0070 /* PLVKeyboardMoreView.h */,
				63C7FB6F24878E8D009C0070 /* PLVKeyboardMoreView.m */,
				63C7FB6624878E8D009C0070 /* PLVKeyboardTool.h */,
				63C7FB6D24878E8D009C0070 /* PLVKeyboardTool.m */,
			);
			path = FaceVIew;
			sourceTree = "<group>";
		};
		63C7FB7124878E8D009C0070 /* resource */ = {
			isa = PBXGroup;
			children = (
				63C7FB7224878E8D009C0070 /* Emotion.bundle */,
				63C7FB7424878E8D009C0070 /* Emotions.plist */,
				63C7FB7324878E8D009C0070 /* PLVKeyboardSkin.bundle */,
			);
			path = resource;
			sourceTree = "<group>";
		};
		63C7FB7524878E8D009C0070 /* PLVAlbum */ = {
			isa = PBXGroup;
			children = (
				63C7FB8124878E8D009C0070 /* Controller */,
				63C7FB7C24878E8D009C0070 /* models */,
				63C7FB9724878E8D009C0070 /* PLVAlbum.bundle */,
				63C7FB7624878E8D009C0070 /* tools */,
				63C7FB8E24878E8D009C0070 /* View */,
			);
			path = PLVAlbum;
			sourceTree = "<group>";
		};
		63C7FB7624878E8D009C0070 /* tools */ = {
			isa = PBXGroup;
			children = (
				63C7FB7924878E8D009C0070 /* MyTool.h */,
				63C7FB7724878E8D009C0070 /* MyTool.m */,
				63C7FB7B24878E8D009C0070 /* SDWebImageDecoder.h */,
				63C7FB7824878E8D009C0070 /* SDWebImageDecoder.m */,
				63C7FB7A24878E8D009C0070 /* ZPicDefine.h */,
			);
			path = tools;
			sourceTree = "<group>";
		};
		63C7FB7C24878E8D009C0070 /* models */ = {
			isa = PBXGroup;
			children = (
				63C7FB8024878E8D009C0070 /* ZAlbumInfo.h */,
				63C7FB7E24878E8D009C0070 /* ZAlbumInfo.m */,
				63C7FB7F24878E8D009C0070 /* ZImageInfo.h */,
				63C7FB7D24878E8D009C0070 /* ZImageInfo.m */,
			);
			path = models;
			sourceTree = "<group>";
		};
		63C7FB8124878E8D009C0070 /* Controller */ = {
			isa = PBXGroup;
			children = (
				63C7FB8A24878E8D009C0070 /* PLVCameraViewController.h */,
				63C7FB8424878E8D009C0070 /* PLVCameraViewController.m */,
				63C7FB8D24878E8D009C0070 /* ZAlbumsViewController.h */,
				63C7FB8724878E8D009C0070 /* ZAlbumsViewController.m */,
				63C7FB8B24878E8D009C0070 /* ZNavigationController.h */,
				63C7FB8624878E8D009C0070 /* ZNavigationController.m */,
				63C7FB8224878E8D009C0070 /* ZPhotoPreViewController.h */,
				63C7FB8924878E8D009C0070 /* ZPhotoPreViewController.m */,
				63C7FB8C24878E8D009C0070 /* ZPickerController.h */,
				63C7FB8524878E8D009C0070 /* ZPickerController.m */,
				63C7FB8824878E8D009C0070 /* ZViewController.h */,
				63C7FB8324878E8D009C0070 /* ZViewController.m */,
			);
			path = Controller;
			sourceTree = "<group>";
		};
		63C7FB8E24878E8D009C0070 /* View */ = {
			isa = PBXGroup;
			children = (
				63C7FB9224878E8D009C0070 /* ZAlbumTableViewCell.h */,
				63C7FB9624878E8D009C0070 /* ZAlbumTableViewCell.m */,
				63C7FB9024878E8D009C0070 /* ZPhotoCollectionFooterView.h */,
				63C7FB9524878E8D009C0070 /* ZPhotoCollectionFooterView.m */,
				63C7FB9424878E8D009C0070 /* ZPhotoCollectionViewCell.h */,
				63C7FB9124878E8D009C0070 /* ZPhotoCollectionViewCell.m */,
				63C7FB9324878E8D009C0070 /* ZPreCollectionViewCell.h */,
				63C7FB8F24878E8D009C0070 /* ZPreCollectionViewCell.m */,
			);
			path = View;
			sourceTree = "<group>";
		};
		63C7FB9824878E8D009C0070 /* Utils */ = {
			isa = PBXGroup;
			children = (
				63C7FB9924878E8D009C0070 /* PCCUtils.h */,
				63C7FB9A24878E8D009C0070 /* PCCUtils.m */,
			);
			path = Utils;
			sourceTree = "<group>";
		};
		63C7FB9B24878E8D009C0070 /* Watch */ = {
			isa = PBXGroup;
			children = (
				63C7FBEA24878E8D009C0070 /* Media */,
				63C7FBA024878E8D009C0070 /* Modules */,
				63C7FB9F24878E8D009C0070 /* PLVLiveViewController.h */,
				63C7FB9D24878E8D009C0070 /* PLVLiveViewController.m */,
				63C7FB9C24878E8D009C0070 /* PLVVodViewController.h */,
				63C7FB9E24878E8D009C0070 /* PLVVodViewController.m */,
			);
			path = Watch;
			sourceTree = "<group>";
		};
		63C7FBA024878E8D009C0070 /* Modules */ = {
			isa = PBXGroup;
			children = (
				63C7FBCC24878E8D009C0070 /* ChatPlayback */,
				63C7FBBC24878E8D009C0070 /* ChatPointReward */,
				63C7FBD324878E8D009C0070 /* Chatroom */,
				63C7FBA124878E8D009C0070 /* LinkMic */,
				63C7FBB824878E8D009C0070 /* LiveInfo */,
				63C7FBAB24878E8D009C0070 /* TableView */,
			);
			path = Modules;
			sourceTree = "<group>";
		};
		63C7FBA124878E8D009C0070 /* LinkMic */ = {
			isa = PBXGroup;
			children = (
				63C7FBAA24878E8D009C0070 /* PLVCircleProgressView.h */,
				63C7FBA324878E8D009C0070 /* PLVCircleProgressView.m */,
				63C7FBA624878E8D009C0070 /* PLVLinkMic.bundle */,
				63C7FBA224878E8D009C0070 /* PLVLinkMicController.h */,
				63C7FBA724878E8D009C0070 /* PLVLinkMicController.m */,
				63C7FBA524878E8D009C0070 /* PLVLinkMicPenView.h */,
				63C7FBA824878E8D009C0070 /* PLVLinkMicPenView.m */,
				63C7FBA924878E8D009C0070 /* PLVLinkMicView.h */,
				63C7FBA424878E8D009C0070 /* PLVLinkMicView.m */,
			);
			path = LinkMic;
			sourceTree = "<group>";
		};
		63C7FBAB24878E8D009C0070 /* TableView */ = {
			isa = PBXGroup;
			children = (
				67C50BCC24F60313008EAF86 /* BaseCell */,
				67C50BCB24F60303008EAF86 /* BaseCellModel */,
				63C7FBAC24878E8D009C0070 /* Cells */,
				63C7FBB224878E8D009C0070 /* Models */,
				67C50BCD24F6035C008EAF86 /* Controller */,
			);
			path = TableView;
			sourceTree = "<group>";
		};
		63C7FBAC24878E8D009C0070 /* Cells */ = {
			isa = PBXGroup;
			children = (
				63C7FBB024878E8D009C0070 /* PLVChatCell.h */,
				63C7FBAD24878E8D009C0070 /* PLVChatCell.m */,
			);
			path = Cells;
			sourceTree = "<group>";
		};
		63C7FBB224878E8D009C0070 /* Models */ = {
			isa = PBXGroup;
			children = (
				63C7FBB424878E8D009C0070 /* PLVChatModel.h */,
				63C7FBB624878E8D009C0070 /* PLVChatModel.m */,
			);
			path = Models;
			sourceTree = "<group>";
		};
		63C7FBB824878E8D009C0070 /* LiveInfo */ = {
			isa = PBXGroup;
			children = (
				63C7FBBA24878E8D009C0070 /* PLVLiveInfo.bundle */,
				63C7FBBB24878E8D009C0070 /* PLVLiveInfoViewController.h */,
				63C7FBB924878E8D009C0070 /* PLVLiveInfoViewController.m */,
			);
			path = LiveInfo;
			sourceTree = "<group>";
		};
		63C7FBBC24878E8D009C0070 /* ChatPointReward */ = {
			isa = PBXGroup;
			children = (
				63C7FBC024878E8D009C0070 /* Model */,
				63C7FBBF24878E8D009C0070 /* PLVReward.bundle */,
				63C7FBBD24878E8D009C0070 /* PLVRewardDisplayManager.h */,
				63C7FBCB24878E8D009C0070 /* PLVRewardDisplayManager.m */,
				63C7FBCA24878E8D009C0070 /* PLVRewardDisplayTask.h */,
				63C7FBBE24878E8D009C0070 /* PLVRewardDisplayTask.m */,
				63C7FBC324878E8D009C0070 /* Views */,
			);
			path = ChatPointReward;
			sourceTree = "<group>";
		};
		63C7FBC024878E8D009C0070 /* Model */ = {
			isa = PBXGroup;
			children = (
				63C7FBC224878E8D009C0070 /* PLVRewardGoodsModel.h */,
				63C7FBC124878E8D009C0070 /* PLVRewardGoodsModel.m */,
			);
			path = Model;
			sourceTree = "<group>";
		};
		63C7FBC324878E8D009C0070 /* Views */ = {
			isa = PBXGroup;
			children = (
				63C7FBC824878E8D009C0070 /* PLVGiveRewardGoodsButton.h */,
				63C7FBC524878E8D009C0070 /* PLVGiveRewardGoodsButton.m */,
				63C7FBC924878E8D009C0070 /* PLVGiveRewardView.h */,
				63C7FBC624878E8D009C0070 /* PLVGiveRewardView.m */,
				63C7FBC724878E8D009C0070 /* PLVRewardDisplayView.h */,
				63C7FBC424878E8D009C0070 /* PLVRewardDisplayView.m */,
			);
			path = Views;
			sourceTree = "<group>";
		};
		63C7FBCC24878E8D009C0070 /* ChatPlayback */ = {
			isa = PBXGroup;
			children = (
				63C7FBD024878E8D009C0070 /* Model */,
				63C7FBCF24878E8D009C0070 /* PLVChatPlaybackController.h */,
				63C7FBCE24878E8D009C0070 /* PLVChatPlaybackController.m */,
				63C7FBCD24878E8D009C0070 /* PLVChatPlaybackController+DataProcessing.m */,
			);
			path = ChatPlayback;
			sourceTree = "<group>";
		};
		63C7FBD024878E8D009C0070 /* Model */ = {
			isa = PBXGroup;
			children = (
				63C7FBD224878E8D009C0070 /* PLVChatPlaybackModel.h */,
				63C7FBD124878E8D009C0070 /* PLVChatPlaybackModel.m */,
			);
			path = Model;
			sourceTree = "<group>";
		};
		63C7FBD324878E8D009C0070 /* Chatroom */ = {
			isa = PBXGroup;
			children = (
				63C7FBD524878E8D009C0070 /* Cells */,
				63C7FBDE24878E8D009C0070 /* Models */,
				63C7FBE724878E8D009C0070 /* PLVChatroom.bundle */,
				63C7FBE824878E8D009C0070 /* PLVChatroomController.h */,
				63C7FBDC24878E8D009C0070 /* PLVChatroomController.m */,
				63C7FBE524878E8D009C0070 /* PLVChatroomDefine.h */,
				63C7FBDD24878E8D009C0070 /* PLVChatroomManager.h */,
				63C7FBE924878E8D009C0070 /* PLVChatroomManager.m */,
				63C7FBD424878E8D009C0070 /* PLVChatroomQueue.h */,
				63C7FBE624878E8D009C0070 /* PLVChatroomQueue.m */,
			);
			path = Chatroom;
			sourceTree = "<group>";
		};
		63C7FBD524878E8D009C0070 /* Cells */ = {
			isa = PBXGroup;
			children = (
				63C7FBDA24878E8D009C0070 /* PLVChatroomCell.h */,
				63C7FBD724878E8D009C0070 /* PLVChatroomCell.m */,
				63C7FBD824878E8D009C0070 /* PLVChatroomCustomKouCell.h */,
				63C7FBDB24878E8D009C0070 /* PLVChatroomCustomKouCell.m */,
				63C7FBD624878E8D009C0070 /* PLVChatTextView.h */,
				63C7FBD924878E8D009C0070 /* PLVChatTextView.m */,
				00F4DF9E24B5B2BD00FC1032 /* PLVChatroomReplyBubble.h */,
				00F4DF9F24B5B2BD00FC1032 /* PLVChatroomReplyBubble.m */,
			);
			path = Cells;
			sourceTree = "<group>";
		};
		63C7FBDE24878E8D009C0070 /* Models */ = {
			isa = PBXGroup;
			children = (
				63C7FBE124878E8D009C0070 /* PLVChatroomCustomKouModel.h */,
				63C7FBE424878E8D009C0070 /* PLVChatroomCustomKouModel.m */,
				63C7FBE224878E8D009C0070 /* PLVChatroomCustomModel.h */,
				63C7FBE024878E8D009C0070 /* PLVChatroomCustomModel.m */,
				63C7FBDF24878E8D009C0070 /* PLVChatroomModel.h */,
				63C7FBE324878E8D009C0070 /* PLVChatroomModel.m */,
			);
			path = Models;
			sourceTree = "<group>";
		};
		63C7FBEA24878E8D009C0070 /* Media */ = {
			isa = PBXGroup;
			children = (
				63C7FBEC24878E8D009C0070 /* Controllers */,
				63C7FBEB24878E8D009C0070 /* PLVBaseMedia.bundle */,
				63C7FC0424878E8D009C0070 /* Views */,
			);
			path = Media;
			sourceTree = "<group>";
		};
		63C7FBEC24878E8D009C0070 /* Controllers */ = {
			isa = PBXGroup;
			children = (
				63C7FBF424878E8D009C0070 /* Base */,
				63C7FBEE24878E8D009C0070 /* PLVNormalLiveMediaViewController.h */,
				63C7FBF124878E8D009C0070 /* PLVNormalLiveMediaViewController.m */,
				63C7FC0324878E8D009C0070 /* PLVNormalVodMediaViewController.h */,
				63C7FBEF24878E8D009C0070 /* PLVNormalVodMediaViewController.m */,
				63C7FBF324878E8D009C0070 /* PLVPPTLiveMediaViewController.h */,
				63C7FBF024878E8D009C0070 /* PLVPPTLiveMediaViewController.m */,
				63C7FBF224878E8D009C0070 /* PLVPPTVodMediaViewController.h */,
				63C7FBED24878E8D009C0070 /* PLVPPTVodMediaViewController.m */,
			);
			path = Controllers;
			sourceTree = "<group>";
		};
		63C7FBF424878E8D009C0070 /* Base */ = {
			isa = PBXGroup;
			children = (
				63C7FBF524878E8D009C0070 /* PLVBaseMediaViewController.h */,
				63C7FC0224878E8D009C0070 /* PLVBaseMediaViewController.m */,
				63C7FBFA24878E8D009C0070 /* Live */,
				63C7FBFE24878E8D009C0070 /* PPT */,
				63C7FBF624878E8D009C0070 /* Vod */,
			);
			path = Base;
			sourceTree = "<group>";
		};
		63C7FBF624878E8D009C0070 /* Vod */ = {
			isa = PBXGroup;
			children = (
				63C7FBF924878E8D009C0070 /* PLVBaseMediaViewController+Vod.h */,
				63C7FBF724878E8D009C0070 /* PLVBaseMediaViewController+Vod.m */,
				63C7FBF824878E8D009C0070 /* PLVVodMediaProtocol.h */,
			);
			path = Vod;
			sourceTree = "<group>";
		};
		63C7FBFA24878E8D009C0070 /* Live */ = {
			isa = PBXGroup;
			children = (
				63C7FBFD24878E8D009C0070 /* PLVBaseMediaViewController+Live.h */,
				63C7FBFB24878E8D009C0070 /* PLVBaseMediaViewController+Live.m */,
				63C7FBFC24878E8D009C0070 /* PLVLiveMediaProtocol.h */,
			);
			path = Live;
			sourceTree = "<group>";
		};
		63C7FBFE24878E8D009C0070 /* PPT */ = {
			isa = PBXGroup;
			children = (
				63C7FC0124878E8D009C0070 /* PLVBaseMediaViewController+PPT.h */,
				63C7FBFF24878E8D009C0070 /* PLVBaseMediaViewController+PPT.m */,
				63C7FC0024878E8D009C0070 /* PLVPPTMediaProtocol.h */,
			);
			path = PPT;
			sourceTree = "<group>";
		};
		63C7FC0424878E8D009C0070 /* Views */ = {
			isa = PBXGroup;
			children = (
				63C7FC0F24878E8D009C0070 /* PLVBrightnessView.h */,
				63C7FC0B24878E8D009C0070 /* PLVBrightnessView.m */,
				63C7FC0A24878E8D009C0070 /* PLVMediaSecondaryView.h */,
				63C7FC1024878E8D009C0070 /* PLVMediaSecondaryView.m */,
				63C7FC0924878E8D009C0070 /* PLVPlayerInputView.h */,
				63C7FC1124878E8D009C0070 /* PLVPlayerInputView.m */,
				63C7FC0624878E8D009C0070 /* PLVPlayerSkin.bundle */,
				63C7FC0524878E8D009C0070 /* PLVPlayerSkinAudioModeView.h */,
				63C7FC0C24878E8D009C0070 /* PLVPlayerSkinAudioModeView.m */,
				63C7FC0D24878E8D009C0070 /* PLVPlayerSkinMoreView.h */,
				63C7FC0824878E8D009C0070 /* PLVPlayerSkinMoreView.m */,
				63C7FC0E24878E8D009C0070 /* PLVPlayerSkinView.h */,
				63C7FC0724878E8D009C0070 /* PLVPlayerSkinView.m */,
			);
			path = Views;
			sourceTree = "<group>";
		};
		672D7CE6212D774700974886 /* Supporting Files */ = {
			isa = PBXGroup;
			children = (
				22142F5B2113094200062C6E /* Assets.xcassets */,
				22142F602113094200062C6E /* Info.plist */,
				22142F612113094200062C6E /* main.m */,
				67CE6C5624513B63004CFF5D /* Settings.bundle */,
			);
			path = "Supporting Files";
			sourceTree = "<group>";
		};
		67C50BCB24F60303008EAF86 /* BaseCellModel */ = {
			isa = PBXGroup;
			children = (
				63C7FBB524878E8D009C0070 /* PLVCellModel.h */,
				63C7FBB324878E8D009C0070 /* PLVCellModel.m */,
			);
			path = BaseCellModel;
			sourceTree = "<group>";
		};
		67C50BCC24F60313008EAF86 /* BaseCell */ = {
			isa = PBXGroup;
			children = (
				63C7FBAE24878E8D009C0070 /* PLVBaseCell.h */,
				63C7FBAF24878E8D009C0070 /* PLVBaseCell.m */,
			);
			path = BaseCell;
			sourceTree = "<group>";
		};
		67C50BCD24F6035C008EAF86 /* Controller */ = {
			isa = PBXGroup;
			children = (
				63C7FBB724878E8D009C0070 /* PLVTableViewController.h */,
				63C7FBB124878E8D009C0070 /* PLVTableViewController.m */,
			);
			path = Controller;
			sourceTree = "<group>";
		};
		8F0F50E05503F0F99A6A8D07 /* Frameworks */ = {
			isa = PBXGroup;
			children = (
				229F827221C79C6500446B9A /* PolyvBusinessSDK.framework */,
				229F827421C79C6500446B9A /* PolyvCloudClassSDK.framework */,
				229F827621C79C6500446B9A /* PolyvFoundationSDK.framework */,
				C0118F4B9DFD3E696C667A66 /* Pods_PolyvCloudClassDemo.framework */,
			);
			name = Frameworks;
			sourceTree = "<group>";
		};
		AB0E412E19A1496BAD99BFDC /* Pods */ = {
			isa = PBXGroup;
			children = (
				07E29607B5FE3094D8131647 /* Pods-PolyvCloudClassDemo.debug.xcconfig */,
				C2716024BD92EBE895549D1E /* Pods-PolyvCloudClassDemo.release.xcconfig */,
				4838A4655D4B6EA2685A4D5C /* Pods-common-PolyvCloudClassDemo.debug.xcconfig */,
				7DE2F91846E9E5A421F4F06D /* Pods-common-PolyvCloudClassDemo.release.xcconfig */,
				DFDCCFFD5A59384128F9572A /* Pods-common-sdk_common-PolyvCloudClassDemo.debug.xcconfig */,
				B06169596654856DABAB8966 /* Pods-common-sdk_common-PolyvCloudClassDemo.release.xcconfig */,
				337B9B2EFB94B7084528F3CD /* Pods-business-cloudClass-PolyvCloudClassDemo.debug.xcconfig */,
				A3211725223B6ED7551DBB2E /* Pods-business-cloudClass-PolyvCloudClassDemo.release.xcconfig */,
			);
			name = Pods;
			sourceTree = "<group>";
		};
/* End PBXGroup section */

/* Begin PBXNativeTarget section */
		22142F4E2113094100062C6E /* PolyvCloudClassDemo */ = {
			isa = PBXNativeTarget;
			buildConfigurationList = 22142F652113094200062C6E /* Build configuration list for PBXNativeTarget "PolyvCloudClassDemo" */;
			buildPhases = (
				BF1994BA0FC7C1A048CCF17C /* [CP] Check Pods Manifest.lock */,
				22142F4B2113094100062C6E /* Sources */,
				22142F4C2113094100062C6E /* Frameworks */,
				22142F4D2113094100062C6E /* Resources */,
				4F3915C7676E0155566C1F51 /* [CP] Embed Pods Frameworks */,
			);
			buildRules = (
			);
			dependencies = (
			);
			name = PolyvCloudClassDemo;
			productName = PolyvCloudClassDemo;
			productReference = 22142F4F2113094100062C6E /* PolyvCloudClassDemo.app */;
			productType = "com.apple.product-type.application";
		};
/* End PBXNativeTarget section */

/* Begin PBXProject section */
		22142F472113094100062C6E /* Project object */ = {
			isa = PBXProject;
			attributes = {
				LastUpgradeCheck = 1000;
				ORGANIZATIONNAME = polyv;
				TargetAttributes = {
					22142F4E2113094100062C6E = {
						CreatedOnToolsVersion = 9.4.1;
						ProvisioningStyle = Automatic;
					};
				};
			};
			buildConfigurationList = 22142F4A2113094100062C6E /* Build configuration list for PBXProject "PolyvCloudClassDemo" */;
			compatibilityVersion = "Xcode 8.0";
			developmentRegion = en;
			hasScannedForEncodings = 0;
			knownRegions = (
				en,
				Base,
			);
			mainGroup = 22142F462113094100062C6E;
			productRefGroup = 22142F502113094100062C6E /* Products */;
			projectDirPath = "";
			projectRoot = "";
			targets = (
				22142F4E2113094100062C6E /* PolyvCloudClassDemo */,
			);
		};
/* End PBXProject section */

/* Begin PBXResourcesBuildPhase section */
		22142F4D2113094100062C6E /* Resources */ = {
			isa = PBXResourcesBuildPhase;
			buildActionMask = 2147483647;
			files = (
				63C7FC3F24878E8E009C0070 /* PLVLiveInfo.bundle in Resources */,
				63C7FC3624878E8E009C0070 /* PLVLinkMic.bundle in Resources */,
				04DE7A2024CED79700A85EFB /* plv_clear@3x.png in Resources */,
				67CE6C5724513B63004CFF5D /* Settings.bundle in Resources */,
				63C7FC3024878E8E009C0070 /* PLVAlbum.bundle in Resources */,
				22142F5C2113094200062C6E /* Assets.xcassets in Resources */,
				63C7FC2124878E8E009C0070 /* Emotions.plist in Resources */,
				63C7FC5D24878E8E009C0070 /* PLVPlayerSkin.bundle in Resources */,
				63C7FC4124878E8E009C0070 /* PLVReward.bundle in Resources */,
				63C7FC5224878E8E009C0070 /* PLVChatroom.bundle in Resources */,
				63C7FC2024878E8E009C0070 /* PLVKeyboardSkin.bundle in Resources */,
				221AD3D0211A86C3000A423A /* Main.storyboard in Resources */,
				63C7FC1F24878E8E009C0070 /* Emotion.bundle in Resources */,
				63C7FC1724878E8E009C0070 /* PLVPhotoBrowser.bundle in Resources */,
				63C7FC5424878E8E009C0070 /* PLVBaseMedia.bundle in Resources */,
				04DE7A2124CED79700A85EFB /* plv_logo@3x.png in Resources */,
				04DE7A2324CED79700A85EFB /* plv_logo@2x.png in Resources */,
				04DE7A2224CED79700A85EFB /* plv_clear@2x.png in Resources */,
			);
			runOnlyForDeploymentPostprocessing = 0;
		};
/* End PBXResourcesBuildPhase section */

/* Begin PBXShellScriptBuildPhase section */
		4F3915C7676E0155566C1F51 /* [CP] Embed Pods Frameworks */ = {
			isa = PBXShellScriptBuildPhase;
			buildActionMask = 2147483647;
			files = (
			);
			inputPaths = (
				"${PODS_ROOT}/Target Support Files/Pods-PolyvCloudClassDemo/Pods-PolyvCloudClassDemo-frameworks.sh",
				"${BUILT_PRODUCTS_DIR}/Masonry/Masonry.framework",
				"${PODS_ROOT}/PolyvIJKPlayer/PolyvIJKMediaFramework.framework",
				"${BUILT_PRODUCTS_DIR}/SDWebImage/SDWebImage.framework",
				"${BUILT_PRODUCTS_DIR}/Socket.IO-Client-Swift/SocketIO.framework",
				"${BUILT_PRODUCTS_DIR}/Starscream/Starscream.framework",
			);
			name = "[CP] Embed Pods Frameworks";
			outputPaths = (
				"${TARGET_BUILD_DIR}/${FRAMEWORKS_FOLDER_PATH}/Masonry.framework",
				"${TARGET_BUILD_DIR}/${FRAMEWORKS_FOLDER_PATH}/PolyvIJKMediaFramework.framework",
				"${TARGET_BUILD_DIR}/${FRAMEWORKS_FOLDER_PATH}/SDWebImage.framework",
				"${TARGET_BUILD_DIR}/${FRAMEWORKS_FOLDER_PATH}/SocketIO.framework",
				"${TARGET_BUILD_DIR}/${FRAMEWORKS_FOLDER_PATH}/Starscream.framework",
			);
			runOnlyForDeploymentPostprocessing = 0;
			shellPath = /bin/sh;
			shellScript = "\"${PODS_ROOT}/Target Support Files/Pods-PolyvCloudClassDemo/Pods-PolyvCloudClassDemo-frameworks.sh\"\n";
			showEnvVarsInLog = 0;
		};
		BF1994BA0FC7C1A048CCF17C /* [CP] Check Pods Manifest.lock */ = {
			isa = PBXShellScriptBuildPhase;
			buildActionMask = 2147483647;
			files = (
			);
			inputPaths = (
				"${PODS_PODFILE_DIR_PATH}/Podfile.lock",
				"${PODS_ROOT}/Manifest.lock",
			);
			name = "[CP] Check Pods Manifest.lock";
			outputPaths = (
				"$(DERIVED_FILE_DIR)/Pods-PolyvCloudClassDemo-checkManifestLockResult.txt",
			);
			runOnlyForDeploymentPostprocessing = 0;
			shellPath = /bin/sh;
			shellScript = "diff \"${PODS_PODFILE_DIR_PATH}/Podfile.lock\" \"${PODS_ROOT}/Manifest.lock\" > /dev/null\nif [ $? != 0 ] ; then\n    # print error to STDERR\n    echo \"error: The sandbox is not in sync with the Podfile.lock. Run 'pod install' or update your CocoaPods installation.\" >&2\n    exit 1\nfi\n# This output is used by Xcode 'outputs' to avoid re-running this script phase.\necho \"SUCCESS\" > \"${SCRIPT_OUTPUT_FILE_0}\"\n";
			showEnvVarsInLog = 0;
		};
/* End PBXShellScriptBuildPhase section */

/* Begin PBXSourcesBuildPhase section */
		22142F4B2113094100062C6E /* Sources */ = {
			isa = PBXSourcesBuildPhase;
			buildActionMask = 2147483647;
			files = (
				63C7FC4C24878E8E009C0070 /* PLVChatroomCustomKouCell.m in Sources */,
				63C7FC3924878E8E009C0070 /* PLVChatCell.m in Sources */,
				63C7FC1D24878E8E009C0070 /* PLVEmojiManager.m in Sources */,
				63C7FC1E24878E8E009C0070 /* PLVKeyboardMoreView.m in Sources */,
				63C7FC5324878E8E009C0070 /* PLVChatroomManager.m in Sources */,
				22B4087521B7BC030087DF92 /* AppDelegate.m in Sources */,
				63C7FC3B24878E8E009C0070 /* PLVTableViewController.m in Sources */,
				63C7FC2224878E8E009C0070 /* MyTool.m in Sources */,
				63C7FC2D24878E8E009C0070 /* ZPhotoCollectionViewCell.m in Sources */,
				63C7FC5524878E8E009C0070 /* PLVPPTVodMediaViewController.m in Sources */,
				63C7FC5024878E8E009C0070 /* PLVChatroomCustomKouModel.m in Sources */,
				63C7FC4324878E8E009C0070 /* PLVRewardDisplayView.m in Sources */,
				63C7FC5B24878E8E009C0070 /* PLVBaseMediaViewController+PPT.m in Sources */,
				63C7FC1424878E8E009C0070 /* FTPageController.m in Sources */,
				63C7FC1624878E8E009C0070 /* PLVPhotoBrowser.m in Sources */,
				63C7FC5E24878E8E009C0070 /* PLVPlayerSkinView.m in Sources */,
				63C7FC6124878E8E009C0070 /* PLVPlayerSkinAudioModeView.m in Sources */,
				63C7FC6224878E8E009C0070 /* PLVMediaSecondaryView.m in Sources */,
				63C7FC2524878E8E009C0070 /* ZAlbumInfo.m in Sources */,
				63C7FC5724878E8E009C0070 /* PLVPPTLiveMediaViewController.m in Sources */,
				63C7FC4524878E8E009C0070 /* PLVGiveRewardView.m in Sources */,
				63C7FC4D24878E8E009C0070 /* PLVChatroomController.m in Sources */,
				63C7FC2424878E8E009C0070 /* ZImageInfo.m in Sources */,
				63C7FC2A24878E8E009C0070 /* ZAlbumsViewController.m in Sources */,
				63C7FC5124878E8E009C0070 /* PLVChatroomQueue.m in Sources */,
				63C7FC3E24878E8E009C0070 /* PLVLiveInfoViewController.m in Sources */,
				63C7FC6324878E8E009C0070 /* PLVPlayerInputView.m in Sources */,
				63C7FC5824878E8E009C0070 /* PLVNormalLiveMediaViewController.m in Sources */,
				63C7FC1924878E8E009C0070 /* PLVTextInputView.m in Sources */,
				63C7FC4224878E8E009C0070 /* PLVRewardGoodsModel.m in Sources */,
				63C7FC2E24878E8E009C0070 /* ZPhotoCollectionFooterView.m in Sources */,
				22142F622113094200062C6E /* main.m in Sources */,
				63C7FC1B24878E8E009C0070 /* PLVFacialView.m in Sources */,
				63C7FC5924878E8E009C0070 /* PLVBaseMediaViewController+Vod.m in Sources */,
				63C7FC4824878E8E009C0070 /* PLVChatPlaybackController.m in Sources */,
				63C7FC3424878E8E009C0070 /* PLVCircleProgressView.m in Sources */,
				63C7FC5624878E8E009C0070 /* PLVNormalVodMediaViewController.m in Sources */,
				63C7FC5C24878E8E009C0070 /* PLVBaseMediaViewController.m in Sources */,
				63C7FC1524878E8E009C0070 /* FTTitleViewCell.m in Sources */,
				63C7FC5F24878E8E009C0070 /* PLVPlayerSkinMoreView.m in Sources */,
				63C7FC1824878E8E009C0070 /* MarqueeLabel.m in Sources */,
				6311CE0D2462718B00AB6D51 /* PLVBaseNavigationController.m in Sources */,
				63C7FC2724878E8E009C0070 /* PLVCameraViewController.m in Sources */,
				63C7FC3124878E8E009C0070 /* PCCUtils.m in Sources */,
				63C7FC3224878E8E009C0070 /* PLVLiveViewController.m in Sources */,
				63C7FC1C24878E8E009C0070 /* PLVKeyboardTool.m in Sources */,
				63C7FC3724878E8E009C0070 /* PLVLinkMicController.m in Sources */,
				63C7FC6024878E8E009C0070 /* PLVBrightnessView.m in Sources */,
				63C7FC2924878E8E009C0070 /* ZNavigationController.m in Sources */,
				63C7FC3324878E8E009C0070 /* PLVVodViewController.m in Sources */,
				63C7FC2F24878E8E009C0070 /* ZAlbumTableViewCell.m in Sources */,
				63C7FC3D24878E8E009C0070 /* PLVChatModel.m in Sources */,
				63C7FC1A24878E8E009C0070 /* PLVFaceView.m in Sources */,
				63C7FC4424878E8E009C0070 /* PLVGiveRewardGoodsButton.m in Sources */,
				63C7FC4B24878E8E009C0070 /* PLVChatTextView.m in Sources */,
				63C7FC5A24878E8E009C0070 /* PLVBaseMediaViewController+Live.m in Sources */,
				63C7FC4F24878E8E009C0070 /* PLVChatroomModel.m in Sources */,
				63C7FC4624878E8E009C0070 /* PLVRewardDisplayManager.m in Sources */,
				63C7FC4724878E8E009C0070 /* PLVChatPlaybackController+DataProcessing.m in Sources */,
				63C7FC1324878E8E009C0070 /* ZJZDanMuLabel.m in Sources */,
				63C7FC2B24878E8E009C0070 /* ZPhotoPreViewController.m in Sources */,
				63C7FC3824878E8E009C0070 /* PLVLinkMicPenView.m in Sources */,
				63C7FC2824878E8E009C0070 /* ZPickerController.m in Sources */,
				63C7FC2C24878E8E009C0070 /* ZPreCollectionViewCell.m in Sources */,
				63C7FC3524878E8E009C0070 /* PLVLinkMicView.m in Sources */,
				63C7FC4024878E8E009C0070 /* PLVRewardDisplayTask.m in Sources */,
				00F4DFA024B5B2BD00FC1032 /* PLVChatroomReplyBubble.m in Sources */,
				63C7FC3C24878E8E009C0070 /* PLVCellModel.m in Sources */,
				63C7FC3A24878E8E009C0070 /* PLVBaseCell.m in Sources */,
				63C7FC1224878E8E009C0070 /* ZJZDanMu.m in Sources */,
				63C7FC4A24878E8E009C0070 /* PLVChatroomCell.m in Sources */,
				63C7FC2324878E8E009C0070 /* SDWebImageDecoder.m in Sources */,
				63C7FC2624878E8E009C0070 /* ZViewController.m in Sources */,
				221AD3CF211A86C3000A423A /* PLVLoginViewController.m in Sources */,
				63C7FC4924878E8E009C0070 /* PLVChatPlaybackModel.m in Sources */,
				63C7FC4E24878E8E009C0070 /* PLVChatroomCustomModel.m in Sources */,
			);
			runOnlyForDeploymentPostprocessing = 0;
		};
/* End PBXSourcesBuildPhase section */

/* Begin PBXVariantGroup section */
		221AD3CC211A86C3000A423A /* Main.storyboard */ = {
			isa = PBXVariantGroup;
			children = (
				221AD3CD211A86C3000A423A /* Base */,
			);
			name = Main.storyboard;
			sourceTree = "<group>";
		};
/* End PBXVariantGroup section */

/* Begin XCBuildConfiguration section */
		22142F632113094200062C6E /* Debug */ = {
			isa = XCBuildConfiguration;
			buildSettings = {
				ALWAYS_SEARCH_USER_PATHS = NO;
				CLANG_ANALYZER_NONNULL = YES;
				CLANG_ANALYZER_NUMBER_OBJECT_CONVERSION = YES_AGGRESSIVE;
				CLANG_CXX_LANGUAGE_STANDARD = "gnu++14";
				CLANG_CXX_LIBRARY = "libc++";
				CLANG_ENABLE_MODULES = YES;
				CLANG_ENABLE_OBJC_ARC = YES;
				CLANG_ENABLE_OBJC_WEAK = YES;
				CLANG_WARN_BLOCK_CAPTURE_AUTORELEASING = YES;
				CLANG_WARN_BOOL_CONVERSION = YES;
				CLANG_WARN_COMMA = YES;
				CLANG_WARN_CONSTANT_CONVERSION = YES;
				CLANG_WARN_DEPRECATED_OBJC_IMPLEMENTATIONS = YES;
				CLANG_WARN_DIRECT_OBJC_ISA_USAGE = YES_ERROR;
				CLANG_WARN_DOCUMENTATION_COMMENTS = YES;
				CLANG_WARN_EMPTY_BODY = YES;
				CLANG_WARN_ENUM_CONVERSION = YES;
				CLANG_WARN_INFINITE_RECURSION = YES;
				CLANG_WARN_INT_CONVERSION = YES;
				CLANG_WARN_NON_LITERAL_NULL_CONVERSION = YES;
				CLANG_WARN_OBJC_IMPLICIT_RETAIN_SELF = YES;
				CLANG_WARN_OBJC_LITERAL_CONVERSION = YES;
				CLANG_WARN_OBJC_ROOT_CLASS = YES_ERROR;
				CLANG_WARN_RANGE_LOOP_ANALYSIS = YES;
				CLANG_WARN_STRICT_PROTOTYPES = YES;
				CLANG_WARN_SUSPICIOUS_MOVE = YES;
				CLANG_WARN_UNGUARDED_AVAILABILITY = YES_AGGRESSIVE;
				CLANG_WARN_UNREACHABLE_CODE = YES;
				CLANG_WARN__DUPLICATE_METHOD_MATCH = YES;
				CODE_SIGN_IDENTITY = "iPhone Developer";
				COPY_PHASE_STRIP = NO;
				DEBUG_INFORMATION_FORMAT = dwarf;
				ENABLE_STRICT_OBJC_MSGSEND = YES;
				ENABLE_TESTABILITY = YES;
				GCC_C_LANGUAGE_STANDARD = gnu11;
				GCC_DYNAMIC_NO_PIC = NO;
				GCC_NO_COMMON_BLOCKS = YES;
				GCC_OPTIMIZATION_LEVEL = 0;
				GCC_PREPROCESSOR_DEFINITIONS = (
					"DEBUG=1",
					"$(inherited)",
				);
				GCC_WARN_64_TO_32_BIT_CONVERSION = YES;
				GCC_WARN_ABOUT_RETURN_TYPE = YES_ERROR;
				GCC_WARN_UNDECLARED_SELECTOR = YES;
				GCC_WARN_UNINITIALIZED_AUTOS = YES_AGGRESSIVE;
				GCC_WARN_UNUSED_FUNCTION = YES;
				GCC_WARN_UNUSED_VARIABLE = YES;
				IPHONEOS_DEPLOYMENT_TARGET = 11.4;
				LD_RUNPATH_SEARCH_PATHS = /usr/lib/swift;
				MTL_ENABLE_DEBUG_INFO = YES;
				ONLY_ACTIVE_ARCH = YES;
				SDKROOT = iphoneos;
			};
			name = Debug;
		};
		22142F642113094200062C6E /* Release */ = {
			isa = XCBuildConfiguration;
			buildSettings = {
				ALWAYS_SEARCH_USER_PATHS = NO;
				CLANG_ANALYZER_NONNULL = YES;
				CLANG_ANALYZER_NUMBER_OBJECT_CONVERSION = YES_AGGRESSIVE;
				CLANG_CXX_LANGUAGE_STANDARD = "gnu++14";
				CLANG_CXX_LIBRARY = "libc++";
				CLANG_ENABLE_MODULES = YES;
				CLANG_ENABLE_OBJC_ARC = YES;
				CLANG_ENABLE_OBJC_WEAK = YES;
				CLANG_WARN_BLOCK_CAPTURE_AUTORELEASING = YES;
				CLANG_WARN_BOOL_CONVERSION = YES;
				CLANG_WARN_COMMA = YES;
				CLANG_WARN_CONSTANT_CONVERSION = YES;
				CLANG_WARN_DEPRECATED_OBJC_IMPLEMENTATIONS = YES;
				CLANG_WARN_DIRECT_OBJC_ISA_USAGE = YES_ERROR;
				CLANG_WARN_DOCUMENTATION_COMMENTS = YES;
				CLANG_WARN_EMPTY_BODY = YES;
				CLANG_WARN_ENUM_CONVERSION = YES;
				CLANG_WARN_INFINITE_RECURSION = YES;
				CLANG_WARN_INT_CONVERSION = YES;
				CLANG_WARN_NON_LITERAL_NULL_CONVERSION = YES;
				CLANG_WARN_OBJC_IMPLICIT_RETAIN_SELF = YES;
				CLANG_WARN_OBJC_LITERAL_CONVERSION = YES;
				CLANG_WARN_OBJC_ROOT_CLASS = YES_ERROR;
				CLANG_WARN_RANGE_LOOP_ANALYSIS = YES;
				CLANG_WARN_STRICT_PROTOTYPES = YES;
				CLANG_WARN_SUSPICIOUS_MOVE = YES;
				CLANG_WARN_UNGUARDED_AVAILABILITY = YES_AGGRESSIVE;
				CLANG_WARN_UNREACHABLE_CODE = YES;
				CLANG_WARN__DUPLICATE_METHOD_MATCH = YES;
				CODE_SIGN_IDENTITY = "iPhone Developer";
				COPY_PHASE_STRIP = NO;
				DEBUG_INFORMATION_FORMAT = "dwarf-with-dsym";
				ENABLE_NS_ASSERTIONS = NO;
				ENABLE_STRICT_OBJC_MSGSEND = YES;
				GCC_C_LANGUAGE_STANDARD = gnu11;
				GCC_NO_COMMON_BLOCKS = YES;
				GCC_WARN_64_TO_32_BIT_CONVERSION = YES;
				GCC_WARN_ABOUT_RETURN_TYPE = YES_ERROR;
				GCC_WARN_UNDECLARED_SELECTOR = YES;
				GCC_WARN_UNINITIALIZED_AUTOS = YES_AGGRESSIVE;
				GCC_WARN_UNUSED_FUNCTION = YES;
				GCC_WARN_UNUSED_VARIABLE = YES;
				IPHONEOS_DEPLOYMENT_TARGET = 11.4;
				LD_RUNPATH_SEARCH_PATHS = /usr/lib/swift;
				MTL_ENABLE_DEBUG_INFO = NO;
				SDKROOT = iphoneos;
				VALIDATE_PRODUCT = YES;
			};
			name = Release;
		};
		22142F662113094200062C6E /* Debug */ = {
			isa = XCBuildConfiguration;
			baseConfigurationReference = 07E29607B5FE3094D8131647 /* Pods-PolyvCloudClassDemo.debug.xcconfig */;
			buildSettings = {
				ALWAYS_EMBED_SWIFT_STANDARD_LIBRARIES = YES;
				ASSETCATALOG_COMPILER_APPICON_NAME = AppIcon;
				ASSETCATALOG_COMPILER_LAUNCHIMAGE_NAME = LaunchImage;
				CODE_SIGN_IDENTITY = "iPhone Developer";
				CODE_SIGN_STYLE = Automatic;
				DEVELOPMENT_TEAM = 8BMZBNN3Q5;
				ENABLE_BITCODE = NO;
				FRAMEWORK_SEARCH_PATHS = (
					"$(inherited)",
					"$(PROJECT_DIR)/PolyvCloudClassDemo",
				);
				HEADER_SEARCH_PATHS = "$(inherited)";
				INFOPLIST_FILE = "$(SRCROOT)/PolyvCloudClassDemo/Supporting Files/Info.plist";
				IPHONEOS_DEPLOYMENT_TARGET = 8.0;
				LD_RUNPATH_SEARCH_PATHS = "$(inherited) @executable_path/Frameworks";
				LIBRARY_SEARCH_PATHS = (
					"$(inherited)",
					"$(PROJECT_DIR)/PolyvCloudClassDemo",
				);
				OTHER_LDFLAGS = (
					"$(inherited)",
					"-ObjC",
					"-l\"bz2\"",
					"-l\"c++\"",
					"-l\"resolv\"",
					"-l\"sqlite3.0\"",
					"-l\"stdc++\"",
					"-l\"z\"",
					"-framework",
					"\"AVFoundation\"",
					"-framework",
					"\"Accelerate\"",
					"-framework",
					"\"AgoraRtcEngineKit\"",
					"-framework",
					"\"AudioToolbox\"",
					"-framework",
					"\"CoreMedia\"",
					"-framework",
					"\"CoreTelephony\"",
					"-framework",
					"\"Masonry\"",
					"-framework",
					"\"SDWebImage\"",
					"-framework",
					"\"SocketIO\"",
					"-framework",
					"\"Starscream\"",
					"-framework",
					"\"SystemConfiguration\"",
					"-framework",
					"\"VideoToolbox\"",
					"-w",
				);
				PRODUCT_BUNDLE_IDENTIFIER = polyv.PolyvCloudClassDemo;
				PRODUCT_NAME = "$(TARGET_NAME)";
				PROVISIONING_PROFILE_SPECIFIER = "";
				TARGETED_DEVICE_FAMILY = "1,2";
			};
			name = Debug;
		};
		22142F672113094200062C6E /* Release */ = {
			isa = XCBuildConfiguration;
			baseConfigurationReference = C2716024BD92EBE895549D1E /* Pods-PolyvCloudClassDemo.release.xcconfig */;
			buildSettings = {
				ALWAYS_EMBED_SWIFT_STANDARD_LIBRARIES = YES;
				ASSETCATALOG_COMPILER_APPICON_NAME = AppIcon;
				ASSETCATALOG_COMPILER_LAUNCHIMAGE_NAME = LaunchImage;
				CODE_SIGN_IDENTITY = "iPhone Developer";
				CODE_SIGN_STYLE = Automatic;
				DEVELOPMENT_TEAM = 8BMZBNN3Q5;
				ENABLE_BITCODE = NO;
				FRAMEWORK_SEARCH_PATHS = (
					"$(inherited)",
					"$(PROJECT_DIR)/PolyvCloudClassDemo",
				);
				HEADER_SEARCH_PATHS = "$(inherited)";
				INFOPLIST_FILE = "$(SRCROOT)/PolyvCloudClassDemo/Supporting Files/Info.plist";
				IPHONEOS_DEPLOYMENT_TARGET = 8.0;
				LD_RUNPATH_SEARCH_PATHS = "$(inherited) @executable_path/Frameworks";
				LIBRARY_SEARCH_PATHS = (
					"$(inherited)",
					"$(PROJECT_DIR)/PolyvCloudClassDemo",
				);
				ONLY_ACTIVE_ARCH = NO;
				OTHER_LDFLAGS = (
					"$(inherited)",
					"-ObjC",
					"-l\"bz2\"",
					"-l\"c++\"",
					"-l\"resolv\"",
					"-l\"sqlite3.0\"",
					"-l\"stdc++\"",
					"-l\"z\"",
					"-framework",
					"\"AVFoundation\"",
					"-framework",
					"\"Accelerate\"",
					"-framework",
					"\"AgoraRtcEngineKit\"",
					"-framework",
					"\"AudioToolbox\"",
					"-framework",
					"\"CoreMedia\"",
					"-framework",
					"\"CoreTelephony\"",
					"-framework",
					"\"Masonry\"",
					"-framework",
					"\"SDWebImage\"",
					"-framework",
					"\"SocketIO\"",
					"-framework",
					"\"Starscream\"",
					"-framework",
					"\"SystemConfiguration\"",
					"-framework",
					"\"VideoToolbox\"",
					"-w",
				);
				PRODUCT_BUNDLE_IDENTIFIER = polyv.PolyvCloudClassDemo;
				PRODUCT_NAME = "$(TARGET_NAME)";
				PROVISIONING_PROFILE_SPECIFIER = "";
				TARGETED_DEVICE_FAMILY = "1,2";
			};
			name = Release;
		};
/* End XCBuildConfiguration section */

/* Begin XCConfigurationList section */
		22142F4A2113094100062C6E /* Build configuration list for PBXProject "PolyvCloudClassDemo" */ = {
			isa = XCConfigurationList;
			buildConfigurations = (
				22142F632113094200062C6E /* Debug */,
				22142F642113094200062C6E /* Release */,
			);
			defaultConfigurationIsVisible = 0;
			defaultConfigurationName = Release;
		};
		22142F652113094200062C6E /* Build configuration list for PBXNativeTarget "PolyvCloudClassDemo" */ = {
			isa = XCConfigurationList;
			buildConfigurations = (
				22142F662113094200062C6E /* Debug */,
				22142F672113094200062C6E /* Release */,
			);
			defaultConfigurationIsVisible = 0;
			defaultConfigurationName = Release;
		};
/* End XCConfigurationList section */
	};
	rootObject = 22142F472113094100062C6E /* Project object */;
}
