// !$*UTF8*$!
{
	archiveVersion = 1;
	classes = {
	};
	objectVersion = 48;
	objects = {

/* Begin PBXBuildFile section */
		2207EAF521AE32F40011B0EB /* PLVChatroomQueue.m in Sources */ = {isa = PBXBuildFile; fileRef = 2207EAF421AE32F40011B0EB /* PLVChatroomQueue.m */; };
		220CB18C21B8C95B0034C384 /* PLVTextInputView.m in Sources */ = {isa = PBXBuildFile; fileRef = 220CB16B21B8C95B0034C384 /* PLVTextInputView.m */; };
		220CB18D21B8C95B0034C384 /* PLVEmojiManager.m in Sources */ = {isa = PBXBuildFile; fileRef = 220CB16D21B8C95B0034C384 /* PLVEmojiManager.m */; };
		220CB18E21B8C95B0034C384 /* PLVFaceView.m in Sources */ = {isa = PBXBuildFile; fileRef = 220CB16E21B8C95B0034C384 /* PLVFaceView.m */; };
		220CB18F21B8C95B0034C384 /* PLVFacialView.m in Sources */ = {isa = PBXBuildFile; fileRef = 220CB16F21B8C95B0034C384 /* PLVFacialView.m */; };
		220CB19121B8C95B0034C384 /* PLVKeyboardMoreView.m in Sources */ = {isa = PBXBuildFile; fileRef = 220CB17521B8C95B0034C384 /* PLVKeyboardMoreView.m */; };
		220CB19221B8C95B0034C384 /* plv_input_user_normal@2x.png in Resources */ = {isa = PBXBuildFile; fileRef = 220CB17A21B8C95B0034C384 /* plv_input_user_normal@2x.png */; };
		220CB19321B8C95B0034C384 /* plv_flower@2x.png in Resources */ = {isa = PBXBuildFile; fileRef = 220CB17B21B8C95B0034C384 /* plv_flower@2x.png */; };
		220CB19421B8C95B0034C384 /* plv_like@2x.png in Resources */ = {isa = PBXBuildFile; fileRef = 220CB17C21B8C95B0034C384 /* plv_like@2x.png */; };
		220CB19621B8C95B0034C384 /* plv_like@3x.png in Resources */ = {isa = PBXBuildFile; fileRef = 220CB17E21B8C95B0034C384 /* plv_like@3x.png */; };
		220CB19721B8C95B0034C384 /* plv_keyboard@2x.png in Resources */ = {isa = PBXBuildFile; fileRef = 220CB17F21B8C95B0034C384 /* plv_keyboard@2x.png */; };
		220CB19821B8C95B0034C384 /* plv_input_user_select@2x.png in Resources */ = {isa = PBXBuildFile; fileRef = 220CB18021B8C95B0034C384 /* plv_input_user_select@2x.png */; };
		220CB19921B8C95B0034C384 /* plv_shoot@3x.png in Resources */ = {isa = PBXBuildFile; fileRef = 220CB18121B8C95B0034C384 /* plv_shoot@3x.png */; };
		220CB19A21B8C95B0034C384 /* plv_more@2x.png in Resources */ = {isa = PBXBuildFile; fileRef = 220CB18221B8C95B0034C384 /* plv_more@2x.png */; };
		220CB19B21B8C95B0034C384 /* plv_btn_like@2x.png in Resources */ = {isa = PBXBuildFile; fileRef = 220CB18321B8C95B0034C384 /* plv_btn_like@2x.png */; };
		220CB19D21B8C95B0034C384 /* plv_btn_like@3x.png in Resources */ = {isa = PBXBuildFile; fileRef = 220CB18521B8C95B0034C384 /* plv_btn_like@3x.png */; };
		220CB19E21B8C95B0034C384 /* plv_more@3x.png in Resources */ = {isa = PBXBuildFile; fileRef = 220CB18621B8C95B0034C384 /* plv_more@3x.png */; };
		220CB19F21B8C95B0034C384 /* plv_shoot@2x.png in Resources */ = {isa = PBXBuildFile; fileRef = 220CB18721B8C95B0034C384 /* plv_shoot@2x.png */; };
		220CB1A021B8C95B0034C384 /* plv_album@3x.png in Resources */ = {isa = PBXBuildFile; fileRef = 220CB18821B8C95B0034C384 /* plv_album@3x.png */; };
		220CB1A121B8C95B0034C384 /* plv_album@2x.png in Resources */ = {isa = PBXBuildFile; fileRef = 220CB18921B8C95B0034C384 /* plv_album@2x.png */; };
		220CB1A221B8C95B0034C384 /* Emotion.bundle in Resources */ = {isa = PBXBuildFile; fileRef = 220CB18A21B8C95B0034C384 /* Emotion.bundle */; };
		220CB1A321B8C95B0034C384 /* Emotions.plist in Resources */ = {isa = PBXBuildFile; fileRef = 220CB18B21B8C95B0034C384 /* Emotions.plist */; };
		22142F5C2113094200062C6E /* Assets.xcassets in Resources */ = {isa = PBXBuildFile; fileRef = 22142F5B2113094200062C6E /* Assets.xcassets */; };
		22142F622113094200062C6E /* main.m in Sources */ = {isa = PBXBuildFile; fileRef = 22142F612113094200062C6E /* main.m */; };
		221AD3CF211A86C3000A423A /* PLVLoginViewController.m in Sources */ = {isa = PBXBuildFile; fileRef = 221AD3CB211A86C3000A423A /* PLVLoginViewController.m */; };
		221AD3D0211A86C3000A423A /* Main.storyboard in Resources */ = {isa = PBXBuildFile; fileRef = 221AD3CC211A86C3000A423A /* Main.storyboard */; };
		2269199321D1CCE9004D6F8B /* MBProgressHUD+Rotate.m in Sources */ = {isa = PBXBuildFile; fileRef = 2269199121D1CCE9004D6F8B /* MBProgressHUD+Rotate.m */; };
		2293618821CCC64E00722B05 /* UIAlertController+UnRotate.m in Sources */ = {isa = PBXBuildFile; fileRef = 2293618721CCC64E00722B05 /* UIAlertController+UnRotate.m */; };
		229F766921ABA1600085F5DE /* PLVLiveViewController.m in Sources */ = {isa = PBXBuildFile; fileRef = 229F761C21ABA1600085F5DE /* PLVLiveViewController.m */; };
		229F766A21ABA1600085F5DE /* PLVChatroomController.m in Sources */ = {isa = PBXBuildFile; fileRef = 229F761E21ABA1600085F5DE /* PLVChatroomController.m */; };
		229F766B21ABA1600085F5DE /* PLVChatroomModel.m in Sources */ = {isa = PBXBuildFile; fileRef = 229F762221ABA1600085F5DE /* PLVChatroomModel.m */; };
		229F766C21ABA1600085F5DE /* plv_skin_flower@2x.png in Resources */ = {isa = PBXBuildFile; fileRef = 229F762521ABA1600085F5DE /* plv_skin_flower@2x.png */; };
		229F766D21ABA1600085F5DE /* plv_skin_flower@3x.png in Resources */ = {isa = PBXBuildFile; fileRef = 229F762621ABA1600085F5DE /* plv_skin_flower@3x.png */; };
		229F766E21ABA1600085F5DE /* plv_img_default_avatar@2x.png in Resources */ = {isa = PBXBuildFile; fileRef = 229F762721ABA1600085F5DE /* plv_img_default_avatar@2x.png */; };
		229F766F21ABA1600085F5DE /* PLVChatroomManager.m in Sources */ = {isa = PBXBuildFile; fileRef = 229F762821ABA1600085F5DE /* PLVChatroomManager.m */; };
		229F767021ABA1600085F5DE /* PLVChatroomCell.m in Sources */ = {isa = PBXBuildFile; fileRef = 229F762A21ABA1600085F5DE /* PLVChatroomCell.m */; };
		229F767F21ABA1600085F5DE /* PLVVodViewController.m in Sources */ = {isa = PBXBuildFile; fileRef = 229F764421ABA1600085F5DE /* PLVVodViewController.m */; };
		229F768021ABA1600085F5DE /* plv_skin_player_background@3x.png in Resources */ = {isa = PBXBuildFile; fileRef = 229F764821ABA1600085F5DE /* plv_skin_player_background@3x.png */; };
		229F768121ABA1600085F5DE /* plv_skin_player_background@2x.png in Resources */ = {isa = PBXBuildFile; fileRef = 229F764921ABA1600085F5DE /* plv_skin_player_background@2x.png */; };
		229F768221ABA1600085F5DE /* plv_skin_ppt_background@2x.png in Resources */ = {isa = PBXBuildFile; fileRef = 229F764A21ABA1600085F5DE /* plv_skin_ppt_background@2x.png */; };
		229F768321ABA1600085F5DE /* plv_skin_ppt_background@3x.png in Resources */ = {isa = PBXBuildFile; fileRef = 229F764B21ABA1600085F5DE /* plv_skin_ppt_background@3x.png */; };
		229F768421ABA1600085F5DE /* plv_skin_close@2x.png in Resources */ = {isa = PBXBuildFile; fileRef = 229F764C21ABA1600085F5DE /* plv_skin_close@2x.png */; };
		229F768521ABA1600085F5DE /* plv_skin_close@3x.png in Resources */ = {isa = PBXBuildFile; fileRef = 229F764D21ABA1600085F5DE /* plv_skin_close@3x.png */; };
		229F768621ABA1600085F5DE /* plv_skin_switchCamera@3x.png in Resources */ = {isa = PBXBuildFile; fileRef = 229F764E21ABA1600085F5DE /* plv_skin_switchCamera@3x.png */; };
		229F768721ABA1600085F5DE /* plv_skin_switchCamera@2x.png in Resources */ = {isa = PBXBuildFile; fileRef = 229F764F21ABA1600085F5DE /* plv_skin_switchCamera@2x.png */; };
		229F768821ABA1600085F5DE /* PLVNormalLiveMediaViewController.m in Sources */ = {isa = PBXBuildFile; fileRef = 229F765121ABA1600085F5DE /* PLVNormalLiveMediaViewController.m */; };
		229F768921ABA1600085F5DE /* PLVPPTVodMediaViewController.m in Sources */ = {isa = PBXBuildFile; fileRef = 229F765221ABA1600085F5DE /* PLVPPTVodMediaViewController.m */; };
		229F768E21ABA1600085F5DE /* PLVPlayerSkin.bundle in Resources */ = {isa = PBXBuildFile; fileRef = 229F766221ABA1600085F5DE /* PLVPlayerSkin.bundle */; };
		229F768F21ABA1600085F5DE /* PLVPlayerSkinView.m in Sources */ = {isa = PBXBuildFile; fileRef = 229F766321ABA1600085F5DE /* PLVPlayerSkinView.m */; };
		229F769021ABA1600085F5DE /* PLVBrightnessView.m in Sources */ = {isa = PBXBuildFile; fileRef = 229F766521ABA1600085F5DE /* PLVBrightnessView.m */; };
		229F769121ABA1600085F5DE /* PLVMediaSecondaryView.m in Sources */ = {isa = PBXBuildFile; fileRef = 229F766821ABA1600085F5DE /* PLVMediaSecondaryView.m */; };
		229F827321C79C6500446B9A /* PolyvBusinessSDK.framework in Frameworks */ = {isa = PBXBuildFile; fileRef = 229F827221C79C6500446B9A /* PolyvBusinessSDK.framework */; };
		229F827521C79C6500446B9A /* PolyvCloudClassSDK.framework in Frameworks */ = {isa = PBXBuildFile; fileRef = 229F827421C79C6500446B9A /* PolyvCloudClassSDK.framework */; };
		229F827721C79C6500446B9A /* PolyvFoundationSDK.framework in Frameworks */ = {isa = PBXBuildFile; fileRef = 229F827621C79C6500446B9A /* PolyvFoundationSDK.framework */; };
		22AD6182218316A50053F496 /* plv_clear@2x.png in Resources */ = {isa = PBXBuildFile; fileRef = 22AD6181218316A50053F496 /* plv_clear@2x.png */; };
		22B27D71219BC5F8003550EA /* plv_clear@3x.png in Resources */ = {isa = PBXBuildFile; fileRef = 22B27D6F219BC5F8003550EA /* plv_clear@3x.png */; };
		22B27D72219BC5F8003550EA /* plv_logo@3x.png in Resources */ = {isa = PBXBuildFile; fileRef = 22B27D70219BC5F8003550EA /* plv_logo@3x.png */; };
		22B4086821B76F010087DF92 /* ZNavigationController.m in Sources */ = {isa = PBXBuildFile; fileRef = 22B4086721B76F010087DF92 /* ZNavigationController.m */; };
		22B4086B21B7A7160087DF92 /* PLVNormalVodMediaViewController.m in Sources */ = {isa = PBXBuildFile; fileRef = 22B4086A21B7A7160087DF92 /* PLVNormalVodMediaViewController.m */; };
		22B4087021B7A7F10087DF92 /* PLVBaseMediaViewController+Vod.m in Sources */ = {isa = PBXBuildFile; fileRef = 22B4086D21B7A7F10087DF92 /* PLVBaseMediaViewController+Vod.m */; };
		22B4087321B7BB6B0087DF92 /* PCCUtils.m in Sources */ = {isa = PBXBuildFile; fileRef = 6740D64521364C010076AF7D /* PCCUtils.m */; };
		22B4087521B7BC030087DF92 /* AppDelegate.m in Sources */ = {isa = PBXBuildFile; fileRef = 22142F532113094100062C6E /* AppDelegate.m */; };
		22B4087621B7BC260087DF92 /* PLVPPTLiveMediaViewController.m in Sources */ = {isa = PBXBuildFile; fileRef = 229F765621ABA1600085F5DE /* PLVPPTLiveMediaViewController.m */; };
		22B906FD21F56F400086D05A /* PLVChatroomCustomKouCell.m in Sources */ = {isa = PBXBuildFile; fileRef = 22B906FC21F56F400086D05A /* PLVChatroomCustomKouCell.m */; };
		22BF123F21816B54006127FD /* plv_logo@2x.png in Resources */ = {isa = PBXBuildFile; fileRef = 22BF123D21816B54006127FD /* plv_logo@2x.png */; };
		22CE3D0721AD4C57002B1CFB /* PLVBaseMediaViewController.m in Sources */ = {isa = PBXBuildFile; fileRef = 22CE3CFE21AD4C57002B1CFB /* PLVBaseMediaViewController.m */; };
		22CE3D0821AD4C57002B1CFB /* PLVBaseMediaViewController+PPT.m in Sources */ = {isa = PBXBuildFile; fileRef = 22CE3D0021AD4C57002B1CFB /* PLVBaseMediaViewController+PPT.m */; };
		22CE3D0921AD4C57002B1CFB /* PLVBaseMediaViewController+Live.m in Sources */ = {isa = PBXBuildFile; fileRef = 22CE3D0521AD4C57002B1CFB /* PLVBaseMediaViewController+Live.m */; };
		22D9AB8621B66D13003DFD42 /* plv_resend@3x.png in Resources */ = {isa = PBXBuildFile; fileRef = 22D9AB8421B66D13003DFD42 /* plv_resend@3x.png */; };
		22D9AB8721B66D13003DFD42 /* plv_resend@2x.png in Resources */ = {isa = PBXBuildFile; fileRef = 22D9AB8521B66D13003DFD42 /* plv_resend@2x.png */; };
		22D9ABB321B66E34003DFD42 /* MyTool.m in Sources */ = {isa = PBXBuildFile; fileRef = 22D9AB8A21B66E34003DFD42 /* MyTool.m */; };
		22D9ABB421B66E34003DFD42 /* SDWebImageDecoder.m in Sources */ = {isa = PBXBuildFile; fileRef = 22D9AB8B21B66E34003DFD42 /* SDWebImageDecoder.m */; };
		22D9ABB521B66E34003DFD42 /* ZImageInfo.m in Sources */ = {isa = PBXBuildFile; fileRef = 22D9AB9021B66E34003DFD42 /* ZImageInfo.m */; };
		22D9ABB621B66E34003DFD42 /* ZAlbumInfo.m in Sources */ = {isa = PBXBuildFile; fileRef = 22D9AB9121B66E34003DFD42 /* ZAlbumInfo.m */; };
		22D9ABB721B66E34003DFD42 /* ZViewController.m in Sources */ = {isa = PBXBuildFile; fileRef = 22D9AB9621B66E34003DFD42 /* ZViewController.m */; };
		22D9ABB821B66E34003DFD42 /* PLVCameraViewController.m in Sources */ = {isa = PBXBuildFile; fileRef = 22D9AB9721B66E34003DFD42 /* PLVCameraViewController.m */; };
		22D9ABB921B66E34003DFD42 /* ZPickerController.m in Sources */ = {isa = PBXBuildFile; fileRef = 22D9AB9821B66E34003DFD42 /* ZPickerController.m */; };
		22D9ABBA21B66E34003DFD42 /* ZAlbumsViewController.m in Sources */ = {isa = PBXBuildFile; fileRef = 22D9AB9921B66E34003DFD42 /* ZAlbumsViewController.m */; };
		22D9ABBB21B66E34003DFD42 /* ZPhotoPreViewController.m in Sources */ = {isa = PBXBuildFile; fileRef = 22D9AB9B21B66E34003DFD42 /* ZPhotoPreViewController.m */; };
		22D9ABBC21B66E34003DFD42 /* ZPreCollectionViewCell.m in Sources */ = {isa = PBXBuildFile; fileRef = 22D9ABA021B66E34003DFD42 /* ZPreCollectionViewCell.m */; };
		22D9ABBD21B66E34003DFD42 /* ZPhotoCollectionViewCell.m in Sources */ = {isa = PBXBuildFile; fileRef = 22D9ABA221B66E34003DFD42 /* ZPhotoCollectionViewCell.m */; };
		22D9ABBE21B66E34003DFD42 /* ZPhotoCollectionFooterView.m in Sources */ = {isa = PBXBuildFile; fileRef = 22D9ABA621B66E34003DFD42 /* ZPhotoCollectionFooterView.m */; };
		22D9ABBF21B66E34003DFD42 /* ZAlbumTableViewCell.m in Sources */ = {isa = PBXBuildFile; fileRef = 22D9ABA721B66E34003DFD42 /* ZAlbumTableViewCell.m */; };
		22D9ABC021B66E34003DFD42 /* back@2x.png in Resources */ = {isa = PBXBuildFile; fileRef = 22D9ABA921B66E34003DFD42 /* back@2x.png */; };
		22D9ABC221B66E34003DFD42 /* cancel@2x.png in Resources */ = {isa = PBXBuildFile; fileRef = 22D9ABAB21B66E34003DFD42 /* cancel@2x.png */; };
		22D9ABC321B66E34003DFD42 /* plv_shoot_send@2x.png in Resources */ = {isa = PBXBuildFile; fileRef = 22D9ABAC21B66E34003DFD42 /* plv_shoot_send@2x.png */; };
		22D9ABC421B66E34003DFD42 /* plv_shoot_cancel@3x.png in Resources */ = {isa = PBXBuildFile; fileRef = 22D9ABAD21B66E34003DFD42 /* plv_shoot_cancel@3x.png */; };
		22D9ABC521B66E34003DFD42 /* plv_btn_shoot@3x.png in Resources */ = {isa = PBXBuildFile; fileRef = 22D9ABAE21B66E34003DFD42 /* plv_btn_shoot@3x.png */; };
		22D9ABC621B66E34003DFD42 /* plv_btn_shoot@2x.png in Resources */ = {isa = PBXBuildFile; fileRef = 22D9ABAF21B66E34003DFD42 /* plv_btn_shoot@2x.png */; };
		22D9ABC721B66E34003DFD42 /* arrowDown@2x.png in Resources */ = {isa = PBXBuildFile; fileRef = 22D9ABB021B66E34003DFD42 /* arrowDown@2x.png */; };
		22D9ABC821B66E34003DFD42 /* plv_shoot_cancel@2x.png in Resources */ = {isa = PBXBuildFile; fileRef = 22D9ABB121B66E34003DFD42 /* plv_shoot_cancel@2x.png */; };
		22D9ABC921B66E34003DFD42 /* plv_shoot_send@3x.png in Resources */ = {isa = PBXBuildFile; fileRef = 22D9ABB221B66E34003DFD42 /* plv_shoot_send@3x.png */; };
		22D9ABCE21B676FB003DFD42 /* plv_shoot_switchCamera@3x.png in Resources */ = {isa = PBXBuildFile; fileRef = 22D9ABCA21B676FB003DFD42 /* plv_shoot_switchCamera@3x.png */; };
		22D9ABCF21B676FB003DFD42 /* plv_shoot_close@2x.png in Resources */ = {isa = PBXBuildFile; fileRef = 22D9ABCB21B676FB003DFD42 /* plv_shoot_close@2x.png */; };
		22D9ABD021B676FB003DFD42 /* plv_shoot_switchCamera@2x.png in Resources */ = {isa = PBXBuildFile; fileRef = 22D9ABCC21B676FB003DFD42 /* plv_shoot_switchCamera@2x.png */; };
		22D9ABD121B676FB003DFD42 /* plv_shoot_close@3x.png in Resources */ = {isa = PBXBuildFile; fileRef = 22D9ABCD21B676FB003DFD42 /* plv_shoot_close@3x.png */; };
		22FB810B212AB55100B5CB53 /* ZJZDanMu.m in Sources */ = {isa = PBXBuildFile; fileRef = 22FB80E9212AB55100B5CB53 /* ZJZDanMu.m */; };
		22FB810C212AB55100B5CB53 /* ZJZDanMuLabel.m in Sources */ = {isa = PBXBuildFile; fileRef = 22FB80EB212AB55100B5CB53 /* ZJZDanMuLabel.m */; };
		67219F4A217F3B4300756A54 /* plv_btn_download@2x.png in Resources */ = {isa = PBXBuildFile; fileRef = 67219F48217F3B4300756A54 /* plv_btn_download@2x.png */; };
		67219F4B217F3B4300756A54 /* plv_btn_download@3x.png in Resources */ = {isa = PBXBuildFile; fileRef = 67219F49217F3B4300756A54 /* plv_btn_download@3x.png */; };
		672D7CEF212D7B1500974886 /* FTPageController.m in Sources */ = {isa = PBXBuildFile; fileRef = 672D7CEA212D7B1500974886 /* FTPageController.m */; };
		672D7CF0212D7B1500974886 /* FTTitleViewCell.m in Sources */ = {isa = PBXBuildFile; fileRef = 672D7CEC212D7B1500974886 /* FTTitleViewCell.m */; };
		672D7CF1212D7B1500974886 /* FTTitleViewCell.xib in Resources */ = {isa = PBXBuildFile; fileRef = 672D7CEE212D7B1500974886 /* FTTitleViewCell.xib */; };
		673631EA21BF5D41006868DE /* plv_flower@3x.png in Resources */ = {isa = PBXBuildFile; fileRef = 673631E421BF5D41006868DE /* plv_flower@3x.png */; };
		673631EB21BF5D41006868DE /* plv_input_user_normal@3x.png in Resources */ = {isa = PBXBuildFile; fileRef = 673631E521BF5D41006868DE /* plv_input_user_normal@3x.png */; };
		673631EC21BF5D41006868DE /* plv_backspace@3x.png in Resources */ = {isa = PBXBuildFile; fileRef = 673631E621BF5D41006868DE /* plv_backspace@3x.png */; };
		673631ED21BF5D41006868DE /* plv_backspace@2x.png in Resources */ = {isa = PBXBuildFile; fileRef = 673631E721BF5D41006868DE /* plv_backspace@2x.png */; };
		673631EE21BF5D41006868DE /* plv_input_user_select@3x.png in Resources */ = {isa = PBXBuildFile; fileRef = 673631E821BF5D41006868DE /* plv_input_user_select@3x.png */; };
		673631F321BF5FF3006868DE /* plv_emoji_off@2x.png in Resources */ = {isa = PBXBuildFile; fileRef = 673631EF21BF5FF2006868DE /* plv_emoji_off@2x.png */; };
		673631F421BF5FF3006868DE /* plv_emoji_off@3x.png in Resources */ = {isa = PBXBuildFile; fileRef = 673631F021BF5FF2006868DE /* plv_emoji_off@3x.png */; };
		673631F521BF5FF3006868DE /* plv_emoji_on@3x.png in Resources */ = {isa = PBXBuildFile; fileRef = 673631F121BF5FF3006868DE /* plv_emoji_on@3x.png */; };
		673631F621BF5FF3006868DE /* plv_emoji_on@2x.png in Resources */ = {isa = PBXBuildFile; fileRef = 673631F221BF5FF3006868DE /* plv_emoji_on@2x.png */; };
		6740D66C2136A42D0076AF7D /* LICENSE in Resources */ = {isa = PBXBuildFile; fileRef = 6740D6662136A42D0076AF7D /* LICENSE */; };
		6740D66D2136A42D0076AF7D /* README.mdown in Resources */ = {isa = PBXBuildFile; fileRef = 6740D6672136A42D0076AF7D /* README.mdown */; };
		6740D66E2136A42D0076AF7D /* MarqueeLabel.m in Sources */ = {isa = PBXBuildFile; fileRef = 6740D66A2136A42D0076AF7D /* MarqueeLabel.m */; };
		6761E9F0218016F00026E8A6 /* PLVPhotoBrowser.m in Sources */ = {isa = PBXBuildFile; fileRef = 6761E9EF218016F00026E8A6 /* PLVPhotoBrowser.m */; };
		677B4C7E21F1835A00E98E86 /* PLVChatroomCustomModel.m in Sources */ = {isa = PBXBuildFile; fileRef = 677B4C7D21F1835A00E98E86 /* PLVChatroomCustomModel.m */; };
		677B4C8121F183C300E98E86 /* PLVChatroomCustomKouModel.m in Sources */ = {isa = PBXBuildFile; fileRef = 677B4C8021F183C200E98E86 /* PLVChatroomCustomKouModel.m */; };
		677B4C8621F1BDF300E98E86 /* plv_kou1_img@3x.png in Resources */ = {isa = PBXBuildFile; fileRef = 677B4C8221F1BDF100E98E86 /* plv_kou1_img@3x.png */; };
		677B4C8721F1BDF300E98E86 /* plv_kou1_img@2x.png in Resources */ = {isa = PBXBuildFile; fileRef = 677B4C8321F1BDF200E98E86 /* plv_kou1_img@2x.png */; };
		677B4C8821F1BDF300E98E86 /* plv_kou2_img@2x.png in Resources */ = {isa = PBXBuildFile; fileRef = 677B4C8421F1BDF200E98E86 /* plv_kou2_img@2x.png */; };
		677B4C8921F1BDF300E98E86 /* plv_kou2_img@3x.png in Resources */ = {isa = PBXBuildFile; fileRef = 677B4C8521F1BDF300E98E86 /* plv_kou2_img@3x.png */; };
		7DA0500F993E7C2EBAC36533 /* Pods_PolyvCloudClassDemo.framework in Frameworks */ = {isa = PBXBuildFile; fileRef = 76BF2A194BACB52A05EA1745 /* Pods_PolyvCloudClassDemo.framework */; };
/* End PBXBuildFile section */

/* Begin PBXFileReference section */
		07E29607B5FE3094D8131647 /* Pods-PolyvCloudClassDemo.debug.xcconfig */ = {isa = PBXFileReference; includeInIndex = 1; lastKnownFileType = text.xcconfig; name = "Pods-PolyvCloudClassDemo.debug.xcconfig"; path = "Pods/Target Support Files/Pods-PolyvCloudClassDemo/Pods-PolyvCloudClassDemo.debug.xcconfig"; sourceTree = "<group>"; };
		2207EAF321AE32F40011B0EB /* PLVChatroomQueue.h */ = {isa = PBXFileReference; lastKnownFileType = sourcecode.c.h; path = PLVChatroomQueue.h; sourceTree = "<group>"; };
		2207EAF421AE32F40011B0EB /* PLVChatroomQueue.m */ = {isa = PBXFileReference; lastKnownFileType = sourcecode.c.objc; path = PLVChatroomQueue.m; sourceTree = "<group>"; };
		220CB16B21B8C95B0034C384 /* PLVTextInputView.m */ = {isa = PBXFileReference; fileEncoding = 4; lastKnownFileType = sourcecode.c.objc; path = PLVTextInputView.m; sourceTree = "<group>"; };
		220CB16D21B8C95B0034C384 /* PLVEmojiManager.m */ = {isa = PBXFileReference; fileEncoding = 4; lastKnownFileType = sourcecode.c.objc; path = PLVEmojiManager.m; sourceTree = "<group>"; };
		220CB16E21B8C95B0034C384 /* PLVFaceView.m */ = {isa = PBXFileReference; fileEncoding = 4; lastKnownFileType = sourcecode.c.objc; path = PLVFaceView.m; sourceTree = "<group>"; };
		220CB16F21B8C95B0034C384 /* PLVFacialView.m */ = {isa = PBXFileReference; fileEncoding = 4; lastKnownFileType = sourcecode.c.objc; path = PLVFacialView.m; sourceTree = "<group>"; };
		220CB17121B8C95B0034C384 /* PLVKeyboardMoreView.h */ = {isa = PBXFileReference; fileEncoding = 4; lastKnownFileType = sourcecode.c.h; path = PLVKeyboardMoreView.h; sourceTree = "<group>"; };
		220CB17221B8C95B0034C384 /* PLVEmojiManager.h */ = {isa = PBXFileReference; fileEncoding = 4; lastKnownFileType = sourcecode.c.h; path = PLVEmojiManager.h; sourceTree = "<group>"; };
		220CB17321B8C95B0034C384 /* PLVFacialView.h */ = {isa = PBXFileReference; fileEncoding = 4; lastKnownFileType = sourcecode.c.h; path = PLVFacialView.h; sourceTree = "<group>"; };
		220CB17421B8C95B0034C384 /* PLVFaceView.h */ = {isa = PBXFileReference; fileEncoding = 4; lastKnownFileType = sourcecode.c.h; path = PLVFaceView.h; sourceTree = "<group>"; };
		220CB17521B8C95B0034C384 /* PLVKeyboardMoreView.m */ = {isa = PBXFileReference; fileEncoding = 4; lastKnownFileType = sourcecode.c.objc; path = PLVKeyboardMoreView.m; sourceTree = "<group>"; };
		220CB17721B8C95B0034C384 /* PLVTextInputView.h */ = {isa = PBXFileReference; fileEncoding = 4; lastKnownFileType = sourcecode.c.h; path = PLVTextInputView.h; sourceTree = "<group>"; };
		220CB17A21B8C95B0034C384 /* plv_input_user_normal@2x.png */ = {isa = PBXFileReference; lastKnownFileType = image.png; path = "plv_input_user_normal@2x.png"; sourceTree = "<group>"; };
		220CB17B21B8C95B0034C384 /* plv_flower@2x.png */ = {isa = PBXFileReference; lastKnownFileType = image.png; path = "plv_flower@2x.png"; sourceTree = "<group>"; };
		220CB17C21B8C95B0034C384 /* plv_like@2x.png */ = {isa = PBXFileReference; lastKnownFileType = image.png; path = "plv_like@2x.png"; sourceTree = "<group>"; };
		220CB17E21B8C95B0034C384 /* plv_like@3x.png */ = {isa = PBXFileReference; lastKnownFileType = image.png; path = "plv_like@3x.png"; sourceTree = "<group>"; };
		220CB17F21B8C95B0034C384 /* plv_keyboard@2x.png */ = {isa = PBXFileReference; lastKnownFileType = image.png; path = "plv_keyboard@2x.png"; sourceTree = "<group>"; };
		220CB18021B8C95B0034C384 /* plv_input_user_select@2x.png */ = {isa = PBXFileReference; lastKnownFileType = image.png; path = "plv_input_user_select@2x.png"; sourceTree = "<group>"; };
		220CB18121B8C95B0034C384 /* plv_shoot@3x.png */ = {isa = PBXFileReference; lastKnownFileType = image.png; path = "plv_shoot@3x.png"; sourceTree = "<group>"; };
		220CB18221B8C95B0034C384 /* plv_more@2x.png */ = {isa = PBXFileReference; lastKnownFileType = image.png; path = "plv_more@2x.png"; sourceTree = "<group>"; };
		220CB18321B8C95B0034C384 /* plv_btn_like@2x.png */ = {isa = PBXFileReference; lastKnownFileType = image.png; path = "plv_btn_like@2x.png"; sourceTree = "<group>"; };
		220CB18521B8C95B0034C384 /* plv_btn_like@3x.png */ = {isa = PBXFileReference; lastKnownFileType = image.png; path = "plv_btn_like@3x.png"; sourceTree = "<group>"; };
		220CB18621B8C95B0034C384 /* plv_more@3x.png */ = {isa = PBXFileReference; lastKnownFileType = image.png; path = "plv_more@3x.png"; sourceTree = "<group>"; };
		220CB18721B8C95B0034C384 /* plv_shoot@2x.png */ = {isa = PBXFileReference; lastKnownFileType = image.png; path = "plv_shoot@2x.png"; sourceTree = "<group>"; };
		220CB18821B8C95B0034C384 /* plv_album@3x.png */ = {isa = PBXFileReference; lastKnownFileType = image.png; path = "plv_album@3x.png"; sourceTree = "<group>"; };
		220CB18921B8C95B0034C384 /* plv_album@2x.png */ = {isa = PBXFileReference; lastKnownFileType = image.png; path = "plv_album@2x.png"; sourceTree = "<group>"; };
		220CB18A21B8C95B0034C384 /* Emotion.bundle */ = {isa = PBXFileReference; lastKnownFileType = "wrapper.plug-in"; path = Emotion.bundle; sourceTree = "<group>"; };
		220CB18B21B8C95B0034C384 /* Emotions.plist */ = {isa = PBXFileReference; fileEncoding = 4; lastKnownFileType = text.plist.xml; path = Emotions.plist; sourceTree = "<group>"; };
		22142F4F2113094100062C6E /* PolyvCloudClassDemo.app */ = {isa = PBXFileReference; explicitFileType = wrapper.application; includeInIndex = 0; path = PolyvCloudClassDemo.app; sourceTree = BUILT_PRODUCTS_DIR; };
		22142F522113094100062C6E /* AppDelegate.h */ = {isa = PBXFileReference; lastKnownFileType = sourcecode.c.h; path = AppDelegate.h; sourceTree = "<group>"; };
		22142F532113094100062C6E /* AppDelegate.m */ = {isa = PBXFileReference; lastKnownFileType = sourcecode.c.objc; path = AppDelegate.m; sourceTree = "<group>"; };
		22142F5B2113094200062C6E /* Assets.xcassets */ = {isa = PBXFileReference; lastKnownFileType = folder.assetcatalog; path = Assets.xcassets; sourceTree = "<group>"; };
		22142F602113094200062C6E /* Info.plist */ = {isa = PBXFileReference; lastKnownFileType = text.plist.xml; path = Info.plist; sourceTree = "<group>"; };
		22142F612113094200062C6E /* main.m */ = {isa = PBXFileReference; lastKnownFileType = sourcecode.c.objc; path = main.m; sourceTree = "<group>"; };
		221AD3CB211A86C3000A423A /* PLVLoginViewController.m */ = {isa = PBXFileReference; fileEncoding = 4; lastKnownFileType = sourcecode.c.objc; path = PLVLoginViewController.m; sourceTree = "<group>"; };
		221AD3CD211A86C3000A423A /* Base */ = {isa = PBXFileReference; lastKnownFileType = file.storyboard; name = Base; path = Base.lproj/Main.storyboard; sourceTree = "<group>"; };
		221AD3CE211A86C3000A423A /* PLVLoginViewController.h */ = {isa = PBXFileReference; fileEncoding = 4; lastKnownFileType = sourcecode.c.h; path = PLVLoginViewController.h; sourceTree = "<group>"; };
		2269199121D1CCE9004D6F8B /* MBProgressHUD+Rotate.m */ = {isa = PBXFileReference; fileEncoding = 4; lastKnownFileType = sourcecode.c.objc; path = "MBProgressHUD+Rotate.m"; sourceTree = "<group>"; };
		2269199221D1CCE9004D6F8B /* MBProgressHUD+Rotate.h */ = {isa = PBXFileReference; fileEncoding = 4; lastKnownFileType = sourcecode.c.h; path = "MBProgressHUD+Rotate.h"; sourceTree = "<group>"; };
		2293618621CCC64E00722B05 /* UIAlertController+UnRotate.h */ = {isa = PBXFileReference; lastKnownFileType = sourcecode.c.h; path = "UIAlertController+UnRotate.h"; sourceTree = "<group>"; };
		2293618721CCC64E00722B05 /* UIAlertController+UnRotate.m */ = {isa = PBXFileReference; lastKnownFileType = sourcecode.c.objc; path = "UIAlertController+UnRotate.m"; sourceTree = "<group>"; };
		229F761B21ABA1600085F5DE /* PLVVodViewController.h */ = {isa = PBXFileReference; fileEncoding = 4; lastKnownFileType = sourcecode.c.h; path = PLVVodViewController.h; sourceTree = "<group>"; };
		229F761C21ABA1600085F5DE /* PLVLiveViewController.m */ = {isa = PBXFileReference; fileEncoding = 4; lastKnownFileType = sourcecode.c.objc; path = PLVLiveViewController.m; sourceTree = "<group>"; };
		229F761E21ABA1600085F5DE /* PLVChatroomController.m */ = {isa = PBXFileReference; fileEncoding = 4; lastKnownFileType = sourcecode.c.objc; path = PLVChatroomController.m; sourceTree = "<group>"; };
		229F761F21ABA1600085F5DE /* PLVChatroomManager.h */ = {isa = PBXFileReference; fileEncoding = 4; lastKnownFileType = sourcecode.c.h; path = PLVChatroomManager.h; sourceTree = "<group>"; };
		229F762121ABA1600085F5DE /* PLVChatroomModel.h */ = {isa = PBXFileReference; fileEncoding = 4; lastKnownFileType = sourcecode.c.h; path = PLVChatroomModel.h; sourceTree = "<group>"; };
		229F762221ABA1600085F5DE /* PLVChatroomModel.m */ = {isa = PBXFileReference; fileEncoding = 4; lastKnownFileType = sourcecode.c.objc; path = PLVChatroomModel.m; sourceTree = "<group>"; };
		229F762321ABA1600085F5DE /* PLVChatroomController.h */ = {isa = PBXFileReference; fileEncoding = 4; lastKnownFileType = sourcecode.c.h; path = PLVChatroomController.h; sourceTree = "<group>"; };
		229F762521ABA1600085F5DE /* plv_skin_flower@2x.png */ = {isa = PBXFileReference; lastKnownFileType = image.png; path = "plv_skin_flower@2x.png"; sourceTree = "<group>"; };
		229F762621ABA1600085F5DE /* plv_skin_flower@3x.png */ = {isa = PBXFileReference; lastKnownFileType = image.png; path = "plv_skin_flower@3x.png"; sourceTree = "<group>"; };
		229F762721ABA1600085F5DE /* plv_img_default_avatar@2x.png */ = {isa = PBXFileReference; lastKnownFileType = image.png; path = "plv_img_default_avatar@2x.png"; sourceTree = "<group>"; };
		229F762821ABA1600085F5DE /* PLVChatroomManager.m */ = {isa = PBXFileReference; fileEncoding = 4; lastKnownFileType = sourcecode.c.objc; path = PLVChatroomManager.m; sourceTree = "<group>"; };
		229F762A21ABA1600085F5DE /* PLVChatroomCell.m */ = {isa = PBXFileReference; fileEncoding = 4; lastKnownFileType = sourcecode.c.objc; path = PLVChatroomCell.m; sourceTree = "<group>"; };
		229F762B21ABA1600085F5DE /* PLVChatroomCell.h */ = {isa = PBXFileReference; fileEncoding = 4; lastKnownFileType = sourcecode.c.h; path = PLVChatroomCell.h; sourceTree = "<group>"; };
		229F764421ABA1600085F5DE /* PLVVodViewController.m */ = {isa = PBXFileReference; fileEncoding = 4; lastKnownFileType = sourcecode.c.objc; path = PLVVodViewController.m; sourceTree = "<group>"; };
		229F764521ABA1600085F5DE /* PLVLiveViewController.h */ = {isa = PBXFileReference; fileEncoding = 4; lastKnownFileType = sourcecode.c.h; path = PLVLiveViewController.h; sourceTree = "<group>"; };
		229F764821ABA1600085F5DE /* plv_skin_player_background@3x.png */ = {isa = PBXFileReference; lastKnownFileType = image.png; path = "plv_skin_player_background@3x.png"; sourceTree = "<group>"; };
		229F764921ABA1600085F5DE /* plv_skin_player_background@2x.png */ = {isa = PBXFileReference; lastKnownFileType = image.png; path = "plv_skin_player_background@2x.png"; sourceTree = "<group>"; };
		229F764A21ABA1600085F5DE /* plv_skin_ppt_background@2x.png */ = {isa = PBXFileReference; lastKnownFileType = image.png; path = "plv_skin_ppt_background@2x.png"; sourceTree = "<group>"; };
		229F764B21ABA1600085F5DE /* plv_skin_ppt_background@3x.png */ = {isa = PBXFileReference; lastKnownFileType = image.png; path = "plv_skin_ppt_background@3x.png"; sourceTree = "<group>"; };
		229F764C21ABA1600085F5DE /* plv_skin_close@2x.png */ = {isa = PBXFileReference; lastKnownFileType = image.png; path = "plv_skin_close@2x.png"; sourceTree = "<group>"; };
		229F764D21ABA1600085F5DE /* plv_skin_close@3x.png */ = {isa = PBXFileReference; lastKnownFileType = image.png; path = "plv_skin_close@3x.png"; sourceTree = "<group>"; };
		229F764E21ABA1600085F5DE /* plv_skin_switchCamera@3x.png */ = {isa = PBXFileReference; lastKnownFileType = image.png; path = "plv_skin_switchCamera@3x.png"; sourceTree = "<group>"; };
		229F764F21ABA1600085F5DE /* plv_skin_switchCamera@2x.png */ = {isa = PBXFileReference; lastKnownFileType = image.png; path = "plv_skin_switchCamera@2x.png"; sourceTree = "<group>"; };
		229F765121ABA1600085F5DE /* PLVNormalLiveMediaViewController.m */ = {isa = PBXFileReference; fileEncoding = 4; lastKnownFileType = sourcecode.c.objc; path = PLVNormalLiveMediaViewController.m; sourceTree = "<group>"; };
		229F765221ABA1600085F5DE /* PLVPPTVodMediaViewController.m */ = {isa = PBXFileReference; fileEncoding = 4; lastKnownFileType = sourcecode.c.objc; path = PLVPPTVodMediaViewController.m; sourceTree = "<group>"; };
		229F765321ABA1600085F5DE /* PLVPPTLiveMediaViewController.h */ = {isa = PBXFileReference; fileEncoding = 4; lastKnownFileType = sourcecode.c.h; path = PLVPPTLiveMediaViewController.h; sourceTree = "<group>"; };
		229F765421ABA1600085F5DE /* PLVNormalLiveMediaViewController.h */ = {isa = PBXFileReference; fileEncoding = 4; lastKnownFileType = sourcecode.c.h; path = PLVNormalLiveMediaViewController.h; sourceTree = "<group>"; };
		229F765521ABA1600085F5DE /* PLVPPTVodMediaViewController.h */ = {isa = PBXFileReference; fileEncoding = 4; lastKnownFileType = sourcecode.c.h; path = PLVPPTVodMediaViewController.h; sourceTree = "<group>"; };
		229F765621ABA1600085F5DE /* PLVPPTLiveMediaViewController.m */ = {isa = PBXFileReference; fileEncoding = 4; lastKnownFileType = sourcecode.c.objc; path = PLVPPTLiveMediaViewController.m; sourceTree = "<group>"; };
		229F766221ABA1600085F5DE /* PLVPlayerSkin.bundle */ = {isa = PBXFileReference; lastKnownFileType = "wrapper.plug-in"; path = PLVPlayerSkin.bundle; sourceTree = "<group>"; };
		229F766321ABA1600085F5DE /* PLVPlayerSkinView.m */ = {isa = PBXFileReference; fileEncoding = 4; lastKnownFileType = sourcecode.c.objc; path = PLVPlayerSkinView.m; sourceTree = "<group>"; };
		229F766421ABA1600085F5DE /* PLVMediaSecondaryView.h */ = {isa = PBXFileReference; fileEncoding = 4; lastKnownFileType = sourcecode.c.h; path = PLVMediaSecondaryView.h; sourceTree = "<group>"; };
		229F766521ABA1600085F5DE /* PLVBrightnessView.m */ = {isa = PBXFileReference; fileEncoding = 4; lastKnownFileType = sourcecode.c.objc; path = PLVBrightnessView.m; sourceTree = "<group>"; };
		229F766621ABA1600085F5DE /* PLVPlayerSkinView.h */ = {isa = PBXFileReference; fileEncoding = 4; lastKnownFileType = sourcecode.c.h; path = PLVPlayerSkinView.h; sourceTree = "<group>"; };
		229F766721ABA1600085F5DE /* PLVBrightnessView.h */ = {isa = PBXFileReference; fileEncoding = 4; lastKnownFileType = sourcecode.c.h; path = PLVBrightnessView.h; sourceTree = "<group>"; };
		229F766821ABA1600085F5DE /* PLVMediaSecondaryView.m */ = {isa = PBXFileReference; fileEncoding = 4; lastKnownFileType = sourcecode.c.objc; path = PLVMediaSecondaryView.m; sourceTree = "<group>"; };
		229F827221C79C6500446B9A /* PolyvBusinessSDK.framework */ = {isa = PBXFileReference; explicitFileType = wrapper.framework; path = PolyvBusinessSDK.framework; sourceTree = BUILT_PRODUCTS_DIR; };
		229F827421C79C6500446B9A /* PolyvCloudClassSDK.framework */ = {isa = PBXFileReference; explicitFileType = wrapper.framework; path = PolyvCloudClassSDK.framework; sourceTree = BUILT_PRODUCTS_DIR; };
		229F827621C79C6500446B9A /* PolyvFoundationSDK.framework */ = {isa = PBXFileReference; explicitFileType = wrapper.framework; path = PolyvFoundationSDK.framework; sourceTree = BUILT_PRODUCTS_DIR; };
		22AD6181218316A50053F496 /* plv_clear@2x.png */ = {isa = PBXFileReference; lastKnownFileType = image.png; path = "plv_clear@2x.png"; sourceTree = "<group>"; };
		22B27D6F219BC5F8003550EA /* plv_clear@3x.png */ = {isa = PBXFileReference; lastKnownFileType = image.png; path = "plv_clear@3x.png"; sourceTree = "<group>"; };
		22B27D70219BC5F8003550EA /* plv_logo@3x.png */ = {isa = PBXFileReference; lastKnownFileType = image.png; path = "plv_logo@3x.png"; sourceTree = "<group>"; };
		22B4086621B76F010087DF92 /* ZNavigationController.h */ = {isa = PBXFileReference; lastKnownFileType = sourcecode.c.h; path = ZNavigationController.h; sourceTree = "<group>"; };
		22B4086721B76F010087DF92 /* ZNavigationController.m */ = {isa = PBXFileReference; lastKnownFileType = sourcecode.c.objc; path = ZNavigationController.m; sourceTree = "<group>"; };
		22B4086921B7A7160087DF92 /* PLVNormalVodMediaViewController.h */ = {isa = PBXFileReference; lastKnownFileType = sourcecode.c.h; path = PLVNormalVodMediaViewController.h; sourceTree = "<group>"; };
		22B4086A21B7A7160087DF92 /* PLVNormalVodMediaViewController.m */ = {isa = PBXFileReference; lastKnownFileType = sourcecode.c.objc; path = PLVNormalVodMediaViewController.m; sourceTree = "<group>"; };
		22B4086D21B7A7F10087DF92 /* PLVBaseMediaViewController+Vod.m */ = {isa = PBXFileReference; fileEncoding = 4; lastKnownFileType = sourcecode.c.objc; path = "PLVBaseMediaViewController+Vod.m"; sourceTree = "<group>"; };
		22B4086E21B7A7F10087DF92 /* PLVVodMediaProtocol.h */ = {isa = PBXFileReference; fileEncoding = 4; lastKnownFileType = sourcecode.c.h; path = PLVVodMediaProtocol.h; sourceTree = "<group>"; };
		22B4086F21B7A7F10087DF92 /* PLVBaseMediaViewController+Vod.h */ = {isa = PBXFileReference; fileEncoding = 4; lastKnownFileType = sourcecode.c.h; path = "PLVBaseMediaViewController+Vod.h"; sourceTree = "<group>"; };
		22B906FB21F56F400086D05A /* PLVChatroomCustomKouCell.h */ = {isa = PBXFileReference; fileEncoding = 4; lastKnownFileType = sourcecode.c.h; path = PLVChatroomCustomKouCell.h; sourceTree = "<group>"; };
		22B906FC21F56F400086D05A /* PLVChatroomCustomKouCell.m */ = {isa = PBXFileReference; fileEncoding = 4; lastKnownFileType = sourcecode.c.objc; path = PLVChatroomCustomKouCell.m; sourceTree = "<group>"; };
		22BF123D21816B54006127FD /* plv_logo@2x.png */ = {isa = PBXFileReference; lastKnownFileType = image.png; path = "plv_logo@2x.png"; sourceTree = "<group>"; };
		22CE3CFE21AD4C57002B1CFB /* PLVBaseMediaViewController.m */ = {isa = PBXFileReference; fileEncoding = 4; lastKnownFileType = sourcecode.c.objc; path = PLVBaseMediaViewController.m; sourceTree = "<group>"; };
		22CE3D0021AD4C57002B1CFB /* PLVBaseMediaViewController+PPT.m */ = {isa = PBXFileReference; fileEncoding = 4; lastKnownFileType = sourcecode.c.objc; path = "PLVBaseMediaViewController+PPT.m"; sourceTree = "<group>"; };
		22CE3D0121AD4C57002B1CFB /* PLVBaseMediaViewController+PPT.h */ = {isa = PBXFileReference; fileEncoding = 4; lastKnownFileType = sourcecode.c.h; path = "PLVBaseMediaViewController+PPT.h"; sourceTree = "<group>"; };
		22CE3D0321AD4C57002B1CFB /* PLVBaseMediaViewController+Live.h */ = {isa = PBXFileReference; fileEncoding = 4; lastKnownFileType = sourcecode.c.h; path = "PLVBaseMediaViewController+Live.h"; sourceTree = "<group>"; };
		22CE3D0421AD4C57002B1CFB /* PLVLiveMediaProtocol.h */ = {isa = PBXFileReference; fileEncoding = 4; lastKnownFileType = sourcecode.c.h; path = PLVLiveMediaProtocol.h; sourceTree = "<group>"; };
		22CE3D0521AD4C57002B1CFB /* PLVBaseMediaViewController+Live.m */ = {isa = PBXFileReference; fileEncoding = 4; lastKnownFileType = sourcecode.c.objc; path = "PLVBaseMediaViewController+Live.m"; sourceTree = "<group>"; };
		22CE3D0621AD4C57002B1CFB /* PLVBaseMediaViewController.h */ = {isa = PBXFileReference; fileEncoding = 4; lastKnownFileType = sourcecode.c.h; path = PLVBaseMediaViewController.h; sourceTree = "<group>"; };
		22CE3D0A21AD4D07002B1CFB /* PLVPPTMediaProtocol.h */ = {isa = PBXFileReference; fileEncoding = 4; lastKnownFileType = sourcecode.c.h; path = PLVPPTMediaProtocol.h; sourceTree = "<group>"; };
		22D9AB8421B66D13003DFD42 /* plv_resend@3x.png */ = {isa = PBXFileReference; lastKnownFileType = image.png; path = "plv_resend@3x.png"; sourceTree = "<group>"; };
		22D9AB8521B66D13003DFD42 /* plv_resend@2x.png */ = {isa = PBXFileReference; lastKnownFileType = image.png; path = "plv_resend@2x.png"; sourceTree = "<group>"; };
		22D9AB8A21B66E34003DFD42 /* MyTool.m */ = {isa = PBXFileReference; fileEncoding = 4; lastKnownFileType = sourcecode.c.objc; path = MyTool.m; sourceTree = "<group>"; };
		22D9AB8B21B66E34003DFD42 /* SDWebImageDecoder.m */ = {isa = PBXFileReference; fileEncoding = 4; lastKnownFileType = sourcecode.c.objc; path = SDWebImageDecoder.m; sourceTree = "<group>"; };
		22D9AB8C21B66E34003DFD42 /* MyTool.h */ = {isa = PBXFileReference; fileEncoding = 4; lastKnownFileType = sourcecode.c.h; path = MyTool.h; sourceTree = "<group>"; };
		22D9AB8D21B66E34003DFD42 /* ZPicDefine.h */ = {isa = PBXFileReference; fileEncoding = 4; lastKnownFileType = sourcecode.c.h; path = ZPicDefine.h; sourceTree = "<group>"; };
		22D9AB8E21B66E34003DFD42 /* SDWebImageDecoder.h */ = {isa = PBXFileReference; fileEncoding = 4; lastKnownFileType = sourcecode.c.h; path = SDWebImageDecoder.h; sourceTree = "<group>"; };
		22D9AB9021B66E34003DFD42 /* ZImageInfo.m */ = {isa = PBXFileReference; fileEncoding = 4; lastKnownFileType = sourcecode.c.objc; path = ZImageInfo.m; sourceTree = "<group>"; };
		22D9AB9121B66E34003DFD42 /* ZAlbumInfo.m */ = {isa = PBXFileReference; fileEncoding = 4; lastKnownFileType = sourcecode.c.objc; path = ZAlbumInfo.m; sourceTree = "<group>"; };
		22D9AB9221B66E34003DFD42 /* ZImageInfo.h */ = {isa = PBXFileReference; fileEncoding = 4; lastKnownFileType = sourcecode.c.h; path = ZImageInfo.h; sourceTree = "<group>"; };
		22D9AB9321B66E34003DFD42 /* ZAlbumInfo.h */ = {isa = PBXFileReference; fileEncoding = 4; lastKnownFileType = sourcecode.c.h; path = ZAlbumInfo.h; sourceTree = "<group>"; };
		22D9AB9521B66E34003DFD42 /* ZPhotoPreViewController.h */ = {isa = PBXFileReference; fileEncoding = 4; lastKnownFileType = sourcecode.c.h; path = ZPhotoPreViewController.h; sourceTree = "<group>"; };
		22D9AB9621B66E34003DFD42 /* ZViewController.m */ = {isa = PBXFileReference; fileEncoding = 4; lastKnownFileType = sourcecode.c.objc; path = ZViewController.m; sourceTree = "<group>"; };
		22D9AB9721B66E34003DFD42 /* PLVCameraViewController.m */ = {isa = PBXFileReference; fileEncoding = 4; lastKnownFileType = sourcecode.c.objc; path = PLVCameraViewController.m; sourceTree = "<group>"; };
		22D9AB9821B66E34003DFD42 /* ZPickerController.m */ = {isa = PBXFileReference; fileEncoding = 4; lastKnownFileType = sourcecode.c.objc; path = ZPickerController.m; sourceTree = "<group>"; };
		22D9AB9921B66E34003DFD42 /* ZAlbumsViewController.m */ = {isa = PBXFileReference; fileEncoding = 4; lastKnownFileType = sourcecode.c.objc; path = ZAlbumsViewController.m; sourceTree = "<group>"; };
		22D9AB9A21B66E34003DFD42 /* ZViewController.h */ = {isa = PBXFileReference; fileEncoding = 4; lastKnownFileType = sourcecode.c.h; path = ZViewController.h; sourceTree = "<group>"; };
		22D9AB9B21B66E34003DFD42 /* ZPhotoPreViewController.m */ = {isa = PBXFileReference; fileEncoding = 4; lastKnownFileType = sourcecode.c.objc; path = ZPhotoPreViewController.m; sourceTree = "<group>"; };
		22D9AB9C21B66E34003DFD42 /* PLVCameraViewController.h */ = {isa = PBXFileReference; fileEncoding = 4; lastKnownFileType = sourcecode.c.h; path = PLVCameraViewController.h; sourceTree = "<group>"; };
		22D9AB9D21B66E34003DFD42 /* ZPickerController.h */ = {isa = PBXFileReference; fileEncoding = 4; lastKnownFileType = sourcecode.c.h; path = ZPickerController.h; sourceTree = "<group>"; };
		22D9AB9E21B66E34003DFD42 /* ZAlbumsViewController.h */ = {isa = PBXFileReference; fileEncoding = 4; lastKnownFileType = sourcecode.c.h; path = ZAlbumsViewController.h; sourceTree = "<group>"; };
		22D9ABA021B66E34003DFD42 /* ZPreCollectionViewCell.m */ = {isa = PBXFileReference; fileEncoding = 4; lastKnownFileType = sourcecode.c.objc; path = ZPreCollectionViewCell.m; sourceTree = "<group>"; };
		22D9ABA121B66E34003DFD42 /* ZPhotoCollectionFooterView.h */ = {isa = PBXFileReference; fileEncoding = 4; lastKnownFileType = sourcecode.c.h; path = ZPhotoCollectionFooterView.h; sourceTree = "<group>"; };
		22D9ABA221B66E34003DFD42 /* ZPhotoCollectionViewCell.m */ = {isa = PBXFileReference; fileEncoding = 4; lastKnownFileType = sourcecode.c.objc; path = ZPhotoCollectionViewCell.m; sourceTree = "<group>"; };
		22D9ABA321B66E34003DFD42 /* ZAlbumTableViewCell.h */ = {isa = PBXFileReference; fileEncoding = 4; lastKnownFileType = sourcecode.c.h; path = ZAlbumTableViewCell.h; sourceTree = "<group>"; };
		22D9ABA421B66E34003DFD42 /* ZPreCollectionViewCell.h */ = {isa = PBXFileReference; fileEncoding = 4; lastKnownFileType = sourcecode.c.h; path = ZPreCollectionViewCell.h; sourceTree = "<group>"; };
		22D9ABA521B66E34003DFD42 /* ZPhotoCollectionViewCell.h */ = {isa = PBXFileReference; fileEncoding = 4; lastKnownFileType = sourcecode.c.h; path = ZPhotoCollectionViewCell.h; sourceTree = "<group>"; };
		22D9ABA621B66E34003DFD42 /* ZPhotoCollectionFooterView.m */ = {isa = PBXFileReference; fileEncoding = 4; lastKnownFileType = sourcecode.c.objc; path = ZPhotoCollectionFooterView.m; sourceTree = "<group>"; };
		22D9ABA721B66E34003DFD42 /* ZAlbumTableViewCell.m */ = {isa = PBXFileReference; fileEncoding = 4; lastKnownFileType = sourcecode.c.objc; path = ZAlbumTableViewCell.m; sourceTree = "<group>"; };
		22D9ABA921B66E34003DFD42 /* back@2x.png */ = {isa = PBXFileReference; lastKnownFileType = image.png; path = "back@2x.png"; sourceTree = "<group>"; };
		22D9ABAB21B66E34003DFD42 /* cancel@2x.png */ = {isa = PBXFileReference; lastKnownFileType = image.png; path = "cancel@2x.png"; sourceTree = "<group>"; };
		22D9ABAC21B66E34003DFD42 /* plv_shoot_send@2x.png */ = {isa = PBXFileReference; lastKnownFileType = image.png; path = "plv_shoot_send@2x.png"; sourceTree = "<group>"; };
		22D9ABAD21B66E34003DFD42 /* plv_shoot_cancel@3x.png */ = {isa = PBXFileReference; lastKnownFileType = image.png; path = "plv_shoot_cancel@3x.png"; sourceTree = "<group>"; };
		22D9ABAE21B66E34003DFD42 /* plv_btn_shoot@3x.png */ = {isa = PBXFileReference; lastKnownFileType = image.png; path = "plv_btn_shoot@3x.png"; sourceTree = "<group>"; };
		22D9ABAF21B66E34003DFD42 /* plv_btn_shoot@2x.png */ = {isa = PBXFileReference; lastKnownFileType = image.png; path = "plv_btn_shoot@2x.png"; sourceTree = "<group>"; };
		22D9ABB021B66E34003DFD42 /* arrowDown@2x.png */ = {isa = PBXFileReference; lastKnownFileType = image.png; path = "arrowDown@2x.png"; sourceTree = "<group>"; };
		22D9ABB121B66E34003DFD42 /* plv_shoot_cancel@2x.png */ = {isa = PBXFileReference; lastKnownFileType = image.png; path = "plv_shoot_cancel@2x.png"; sourceTree = "<group>"; };
		22D9ABB221B66E34003DFD42 /* plv_shoot_send@3x.png */ = {isa = PBXFileReference; lastKnownFileType = image.png; path = "plv_shoot_send@3x.png"; sourceTree = "<group>"; };
		22D9ABCA21B676FB003DFD42 /* plv_shoot_switchCamera@3x.png */ = {isa = PBXFileReference; lastKnownFileType = image.png; path = "plv_shoot_switchCamera@3x.png"; sourceTree = "<group>"; };
		22D9ABCB21B676FB003DFD42 /* plv_shoot_close@2x.png */ = {isa = PBXFileReference; lastKnownFileType = image.png; path = "plv_shoot_close@2x.png"; sourceTree = "<group>"; };
		22D9ABCC21B676FB003DFD42 /* plv_shoot_switchCamera@2x.png */ = {isa = PBXFileReference; lastKnownFileType = image.png; path = "plv_shoot_switchCamera@2x.png"; sourceTree = "<group>"; };
		22D9ABCD21B676FB003DFD42 /* plv_shoot_close@3x.png */ = {isa = PBXFileReference; lastKnownFileType = image.png; path = "plv_shoot_close@3x.png"; sourceTree = "<group>"; };
		22FB80E8212AB55100B5CB53 /* ZJZDanMuDefine.h */ = {isa = PBXFileReference; fileEncoding = 4; lastKnownFileType = sourcecode.c.h; path = ZJZDanMuDefine.h; sourceTree = "<group>"; };
		22FB80E9212AB55100B5CB53 /* ZJZDanMu.m */ = {isa = PBXFileReference; fileEncoding = 4; lastKnownFileType = sourcecode.c.objc; path = ZJZDanMu.m; sourceTree = "<group>"; };
		22FB80EA212AB55100B5CB53 /* ZJZDanMuLabel.h */ = {isa = PBXFileReference; fileEncoding = 4; lastKnownFileType = sourcecode.c.h; path = ZJZDanMuLabel.h; sourceTree = "<group>"; };
		22FB80EB212AB55100B5CB53 /* ZJZDanMuLabel.m */ = {isa = PBXFileReference; fileEncoding = 4; lastKnownFileType = sourcecode.c.objc; path = ZJZDanMuLabel.m; sourceTree = "<group>"; };
		22FB80EC212AB55100B5CB53 /* ZJZDanMu.h */ = {isa = PBXFileReference; fileEncoding = 4; lastKnownFileType = sourcecode.c.h; path = ZJZDanMu.h; sourceTree = "<group>"; };
		67219F48217F3B4300756A54 /* plv_btn_download@2x.png */ = {isa = PBXFileReference; lastKnownFileType = image.png; path = "plv_btn_download@2x.png"; sourceTree = "<group>"; };
		67219F49217F3B4300756A54 /* plv_btn_download@3x.png */ = {isa = PBXFileReference; lastKnownFileType = image.png; path = "plv_btn_download@3x.png"; sourceTree = "<group>"; };
		672D7CE9212D7B1500974886 /* FTPageController.h */ = {isa = PBXFileReference; fileEncoding = 4; lastKnownFileType = sourcecode.c.h; path = FTPageController.h; sourceTree = "<group>"; };
		672D7CEA212D7B1500974886 /* FTPageController.m */ = {isa = PBXFileReference; fileEncoding = 4; lastKnownFileType = sourcecode.c.objc; path = FTPageController.m; sourceTree = "<group>"; };
		672D7CEC212D7B1500974886 /* FTTitleViewCell.m */ = {isa = PBXFileReference; fileEncoding = 4; lastKnownFileType = sourcecode.c.objc; path = FTTitleViewCell.m; sourceTree = "<group>"; };
		672D7CED212D7B1500974886 /* FTTitleViewCell.h */ = {isa = PBXFileReference; fileEncoding = 4; lastKnownFileType = sourcecode.c.h; path = FTTitleViewCell.h; sourceTree = "<group>"; };
		672D7CEE212D7B1500974886 /* FTTitleViewCell.xib */ = {isa = PBXFileReference; fileEncoding = 4; lastKnownFileType = file.xib; path = FTTitleViewCell.xib; sourceTree = "<group>"; };
		673631E421BF5D41006868DE /* plv_flower@3x.png */ = {isa = PBXFileReference; lastKnownFileType = image.png; path = "plv_flower@3x.png"; sourceTree = "<group>"; };
		673631E521BF5D41006868DE /* plv_input_user_normal@3x.png */ = {isa = PBXFileReference; lastKnownFileType = image.png; path = "plv_input_user_normal@3x.png"; sourceTree = "<group>"; };
		673631E621BF5D41006868DE /* plv_backspace@3x.png */ = {isa = PBXFileReference; lastKnownFileType = image.png; path = "plv_backspace@3x.png"; sourceTree = "<group>"; };
		673631E721BF5D41006868DE /* plv_backspace@2x.png */ = {isa = PBXFileReference; lastKnownFileType = image.png; path = "plv_backspace@2x.png"; sourceTree = "<group>"; };
		673631E821BF5D41006868DE /* plv_input_user_select@3x.png */ = {isa = PBXFileReference; lastKnownFileType = image.png; path = "plv_input_user_select@3x.png"; sourceTree = "<group>"; };
		673631EF21BF5FF2006868DE /* plv_emoji_off@2x.png */ = {isa = PBXFileReference; lastKnownFileType = image.png; path = "plv_emoji_off@2x.png"; sourceTree = "<group>"; };
		673631F021BF5FF2006868DE /* plv_emoji_off@3x.png */ = {isa = PBXFileReference; lastKnownFileType = image.png; path = "plv_emoji_off@3x.png"; sourceTree = "<group>"; };
		673631F121BF5FF3006868DE /* plv_emoji_on@3x.png */ = {isa = PBXFileReference; lastKnownFileType = image.png; path = "plv_emoji_on@3x.png"; sourceTree = "<group>"; };
		673631F221BF5FF3006868DE /* plv_emoji_on@2x.png */ = {isa = PBXFileReference; lastKnownFileType = image.png; path = "plv_emoji_on@2x.png"; sourceTree = "<group>"; };
		6740D64521364C010076AF7D /* PCCUtils.m */ = {isa = PBXFileReference; fileEncoding = 4; lastKnownFileType = sourcecode.c.objc; path = PCCUtils.m; sourceTree = "<group>"; };
		6740D64621364C010076AF7D /* PCCUtils.h */ = {isa = PBXFileReference; fileEncoding = 4; lastKnownFileType = sourcecode.c.h; path = PCCUtils.h; sourceTree = "<group>"; };
		6740D6662136A42D0076AF7D /* LICENSE */ = {isa = PBXFileReference; fileEncoding = 4; lastKnownFileType = text; path = LICENSE; sourceTree = "<group>"; };
		6740D6672136A42D0076AF7D /* README.mdown */ = {isa = PBXFileReference; fileEncoding = 4; lastKnownFileType = net.daringfireball.markdown; path = README.mdown; sourceTree = "<group>"; };
		6740D66A2136A42D0076AF7D /* MarqueeLabel.m */ = {isa = PBXFileReference; fileEncoding = 4; lastKnownFileType = sourcecode.c.objc; path = MarqueeLabel.m; sourceTree = "<group>"; };
		6740D66B2136A42D0076AF7D /* MarqueeLabel.h */ = {isa = PBXFileReference; fileEncoding = 4; lastKnownFileType = sourcecode.c.h; path = MarqueeLabel.h; sourceTree = "<group>"; };
		6761E9EE218016F00026E8A6 /* PLVPhotoBrowser.h */ = {isa = PBXFileReference; lastKnownFileType = sourcecode.c.h; path = PLVPhotoBrowser.h; sourceTree = "<group>"; };
		6761E9EF218016F00026E8A6 /* PLVPhotoBrowser.m */ = {isa = PBXFileReference; lastKnownFileType = sourcecode.c.objc; path = PLVPhotoBrowser.m; sourceTree = "<group>"; };
		677B4C7C21F1835A00E98E86 /* PLVChatroomCustomModel.h */ = {isa = PBXFileReference; lastKnownFileType = sourcecode.c.h; path = PLVChatroomCustomModel.h; sourceTree = "<group>"; };
		677B4C7D21F1835A00E98E86 /* PLVChatroomCustomModel.m */ = {isa = PBXFileReference; lastKnownFileType = sourcecode.c.objc; path = PLVChatroomCustomModel.m; sourceTree = "<group>"; };
		677B4C7F21F183C200E98E86 /* PLVChatroomCustomKouModel.h */ = {isa = PBXFileReference; fileEncoding = 4; lastKnownFileType = sourcecode.c.h; path = PLVChatroomCustomKouModel.h; sourceTree = "<group>"; };
		677B4C8021F183C200E98E86 /* PLVChatroomCustomKouModel.m */ = {isa = PBXFileReference; fileEncoding = 4; lastKnownFileType = sourcecode.c.objc; path = PLVChatroomCustomKouModel.m; sourceTree = "<group>"; };
		677B4C8221F1BDF100E98E86 /* plv_kou1_img@3x.png */ = {isa = PBXFileReference; lastKnownFileType = image.png; path = "plv_kou1_img@3x.png"; sourceTree = "<group>"; };
		677B4C8321F1BDF200E98E86 /* plv_kou1_img@2x.png */ = {isa = PBXFileReference; lastKnownFileType = image.png; path = "plv_kou1_img@2x.png"; sourceTree = "<group>"; };
		677B4C8421F1BDF200E98E86 /* plv_kou2_img@2x.png */ = {isa = PBXFileReference; lastKnownFileType = image.png; path = "plv_kou2_img@2x.png"; sourceTree = "<group>"; };
		677B4C8521F1BDF300E98E86 /* plv_kou2_img@3x.png */ = {isa = PBXFileReference; lastKnownFileType = image.png; path = "plv_kou2_img@3x.png"; sourceTree = "<group>"; };
		76BF2A194BACB52A05EA1745 /* Pods_PolyvCloudClassDemo.framework */ = {isa = PBXFileReference; explicitFileType = wrapper.framework; includeInIndex = 0; path = Pods_PolyvCloudClassDemo.framework; sourceTree = BUILT_PRODUCTS_DIR; };
		C2716024BD92EBE895549D1E /* Pods-PolyvCloudClassDemo.release.xcconfig */ = {isa = PBXFileReference; includeInIndex = 1; lastKnownFileType = text.xcconfig; name = "Pods-PolyvCloudClassDemo.release.xcconfig"; path = "Pods/Target Support Files/Pods-PolyvCloudClassDemo/Pods-PolyvCloudClassDemo.release.xcconfig"; sourceTree = "<group>"; };
/* End PBXFileReference section */

/* Begin PBXFrameworksBuildPhase section */
		22142F4C2113094100062C6E /* Frameworks */ = {
			isa = PBXFrameworksBuildPhase;
			buildActionMask = 2147483647;
			files = (
				229F827321C79C6500446B9A /* PolyvBusinessSDK.framework in Frameworks */,
				229F827521C79C6500446B9A /* PolyvCloudClassSDK.framework in Frameworks */,
				229F827721C79C6500446B9A /* PolyvFoundationSDK.framework in Frameworks */,
				7DA0500F993E7C2EBAC36533 /* Pods_PolyvCloudClassDemo.framework in Frameworks */,
			);
			runOnlyForDeploymentPostprocessing = 0;
		};
/* End PBXFrameworksBuildPhase section */

/* Begin PBXGroup section */
		220CB16A21B8C95B0034C384 /* PLVKeyboard */ = {
			isa = PBXGroup;
			children = (
				220CB17821B8C95B0034C384 /* resource */,
				220CB16C21B8C95B0034C384 /* FaceVIew */,
				220CB17721B8C95B0034C384 /* PLVTextInputView.h */,
				220CB16B21B8C95B0034C384 /* PLVTextInputView.m */,
			);
			path = PLVKeyboard;
			sourceTree = "<group>";
		};
		220CB16C21B8C95B0034C384 /* FaceVIew */ = {
			isa = PBXGroup;
			children = (
				220CB17221B8C95B0034C384 /* PLVEmojiManager.h */,
				220CB16D21B8C95B0034C384 /* PLVEmojiManager.m */,
				220CB17321B8C95B0034C384 /* PLVFacialView.h */,
				220CB16F21B8C95B0034C384 /* PLVFacialView.m */,
				220CB17421B8C95B0034C384 /* PLVFaceView.h */,
				220CB16E21B8C95B0034C384 /* PLVFaceView.m */,
				220CB17121B8C95B0034C384 /* PLVKeyboardMoreView.h */,
				220CB17521B8C95B0034C384 /* PLVKeyboardMoreView.m */,
			);
			path = FaceVIew;
			sourceTree = "<group>";
		};
		220CB17821B8C95B0034C384 /* resource */ = {
			isa = PBXGroup;
			children = (
				220CB17921B8C95B0034C384 /* skin */,
				220CB18A21B8C95B0034C384 /* Emotion.bundle */,
				220CB18B21B8C95B0034C384 /* Emotions.plist */,
			);
			path = resource;
			sourceTree = "<group>";
		};
		220CB17921B8C95B0034C384 /* skin */ = {
			isa = PBXGroup;
			children = (
				673631EF21BF5FF2006868DE /* plv_emoji_off@2x.png */,
				673631F021BF5FF2006868DE /* plv_emoji_off@3x.png */,
				673631F221BF5FF3006868DE /* plv_emoji_on@2x.png */,
				673631F121BF5FF3006868DE /* plv_emoji_on@3x.png */,
				673631E721BF5D41006868DE /* plv_backspace@2x.png */,
				673631E621BF5D41006868DE /* plv_backspace@3x.png */,
				220CB17B21B8C95B0034C384 /* plv_flower@2x.png */,
				673631E421BF5D41006868DE /* plv_flower@3x.png */,
				673631E521BF5D41006868DE /* plv_input_user_normal@3x.png */,
				673631E821BF5D41006868DE /* plv_input_user_select@3x.png */,
				220CB17A21B8C95B0034C384 /* plv_input_user_normal@2x.png */,
				220CB18021B8C95B0034C384 /* plv_input_user_select@2x.png */,
				220CB17F21B8C95B0034C384 /* plv_keyboard@2x.png */,
				220CB18321B8C95B0034C384 /* plv_btn_like@2x.png */,
				220CB18521B8C95B0034C384 /* plv_btn_like@3x.png */,
				220CB17C21B8C95B0034C384 /* plv_like@2x.png */,
				220CB17E21B8C95B0034C384 /* plv_like@3x.png */,
				220CB18221B8C95B0034C384 /* plv_more@2x.png */,
				220CB18621B8C95B0034C384 /* plv_more@3x.png */,
				220CB18921B8C95B0034C384 /* plv_album@2x.png */,
				220CB18821B8C95B0034C384 /* plv_album@3x.png */,
				220CB18721B8C95B0034C384 /* plv_shoot@2x.png */,
				220CB18121B8C95B0034C384 /* plv_shoot@3x.png */,
			);
			path = skin;
			sourceTree = "<group>";
		};
		22142F462113094100062C6E = {
			isa = PBXGroup;
			children = (
				22142F512113094100062C6E /* PolyvCloudClassDemo */,
				22142F502113094100062C6E /* Products */,
				AB0E412E19A1496BAD99BFDC /* Pods */,
				8F0F50E05503F0F99A6A8D07 /* Frameworks */,
			);
			sourceTree = "<group>";
		};
		22142F502113094100062C6E /* Products */ = {
			isa = PBXGroup;
			children = (
				22142F4F2113094100062C6E /* PolyvCloudClassDemo.app */,
			);
			name = Products;
			sourceTree = "<group>";
		};
		22142F512113094100062C6E /* PolyvCloudClassDemo */ = {
			isa = PBXGroup;
			children = (
				22142F522113094100062C6E /* AppDelegate.h */,
				22142F532113094100062C6E /* AppDelegate.m */,
				6740D64421364A440076AF7D /* Utils */,
				221AD3CA211A86C3000A423A /* Login */,
				229F761A21ABA1600085F5DE /* Watch */,
				22FB80E6212AB55100B5CB53 /* Library */,
				672D7CE6212D774700974886 /* Supporting Files */,
			);
			path = PolyvCloudClassDemo;
			sourceTree = "<group>";
		};
		221AD3CA211A86C3000A423A /* Login */ = {
			isa = PBXGroup;
			children = (
				22BF123B21816B54006127FD /* resource */,
				221AD3CE211A86C3000A423A /* PLVLoginViewController.h */,
				221AD3CB211A86C3000A423A /* PLVLoginViewController.m */,
				221AD3CC211A86C3000A423A /* Main.storyboard */,
			);
			path = Login;
			sourceTree = "<group>";
		};
		229F761A21ABA1600085F5DE /* Watch */ = {
			isa = PBXGroup;
			children = (
				229F761D21ABA1600085F5DE /* Chatroom */,
				229F764621ABA1600085F5DE /* Media */,
				229F764521ABA1600085F5DE /* PLVLiveViewController.h */,
				229F761C21ABA1600085F5DE /* PLVLiveViewController.m */,
				229F761B21ABA1600085F5DE /* PLVVodViewController.h */,
				229F764421ABA1600085F5DE /* PLVVodViewController.m */,
			);
			path = Watch;
			sourceTree = "<group>";
		};
		229F761D21ABA1600085F5DE /* Chatroom */ = {
			isa = PBXGroup;
			children = (
				229F762421ABA1600085F5DE /* resource */,
				229F762021ABA1600085F5DE /* Models */,
				229F762921ABA1600085F5DE /* Cells */,
				229F761F21ABA1600085F5DE /* PLVChatroomManager.h */,
				229F762821ABA1600085F5DE /* PLVChatroomManager.m */,
				2207EAF321AE32F40011B0EB /* PLVChatroomQueue.h */,
				2207EAF421AE32F40011B0EB /* PLVChatroomQueue.m */,
				229F762321ABA1600085F5DE /* PLVChatroomController.h */,
				229F761E21ABA1600085F5DE /* PLVChatroomController.m */,
			);
			path = Chatroom;
			sourceTree = "<group>";
		};
		229F762021ABA1600085F5DE /* Models */ = {
			isa = PBXGroup;
			children = (
				229F762121ABA1600085F5DE /* PLVChatroomModel.h */,
				229F762221ABA1600085F5DE /* PLVChatroomModel.m */,
				677B4C7C21F1835A00E98E86 /* PLVChatroomCustomModel.h */,
				677B4C7D21F1835A00E98E86 /* PLVChatroomCustomModel.m */,
				677B4C7F21F183C200E98E86 /* PLVChatroomCustomKouModel.h */,
				677B4C8021F183C200E98E86 /* PLVChatroomCustomKouModel.m */,
			);
			path = Models;
			sourceTree = "<group>";
		};
		229F762421ABA1600085F5DE /* resource */ = {
			isa = PBXGroup;
			children = (
				229F762721ABA1600085F5DE /* plv_img_default_avatar@2x.png */,
				229F762521ABA1600085F5DE /* plv_skin_flower@2x.png */,
				229F762621ABA1600085F5DE /* plv_skin_flower@3x.png */,
				22D9AB8521B66D13003DFD42 /* plv_resend@2x.png */,
				22D9AB8421B66D13003DFD42 /* plv_resend@3x.png */,
				677B4C8321F1BDF200E98E86 /* plv_kou1_img@2x.png */,
				677B4C8221F1BDF100E98E86 /* plv_kou1_img@3x.png */,
				677B4C8421F1BDF200E98E86 /* plv_kou2_img@2x.png */,
				677B4C8521F1BDF300E98E86 /* plv_kou2_img@3x.png */,
			);
			path = resource;
			sourceTree = "<group>";
		};
		229F762921ABA1600085F5DE /* Cells */ = {
			isa = PBXGroup;
			children = (
				229F762B21ABA1600085F5DE /* PLVChatroomCell.h */,
				229F762A21ABA1600085F5DE /* PLVChatroomCell.m */,
				22B906FB21F56F400086D05A /* PLVChatroomCustomKouCell.h */,
				22B906FC21F56F400086D05A /* PLVChatroomCustomKouCell.m */,
			);
			path = Cells;
			sourceTree = "<group>";
		};
		229F764621ABA1600085F5DE /* Media */ = {
			isa = PBXGroup;
			children = (
				229F764721ABA1600085F5DE /* resource */,
				229F766121ABA1600085F5DE /* Views */,
				229F765021ABA1600085F5DE /* Controllers */,
			);
			path = Media;
			sourceTree = "<group>";
		};
		229F764721ABA1600085F5DE /* resource */ = {
			isa = PBXGroup;
			children = (
				229F764921ABA1600085F5DE /* plv_skin_player_background@2x.png */,
				229F764821ABA1600085F5DE /* plv_skin_player_background@3x.png */,
				229F764A21ABA1600085F5DE /* plv_skin_ppt_background@2x.png */,
				229F764B21ABA1600085F5DE /* plv_skin_ppt_background@3x.png */,
				229F764C21ABA1600085F5DE /* plv_skin_close@2x.png */,
				229F764D21ABA1600085F5DE /* plv_skin_close@3x.png */,
				229F764F21ABA1600085F5DE /* plv_skin_switchCamera@2x.png */,
				229F764E21ABA1600085F5DE /* plv_skin_switchCamera@3x.png */,
			);
			path = resource;
			sourceTree = "<group>";
		};
		229F765021ABA1600085F5DE /* Controllers */ = {
			isa = PBXGroup;
			children = (
				229F765721ABA1600085F5DE /* Base */,
				229F765421ABA1600085F5DE /* PLVNormalLiveMediaViewController.h */,
				229F765121ABA1600085F5DE /* PLVNormalLiveMediaViewController.m */,
				229F765321ABA1600085F5DE /* PLVPPTLiveMediaViewController.h */,
				229F765621ABA1600085F5DE /* PLVPPTLiveMediaViewController.m */,
				22B4086921B7A7160087DF92 /* PLVNormalVodMediaViewController.h */,
				22B4086A21B7A7160087DF92 /* PLVNormalVodMediaViewController.m */,
				229F765521ABA1600085F5DE /* PLVPPTVodMediaViewController.h */,
				229F765221ABA1600085F5DE /* PLVPPTVodMediaViewController.m */,
			);
			path = Controllers;
			sourceTree = "<group>";
		};
		229F765721ABA1600085F5DE /* Base */ = {
			isa = PBXGroup;
			children = (
				22CE3D0621AD4C57002B1CFB /* PLVBaseMediaViewController.h */,
				22CE3CFE21AD4C57002B1CFB /* PLVBaseMediaViewController.m */,
				22CE3CFF21AD4C57002B1CFB /* PPT */,
				22CE3D0221AD4C57002B1CFB /* Live */,
				22B4086C21B7A7F10087DF92 /* Vod */,
			);
			path = Base;
			sourceTree = "<group>";
		};
		229F766121ABA1600085F5DE /* Views */ = {
			isa = PBXGroup;
			children = (
				229F766221ABA1600085F5DE /* PLVPlayerSkin.bundle */,
				229F766721ABA1600085F5DE /* PLVBrightnessView.h */,
				229F766521ABA1600085F5DE /* PLVBrightnessView.m */,
				229F766421ABA1600085F5DE /* PLVMediaSecondaryView.h */,
				229F766821ABA1600085F5DE /* PLVMediaSecondaryView.m */,
				229F766621ABA1600085F5DE /* PLVPlayerSkinView.h */,
				229F766321ABA1600085F5DE /* PLVPlayerSkinView.m */,
			);
			path = Views;
			sourceTree = "<group>";
		};
		22B4086C21B7A7F10087DF92 /* Vod */ = {
			isa = PBXGroup;
			children = (
				22B4086E21B7A7F10087DF92 /* PLVVodMediaProtocol.h */,
				22B4086F21B7A7F10087DF92 /* PLVBaseMediaViewController+Vod.h */,
				22B4086D21B7A7F10087DF92 /* PLVBaseMediaViewController+Vod.m */,
			);
			path = Vod;
			sourceTree = "<group>";
		};
		22BF123B21816B54006127FD /* resource */ = {
			isa = PBXGroup;
			children = (
				22AD6181218316A50053F496 /* plv_clear@2x.png */,
				22B27D6F219BC5F8003550EA /* plv_clear@3x.png */,
				22BF123D21816B54006127FD /* plv_logo@2x.png */,
				22B27D70219BC5F8003550EA /* plv_logo@3x.png */,
			);
			path = resource;
			sourceTree = "<group>";
		};
		22CE3CFF21AD4C57002B1CFB /* PPT */ = {
			isa = PBXGroup;
			children = (
				22CE3D0A21AD4D07002B1CFB /* PLVPPTMediaProtocol.h */,
				22CE3D0121AD4C57002B1CFB /* PLVBaseMediaViewController+PPT.h */,
				22CE3D0021AD4C57002B1CFB /* PLVBaseMediaViewController+PPT.m */,
			);
			path = PPT;
			sourceTree = "<group>";
		};
		22CE3D0221AD4C57002B1CFB /* Live */ = {
			isa = PBXGroup;
			children = (
				22CE3D0421AD4C57002B1CFB /* PLVLiveMediaProtocol.h */,
				22CE3D0321AD4C57002B1CFB /* PLVBaseMediaViewController+Live.h */,
				22CE3D0521AD4C57002B1CFB /* PLVBaseMediaViewController+Live.m */,
			);
			path = Live;
			sourceTree = "<group>";
		};
		22D9AB8821B66E34003DFD42 /* PLVAlbum */ = {
			isa = PBXGroup;
			children = (
				22D9ABA821B66E34003DFD42 /* resource */,
				22D9AB8921B66E34003DFD42 /* tools */,
				22D9AB8F21B66E34003DFD42 /* models */,
				22D9AB9F21B66E34003DFD42 /* View */,
				22D9AB9421B66E34003DFD42 /* Controller */,
			);
			path = PLVAlbum;
			sourceTree = "<group>";
		};
		22D9AB8921B66E34003DFD42 /* tools */ = {
			isa = PBXGroup;
			children = (
				22D9AB8D21B66E34003DFD42 /* ZPicDefine.h */,
				22D9AB8C21B66E34003DFD42 /* MyTool.h */,
				22D9AB8A21B66E34003DFD42 /* MyTool.m */,
				22D9AB8E21B66E34003DFD42 /* SDWebImageDecoder.h */,
				22D9AB8B21B66E34003DFD42 /* SDWebImageDecoder.m */,
			);
			path = tools;
			sourceTree = "<group>";
		};
		22D9AB8F21B66E34003DFD42 /* models */ = {
			isa = PBXGroup;
			children = (
				22D9AB9221B66E34003DFD42 /* ZImageInfo.h */,
				22D9AB9021B66E34003DFD42 /* ZImageInfo.m */,
				22D9AB9321B66E34003DFD42 /* ZAlbumInfo.h */,
				22D9AB9121B66E34003DFD42 /* ZAlbumInfo.m */,
			);
			path = models;
			sourceTree = "<group>";
		};
		22D9AB9421B66E34003DFD42 /* Controller */ = {
			isa = PBXGroup;
			children = (
				22D9AB9C21B66E34003DFD42 /* PLVCameraViewController.h */,
				22D9AB9721B66E34003DFD42 /* PLVCameraViewController.m */,
				22B4086621B76F010087DF92 /* ZNavigationController.h */,
				22B4086721B76F010087DF92 /* ZNavigationController.m */,
				22D9AB9D21B66E34003DFD42 /* ZPickerController.h */,
				22D9AB9821B66E34003DFD42 /* ZPickerController.m */,
				22D9AB9E21B66E34003DFD42 /* ZAlbumsViewController.h */,
				22D9AB9921B66E34003DFD42 /* ZAlbumsViewController.m */,
				22D9AB9A21B66E34003DFD42 /* ZViewController.h */,
				22D9AB9621B66E34003DFD42 /* ZViewController.m */,
				22D9AB9521B66E34003DFD42 /* ZPhotoPreViewController.h */,
				22D9AB9B21B66E34003DFD42 /* ZPhotoPreViewController.m */,
			);
			path = Controller;
			sourceTree = "<group>";
		};
		22D9AB9F21B66E34003DFD42 /* View */ = {
			isa = PBXGroup;
			children = (
				22D9ABA421B66E34003DFD42 /* ZPreCollectionViewCell.h */,
				22D9ABA021B66E34003DFD42 /* ZPreCollectionViewCell.m */,
				22D9ABA121B66E34003DFD42 /* ZPhotoCollectionFooterView.h */,
				22D9ABA621B66E34003DFD42 /* ZPhotoCollectionFooterView.m */,
				22D9ABA321B66E34003DFD42 /* ZAlbumTableViewCell.h */,
				22D9ABA721B66E34003DFD42 /* ZAlbumTableViewCell.m */,
				22D9ABA521B66E34003DFD42 /* ZPhotoCollectionViewCell.h */,
				22D9ABA221B66E34003DFD42 /* ZPhotoCollectionViewCell.m */,
			);
			path = View;
			sourceTree = "<group>";
		};
		22D9ABA821B66E34003DFD42 /* resource */ = {
			isa = PBXGroup;
			children = (
				22D9ABA921B66E34003DFD42 /* back@2x.png */,
				22D9ABAB21B66E34003DFD42 /* cancel@2x.png */,
				22D9ABB021B66E34003DFD42 /* arrowDown@2x.png */,
				22D9ABCB21B676FB003DFD42 /* plv_shoot_close@2x.png */,
				22D9ABCD21B676FB003DFD42 /* plv_shoot_close@3x.png */,
				22D9ABCC21B676FB003DFD42 /* plv_shoot_switchCamera@2x.png */,
				22D9ABCA21B676FB003DFD42 /* plv_shoot_switchCamera@3x.png */,
				22D9ABAF21B66E34003DFD42 /* plv_btn_shoot@2x.png */,
				22D9ABAE21B66E34003DFD42 /* plv_btn_shoot@3x.png */,
				22D9ABB121B66E34003DFD42 /* plv_shoot_cancel@2x.png */,
				22D9ABAD21B66E34003DFD42 /* plv_shoot_cancel@3x.png */,
				22D9ABAC21B66E34003DFD42 /* plv_shoot_send@2x.png */,
				22D9ABB221B66E34003DFD42 /* plv_shoot_send@3x.png */,
			);
			path = resource;
			sourceTree = "<group>";
		};
		22FB80E6212AB55100B5CB53 /* Library */ = {
			isa = PBXGroup;
			children = (
				220CB16A21B8C95B0034C384 /* PLVKeyboard */,
				22D9AB8821B66E34003DFD42 /* PLVAlbum */,
				6761E9ED2180169E0026E8A6 /* PLVPhotoBrowser */,
				6740D6652136A42D0076AF7D /* MarqueeLabel */,
				672D7CE8212D7B1500974886 /* FTPageController */,
				22FB80E7212AB55100B5CB53 /* ZJZDanMu */,
			);
			path = Library;
			sourceTree = "<group>";
		};
		22FB80E7212AB55100B5CB53 /* ZJZDanMu */ = {
			isa = PBXGroup;
			children = (
				22FB80E8212AB55100B5CB53 /* ZJZDanMuDefine.h */,
				22FB80EA212AB55100B5CB53 /* ZJZDanMuLabel.h */,
				22FB80EB212AB55100B5CB53 /* ZJZDanMuLabel.m */,
				22FB80EC212AB55100B5CB53 /* ZJZDanMu.h */,
				22FB80E9212AB55100B5CB53 /* ZJZDanMu.m */,
			);
			path = ZJZDanMu;
			sourceTree = "<group>";
		};
		672D7CE6212D774700974886 /* Supporting Files */ = {
			isa = PBXGroup;
			children = (
				22142F5B2113094200062C6E /* Assets.xcassets */,
				22142F602113094200062C6E /* Info.plist */,
				22142F612113094200062C6E /* main.m */,
			);
			path = "Supporting Files";
			sourceTree = "<group>";
		};
		672D7CE8212D7B1500974886 /* FTPageController */ = {
			isa = PBXGroup;
			children = (
				672D7CE9212D7B1500974886 /* FTPageController.h */,
				672D7CEA212D7B1500974886 /* FTPageController.m */,
				672D7CEB212D7B1500974886 /* views */,
			);
			path = FTPageController;
			sourceTree = "<group>";
		};
		672D7CEB212D7B1500974886 /* views */ = {
			isa = PBXGroup;
			children = (
				672D7CED212D7B1500974886 /* FTTitleViewCell.h */,
				672D7CEC212D7B1500974886 /* FTTitleViewCell.m */,
				672D7CEE212D7B1500974886 /* FTTitleViewCell.xib */,
			);
			path = views;
			sourceTree = "<group>";
		};
		6740D64421364A440076AF7D /* Utils */ = {
			isa = PBXGroup;
			children = (
				6749417C21D0D2F400EEF5BB /* Category */,
				6740D64621364C010076AF7D /* PCCUtils.h */,
				6740D64521364C010076AF7D /* PCCUtils.m */,
			);
			path = Utils;
			sourceTree = "<group>";
		};
		6740D6652136A42D0076AF7D /* MarqueeLabel */ = {
			isa = PBXGroup;
			children = (
				6740D6662136A42D0076AF7D /* LICENSE */,
				6740D6672136A42D0076AF7D /* README.mdown */,
				6740D6682136A42D0076AF7D /* Sources */,
			);
			path = MarqueeLabel;
			sourceTree = "<group>";
		};
		6740D6682136A42D0076AF7D /* Sources */ = {
			isa = PBXGroup;
			children = (
				6740D6692136A42D0076AF7D /* ObjC */,
			);
			path = Sources;
			sourceTree = "<group>";
		};
		6740D6692136A42D0076AF7D /* ObjC */ = {
			isa = PBXGroup;
			children = (
				6740D66A2136A42D0076AF7D /* MarqueeLabel.m */,
				6740D66B2136A42D0076AF7D /* MarqueeLabel.h */,
			);
			path = ObjC;
			sourceTree = "<group>";
		};
		6749417C21D0D2F400EEF5BB /* Category */ = {
			isa = PBXGroup;
			children = (
				2293618621CCC64E00722B05 /* UIAlertController+UnRotate.h */,
				2293618721CCC64E00722B05 /* UIAlertController+UnRotate.m */,
				2269199221D1CCE9004D6F8B /* MBProgressHUD+Rotate.h */,
				2269199121D1CCE9004D6F8B /* MBProgressHUD+Rotate.m */,
			);
			path = Category;
			sourceTree = "<group>";
		};
		6761E9ED2180169E0026E8A6 /* PLVPhotoBrowser */ = {
			isa = PBXGroup;
			children = (
				6761E9F1218018250026E8A6 /* resource */,
				6761E9EE218016F00026E8A6 /* PLVPhotoBrowser.h */,
				6761E9EF218016F00026E8A6 /* PLVPhotoBrowser.m */,
			);
			path = PLVPhotoBrowser;
			sourceTree = "<group>";
		};
		6761E9F1218018250026E8A6 /* resource */ = {
			isa = PBXGroup;
			children = (
				67219F48217F3B4300756A54 /* plv_btn_download@2x.png */,
				67219F49217F3B4300756A54 /* plv_btn_download@3x.png */,
			);
			path = resource;
			sourceTree = "<group>";
		};
		8F0F50E05503F0F99A6A8D07 /* Frameworks */ = {
			isa = PBXGroup;
			children = (
				229F827221C79C6500446B9A /* PolyvBusinessSDK.framework */,
				229F827421C79C6500446B9A /* PolyvCloudClassSDK.framework */,
				229F827621C79C6500446B9A /* PolyvFoundationSDK.framework */,
				76BF2A194BACB52A05EA1745 /* Pods_PolyvCloudClassDemo.framework */,
			);
			name = Frameworks;
			sourceTree = "<group>";
		};
		AB0E412E19A1496BAD99BFDC /* Pods */ = {
			isa = PBXGroup;
			children = (
				07E29607B5FE3094D8131647 /* Pods-PolyvCloudClassDemo.debug.xcconfig */,
				C2716024BD92EBE895549D1E /* Pods-PolyvCloudClassDemo.release.xcconfig */,
			);
			name = Pods;
			sourceTree = "<group>";
		};
/* End PBXGroup section */

/* Begin PBXNativeTarget section */
		22142F4E2113094100062C6E /* PolyvCloudClassDemo */ = {
			isa = PBXNativeTarget;
			buildConfigurationList = 22142F652113094200062C6E /* Build configuration list for PBXNativeTarget "PolyvCloudClassDemo" */;
			buildPhases = (
				BF1994BA0FC7C1A048CCF17C /* [CP] Check Pods Manifest.lock */,
				22142F4B2113094100062C6E /* Sources */,
				22142F4C2113094100062C6E /* Frameworks */,
				22142F4D2113094100062C6E /* Resources */,
				4F3915C7676E0155566C1F51 /* [CP] Embed Pods Frameworks */,
			);
			buildRules = (
			);
			dependencies = (
			);
			name = PolyvCloudClassDemo;
			productName = PolyvCloudClassDemo;
			productReference = 22142F4F2113094100062C6E /* PolyvCloudClassDemo.app */;
			productType = "com.apple.product-type.application";
		};
/* End PBXNativeTarget section */

/* Begin PBXProject section */
		22142F472113094100062C6E /* Project object */ = {
			isa = PBXProject;
			attributes = {
				LastUpgradeCheck = 1000;
				ORGANIZATIONNAME = polyv;
				TargetAttributes = {
					22142F4E2113094100062C6E = {
						CreatedOnToolsVersion = 9.4.1;
						ProvisioningStyle = Automatic;
					};
				};
			};
			buildConfigurationList = 22142F4A2113094100062C6E /* Build configuration list for PBXProject "PolyvCloudClassDemo" */;
			compatibilityVersion = "Xcode 8.0";
			developmentRegion = en;
			hasScannedForEncodings = 0;
			knownRegions = (
				en,
				Base,
			);
			mainGroup = 22142F462113094100062C6E;
			productRefGroup = 22142F502113094100062C6E /* Products */;
			projectDirPath = "";
			projectRoot = "";
			targets = (
				22142F4E2113094100062C6E /* PolyvCloudClassDemo */,
			);
		};
/* End PBXProject section */

/* Begin PBXResourcesBuildPhase section */
		22142F4D2113094100062C6E /* Resources */ = {
			isa = PBXResourcesBuildPhase;
			buildActionMask = 2147483647;
			files = (
				220CB19221B8C95B0034C384 /* plv_input_user_normal@2x.png in Resources */,
				22D9ABD121B676FB003DFD42 /* plv_shoot_close@3x.png in Resources */,
				220CB1A021B8C95B0034C384 /* plv_album@3x.png in Resources */,
				229F768621ABA1600085F5DE /* plv_skin_switchCamera@3x.png in Resources */,
				22D9ABCF21B676FB003DFD42 /* plv_shoot_close@2x.png in Resources */,
				229F768421ABA1600085F5DE /* plv_skin_close@2x.png in Resources */,
				673631ED21BF5D41006868DE /* plv_backspace@2x.png in Resources */,
				22BF123F21816B54006127FD /* plv_logo@2x.png in Resources */,
				22D9ABD021B676FB003DFD42 /* plv_shoot_switchCamera@2x.png in Resources */,
				22D9AB8721B66D13003DFD42 /* plv_resend@2x.png in Resources */,
				673631F621BF5FF3006868DE /* plv_emoji_on@2x.png in Resources */,
				22D9ABC521B66E34003DFD42 /* plv_btn_shoot@3x.png in Resources */,
				220CB19421B8C95B0034C384 /* plv_like@2x.png in Resources */,
				6740D66C2136A42D0076AF7D /* LICENSE in Resources */,
				229F768321ABA1600085F5DE /* plv_skin_ppt_background@3x.png in Resources */,
				220CB1A321B8C95B0034C384 /* Emotions.plist in Resources */,
				22D9ABC721B66E34003DFD42 /* arrowDown@2x.png in Resources */,
				220CB19621B8C95B0034C384 /* plv_like@3x.png in Resources */,
				22D9ABC821B66E34003DFD42 /* plv_shoot_cancel@2x.png in Resources */,
				229F768221ABA1600085F5DE /* plv_skin_ppt_background@2x.png in Resources */,
				229F766C21ABA1600085F5DE /* plv_skin_flower@2x.png in Resources */,
				229F768121ABA1600085F5DE /* plv_skin_player_background@2x.png in Resources */,
				6740D66D2136A42D0076AF7D /* README.mdown in Resources */,
				677B4C8921F1BDF300E98E86 /* plv_kou2_img@3x.png in Resources */,
				22D9ABCE21B676FB003DFD42 /* plv_shoot_switchCamera@3x.png in Resources */,
				22142F5C2113094200062C6E /* Assets.xcassets in Resources */,
				67219F4B217F3B4300756A54 /* plv_btn_download@3x.png in Resources */,
				220CB1A221B8C95B0034C384 /* Emotion.bundle in Resources */,
				229F768021ABA1600085F5DE /* plv_skin_player_background@3x.png in Resources */,
				22D9ABC221B66E34003DFD42 /* cancel@2x.png in Resources */,
				220CB19B21B8C95B0034C384 /* plv_btn_like@2x.png in Resources */,
				677B4C8621F1BDF300E98E86 /* plv_kou1_img@3x.png in Resources */,
				22B27D72219BC5F8003550EA /* plv_logo@3x.png in Resources */,
				220CB1A121B8C95B0034C384 /* plv_album@2x.png in Resources */,
				229F768E21ABA1600085F5DE /* PLVPlayerSkin.bundle in Resources */,
				673631EA21BF5D41006868DE /* plv_flower@3x.png in Resources */,
				22D9AB8621B66D13003DFD42 /* plv_resend@3x.png in Resources */,
				673631F521BF5FF3006868DE /* plv_emoji_on@3x.png in Resources */,
				229F768721ABA1600085F5DE /* plv_skin_switchCamera@2x.png in Resources */,
				221AD3D0211A86C3000A423A /* Main.storyboard in Resources */,
				220CB19721B8C95B0034C384 /* plv_keyboard@2x.png in Resources */,
				22D9ABC921B66E34003DFD42 /* plv_shoot_send@3x.png in Resources */,
				220CB19D21B8C95B0034C384 /* plv_btn_like@3x.png in Resources */,
				677B4C8821F1BDF300E98E86 /* plv_kou2_img@2x.png in Resources */,
				229F768521ABA1600085F5DE /* plv_skin_close@3x.png in Resources */,
				22D9ABC021B66E34003DFD42 /* back@2x.png in Resources */,
				229F766E21ABA1600085F5DE /* plv_img_default_avatar@2x.png in Resources */,
				22D9ABC321B66E34003DFD42 /* plv_shoot_send@2x.png in Resources */,
				220CB19921B8C95B0034C384 /* plv_shoot@3x.png in Resources */,
				673631F321BF5FF3006868DE /* plv_emoji_off@2x.png in Resources */,
				220CB19A21B8C95B0034C384 /* plv_more@2x.png in Resources */,
				220CB19E21B8C95B0034C384 /* plv_more@3x.png in Resources */,
				22D9ABC421B66E34003DFD42 /* plv_shoot_cancel@3x.png in Resources */,
				220CB19F21B8C95B0034C384 /* plv_shoot@2x.png in Resources */,
				677B4C8721F1BDF300E98E86 /* plv_kou1_img@2x.png in Resources */,
				673631EB21BF5D41006868DE /* plv_input_user_normal@3x.png in Resources */,
				220CB19821B8C95B0034C384 /* plv_input_user_select@2x.png in Resources */,
				673631EE21BF5D41006868DE /* plv_input_user_select@3x.png in Resources */,
				22B27D71219BC5F8003550EA /* plv_clear@3x.png in Resources */,
				67219F4A217F3B4300756A54 /* plv_btn_download@2x.png in Resources */,
				229F766D21ABA1600085F5DE /* plv_skin_flower@3x.png in Resources */,
				672D7CF1212D7B1500974886 /* FTTitleViewCell.xib in Resources */,
				22D9ABC621B66E34003DFD42 /* plv_btn_shoot@2x.png in Resources */,
				673631EC21BF5D41006868DE /* plv_backspace@3x.png in Resources */,
				220CB19321B8C95B0034C384 /* plv_flower@2x.png in Resources */,
				22AD6182218316A50053F496 /* plv_clear@2x.png in Resources */,
				673631F421BF5FF3006868DE /* plv_emoji_off@3x.png in Resources */,
			);
			runOnlyForDeploymentPostprocessing = 0;
		};
/* End PBXResourcesBuildPhase section */

/* Begin PBXShellScriptBuildPhase section */
		4F3915C7676E0155566C1F51 /* [CP] Embed Pods Frameworks */ = {
			isa = PBXShellScriptBuildPhase;
			buildActionMask = 2147483647;
			files = (
			);
			inputPaths = (
				"${SRCROOT}/Pods/Target Support Files/Pods-PolyvCloudClassDemo/Pods-PolyvCloudClassDemo-frameworks.sh",
				"${BUILT_PRODUCTS_DIR}/AFNetworking/AFNetworking.framework",
				"${BUILT_PRODUCTS_DIR}/MBProgressHUD/MBProgressHUD.framework",
				"${BUILT_PRODUCTS_DIR}/Masonry/Masonry.framework",
				"${BUILT_PRODUCTS_DIR}/SDWebImage/SDWebImage.framework",
				"${BUILT_PRODUCTS_DIR}/Socket.IO-Client-Swift/SocketIO.framework",
				"${BUILT_PRODUCTS_DIR}/Starscream/Starscream.framework",
				"${BUILT_PRODUCTS_DIR}/YYModel/YYModel.framework",
			);
			name = "[CP] Embed Pods Frameworks";
			outputPaths = (
				"${TARGET_BUILD_DIR}/${FRAMEWORKS_FOLDER_PATH}/AFNetworking.framework",
				"${TARGET_BUILD_DIR}/${FRAMEWORKS_FOLDER_PATH}/MBProgressHUD.framework",
				"${TARGET_BUILD_DIR}/${FRAMEWORKS_FOLDER_PATH}/Masonry.framework",
				"${TARGET_BUILD_DIR}/${FRAMEWORKS_FOLDER_PATH}/SDWebImage.framework",
				"${TARGET_BUILD_DIR}/${FRAMEWORKS_FOLDER_PATH}/SocketIO.framework",
				"${TARGET_BUILD_DIR}/${FRAMEWORKS_FOLDER_PATH}/Starscream.framework",
				"${TARGET_BUILD_DIR}/${FRAMEWORKS_FOLDER_PATH}/YYModel.framework",
			);
			runOnlyForDeploymentPostprocessing = 0;
			shellPath = /bin/sh;
			shellScript = "\"${SRCROOT}/Pods/Target Support Files/Pods-PolyvCloudClassDemo/Pods-PolyvCloudClassDemo-frameworks.sh\"\n";
			showEnvVarsInLog = 0;
		};
		BF1994BA0FC7C1A048CCF17C /* [CP] Check Pods Manifest.lock */ = {
			isa = PBXShellScriptBuildPhase;
			buildActionMask = 2147483647;
			files = (
			);
			inputPaths = (
				"${PODS_PODFILE_DIR_PATH}/Podfile.lock",
				"${PODS_ROOT}/Manifest.lock",
			);
			name = "[CP] Check Pods Manifest.lock";
			outputPaths = (
				"$(DERIVED_FILE_DIR)/Pods-PolyvCloudClassDemo-checkManifestLockResult.txt",
			);
			runOnlyForDeploymentPostprocessing = 0;
			shellPath = /bin/sh;
			shellScript = "diff \"${PODS_PODFILE_DIR_PATH}/Podfile.lock\" \"${PODS_ROOT}/Manifest.lock\" > /dev/null\nif [ $? != 0 ] ; then\n    # print error to STDERR\n    echo \"error: The sandbox is not in sync with the Podfile.lock. Run 'pod install' or update your CocoaPods installation.\" >&2\n    exit 1\nfi\n# This output is used by Xcode 'outputs' to avoid re-running this script phase.\necho \"SUCCESS\" > \"${SCRIPT_OUTPUT_FILE_0}\"\n";
			showEnvVarsInLog = 0;
		};
/* End PBXShellScriptBuildPhase section */

/* Begin PBXSourcesBuildPhase section */
		22142F4B2113094100062C6E /* Sources */ = {
			isa = PBXSourcesBuildPhase;
			buildActionMask = 2147483647;
			files = (
				22B4087621B7BC260087DF92 /* PLVPPTLiveMediaViewController.m in Sources */,
				22B4087521B7BC030087DF92 /* AppDelegate.m in Sources */,
				22B4087321B7BB6B0087DF92 /* PCCUtils.m in Sources */,
				22D9ABBF21B66E34003DFD42 /* ZAlbumTableViewCell.m in Sources */,
				22FB810C212AB55100B5CB53 /* ZJZDanMuLabel.m in Sources */,
				2207EAF521AE32F40011B0EB /* PLVChatroomQueue.m in Sources */,
				6761E9F0218016F00026E8A6 /* PLVPhotoBrowser.m in Sources */,
				677B4C7E21F1835A00E98E86 /* PLVChatroomCustomModel.m in Sources */,
				22D9ABB321B66E34003DFD42 /* MyTool.m in Sources */,
				229F768921ABA1600085F5DE /* PLVPPTVodMediaViewController.m in Sources */,
				22CE3D0821AD4C57002B1CFB /* PLVBaseMediaViewController+PPT.m in Sources */,
				22B906FD21F56F400086D05A /* PLVChatroomCustomKouCell.m in Sources */,
				2269199321D1CCE9004D6F8B /* MBProgressHUD+Rotate.m in Sources */,
				22D9ABBB21B66E34003DFD42 /* ZPhotoPreViewController.m in Sources */,
				672D7CEF212D7B1500974886 /* FTPageController.m in Sources */,
				22D9ABBA21B66E34003DFD42 /* ZAlbumsViewController.m in Sources */,
				22D9ABB421B66E34003DFD42 /* SDWebImageDecoder.m in Sources */,
				220CB18C21B8C95B0034C384 /* PLVTextInputView.m in Sources */,
				22D9ABB921B66E34003DFD42 /* ZPickerController.m in Sources */,
				6740D66E2136A42D0076AF7D /* MarqueeLabel.m in Sources */,
				220CB18D21B8C95B0034C384 /* PLVEmojiManager.m in Sources */,
				22D9ABBC21B66E34003DFD42 /* ZPreCollectionViewCell.m in Sources */,
				677B4C8121F183C300E98E86 /* PLVChatroomCustomKouModel.m in Sources */,
				229F769021ABA1600085F5DE /* PLVBrightnessView.m in Sources */,
				22D9ABBE21B66E34003DFD42 /* ZPhotoCollectionFooterView.m in Sources */,
				220CB18F21B8C95B0034C384 /* PLVFacialView.m in Sources */,
				229F768F21ABA1600085F5DE /* PLVPlayerSkinView.m in Sources */,
				229F769121ABA1600085F5DE /* PLVMediaSecondaryView.m in Sources */,
				22D9ABB821B66E34003DFD42 /* PLVCameraViewController.m in Sources */,
				22B4086B21B7A7160087DF92 /* PLVNormalVodMediaViewController.m in Sources */,
				22CE3D0721AD4C57002B1CFB /* PLVBaseMediaViewController.m in Sources */,
				22142F622113094200062C6E /* main.m in Sources */,
				22D9ABBD21B66E34003DFD42 /* ZPhotoCollectionViewCell.m in Sources */,
				22D9ABB721B66E34003DFD42 /* ZViewController.m in Sources */,
				229F766F21ABA1600085F5DE /* PLVChatroomManager.m in Sources */,
				229F768821ABA1600085F5DE /* PLVNormalLiveMediaViewController.m in Sources */,
				672D7CF0212D7B1500974886 /* FTTitleViewCell.m in Sources */,
				220CB19121B8C95B0034C384 /* PLVKeyboardMoreView.m in Sources */,
				229F767F21ABA1600085F5DE /* PLVVodViewController.m in Sources */,
				229F766921ABA1600085F5DE /* PLVLiveViewController.m in Sources */,
				22B4087021B7A7F10087DF92 /* PLVBaseMediaViewController+Vod.m in Sources */,
				22D9ABB621B66E34003DFD42 /* ZAlbumInfo.m in Sources */,
				22B4086821B76F010087DF92 /* ZNavigationController.m in Sources */,
				22D9ABB521B66E34003DFD42 /* ZImageInfo.m in Sources */,
				229F767021ABA1600085F5DE /* PLVChatroomCell.m in Sources */,
				22FB810B212AB55100B5CB53 /* ZJZDanMu.m in Sources */,
				22CE3D0921AD4C57002B1CFB /* PLVBaseMediaViewController+Live.m in Sources */,
				221AD3CF211A86C3000A423A /* PLVLoginViewController.m in Sources */,
				2293618821CCC64E00722B05 /* UIAlertController+UnRotate.m in Sources */,
				229F766A21ABA1600085F5DE /* PLVChatroomController.m in Sources */,
				229F766B21ABA1600085F5DE /* PLVChatroomModel.m in Sources */,
				220CB18E21B8C95B0034C384 /* PLVFaceView.m in Sources */,
			);
			runOnlyForDeploymentPostprocessing = 0;
		};
/* End PBXSourcesBuildPhase section */

/* Begin PBXVariantGroup section */
		221AD3CC211A86C3000A423A /* Main.storyboard */ = {
			isa = PBXVariantGroup;
			children = (
				221AD3CD211A86C3000A423A /* Base */,
			);
			name = Main.storyboard;
			sourceTree = "<group>";
		};
/* End PBXVariantGroup section */

/* Begin XCBuildConfiguration section */
		22142F632113094200062C6E /* Debug */ = {
			isa = XCBuildConfiguration;
			buildSettings = {
				ALWAYS_SEARCH_USER_PATHS = NO;
				CLANG_ANALYZER_NONNULL = YES;
				CLANG_ANALYZER_NUMBER_OBJECT_CONVERSION = YES_AGGRESSIVE;
				CLANG_CXX_LANGUAGE_STANDARD = "gnu++14";
				CLANG_CXX_LIBRARY = "libc++";
				CLANG_ENABLE_MODULES = YES;
				CLANG_ENABLE_OBJC_ARC = YES;
				CLANG_ENABLE_OBJC_WEAK = YES;
				CLANG_WARN_BLOCK_CAPTURE_AUTORELEASING = YES;
				CLANG_WARN_BOOL_CONVERSION = YES;
				CLANG_WARN_COMMA = YES;
				CLANG_WARN_CONSTANT_CONVERSION = YES;
				CLANG_WARN_DEPRECATED_OBJC_IMPLEMENTATIONS = YES;
				CLANG_WARN_DIRECT_OBJC_ISA_USAGE = YES_ERROR;
				CLANG_WARN_DOCUMENTATION_COMMENTS = YES;
				CLANG_WARN_EMPTY_BODY = YES;
				CLANG_WARN_ENUM_CONVERSION = YES;
				CLANG_WARN_INFINITE_RECURSION = YES;
				CLANG_WARN_INT_CONVERSION = YES;
				CLANG_WARN_NON_LITERAL_NULL_CONVERSION = YES;
				CLANG_WARN_OBJC_IMPLICIT_RETAIN_SELF = YES;
				CLANG_WARN_OBJC_LITERAL_CONVERSION = YES;
				CLANG_WARN_OBJC_ROOT_CLASS = YES_ERROR;
				CLANG_WARN_RANGE_LOOP_ANALYSIS = YES;
				CLANG_WARN_STRICT_PROTOTYPES = YES;
				CLANG_WARN_SUSPICIOUS_MOVE = YES;
				CLANG_WARN_UNGUARDED_AVAILABILITY = YES_AGGRESSIVE;
				CLANG_WARN_UNREACHABLE_CODE = YES;
				CLANG_WARN__DUPLICATE_METHOD_MATCH = YES;
				CODE_SIGN_IDENTITY = "iPhone Developer";
				COPY_PHASE_STRIP = NO;
				DEBUG_INFORMATION_FORMAT = dwarf;
				ENABLE_STRICT_OBJC_MSGSEND = YES;
				ENABLE_TESTABILITY = YES;
				GCC_C_LANGUAGE_STANDARD = gnu11;
				GCC_DYNAMIC_NO_PIC = NO;
				GCC_NO_COMMON_BLOCKS = YES;
				GCC_OPTIMIZATION_LEVEL = 0;
				GCC_PREPROCESSOR_DEFINITIONS = (
					"DEBUG=1",
					"$(inherited)",
				);
				GCC_WARN_64_TO_32_BIT_CONVERSION = YES;
				GCC_WARN_ABOUT_RETURN_TYPE = YES_ERROR;
				GCC_WARN_UNDECLARED_SELECTOR = YES;
				GCC_WARN_UNINITIALIZED_AUTOS = YES_AGGRESSIVE;
				GCC_WARN_UNUSED_FUNCTION = YES;
				GCC_WARN_UNUSED_VARIABLE = YES;
				IPHONEOS_DEPLOYMENT_TARGET = 11.4;
				MTL_ENABLE_DEBUG_INFO = YES;
				ONLY_ACTIVE_ARCH = YES;
				SDKROOT = iphoneos;
			};
			name = Debug;
		};
		22142F642113094200062C6E /* Release */ = {
			isa = XCBuildConfiguration;
			buildSettings = {
				ALWAYS_SEARCH_USER_PATHS = NO;
				CLANG_ANALYZER_NONNULL = YES;
				CLANG_ANALYZER_NUMBER_OBJECT_CONVERSION = YES_AGGRESSIVE;
				CLANG_CXX_LANGUAGE_STANDARD = "gnu++14";
				CLANG_CXX_LIBRARY = "libc++";
				CLANG_ENABLE_MODULES = YES;
				CLANG_ENABLE_OBJC_ARC = YES;
				CLANG_ENABLE_OBJC_WEAK = YES;
				CLANG_WARN_BLOCK_CAPTURE_AUTORELEASING = YES;
				CLANG_WARN_BOOL_CONVERSION = YES;
				CLANG_WARN_COMMA = YES;
				CLANG_WARN_CONSTANT_CONVERSION = YES;
				CLANG_WARN_DEPRECATED_OBJC_IMPLEMENTATIONS = YES;
				CLANG_WARN_DIRECT_OBJC_ISA_USAGE = YES_ERROR;
				CLANG_WARN_DOCUMENTATION_COMMENTS = YES;
				CLANG_WARN_EMPTY_BODY = YES;
				CLANG_WARN_ENUM_CONVERSION = YES;
				CLANG_WARN_INFINITE_RECURSION = YES;
				CLANG_WARN_INT_CONVERSION = YES;
				CLANG_WARN_NON_LITERAL_NULL_CONVERSION = YES;
				CLANG_WARN_OBJC_IMPLICIT_RETAIN_SELF = YES;
				CLANG_WARN_OBJC_LITERAL_CONVERSION = YES;
				CLANG_WARN_OBJC_ROOT_CLASS = YES_ERROR;
				CLANG_WARN_RANGE_LOOP_ANALYSIS = YES;
				CLANG_WARN_STRICT_PROTOTYPES = YES;
				CLANG_WARN_SUSPICIOUS_MOVE = YES;
				CLANG_WARN_UNGUARDED_AVAILABILITY = YES_AGGRESSIVE;
				CLANG_WARN_UNREACHABLE_CODE = YES;
				CLANG_WARN__DUPLICATE_METHOD_MATCH = YES;
				CODE_SIGN_IDENTITY = "iPhone Developer";
				COPY_PHASE_STRIP = NO;
				DEBUG_INFORMATION_FORMAT = "dwarf-with-dsym";
				ENABLE_NS_ASSERTIONS = NO;
				ENABLE_STRICT_OBJC_MSGSEND = YES;
				GCC_C_LANGUAGE_STANDARD = gnu11;
				GCC_NO_COMMON_BLOCKS = YES;
				GCC_WARN_64_TO_32_BIT_CONVERSION = YES;
				GCC_WARN_ABOUT_RETURN_TYPE = YES_ERROR;
				GCC_WARN_UNDECLARED_SELECTOR = YES;
				GCC_WARN_UNINITIALIZED_AUTOS = YES_AGGRESSIVE;
				GCC_WARN_UNUSED_FUNCTION = YES;
				GCC_WARN_UNUSED_VARIABLE = YES;
				IPHONEOS_DEPLOYMENT_TARGET = 11.4;
				MTL_ENABLE_DEBUG_INFO = NO;
				SDKROOT = iphoneos;
				VALIDATE_PRODUCT = YES;
			};
			name = Release;
		};
		22142F662113094200062C6E /* Debug */ = {
			isa = XCBuildConfiguration;
			baseConfigurationReference = 07E29607B5FE3094D8131647 /* Pods-PolyvCloudClassDemo.debug.xcconfig */;
			buildSettings = {
				ALWAYS_EMBED_SWIFT_STANDARD_LIBRARIES = YES;
				ASSETCATALOG_COMPILER_APPICON_NAME = AppIcon;
				ASSETCATALOG_COMPILER_LAUNCHIMAGE_NAME = LaunchImage;
				CODE_SIGN_IDENTITY = "iPhone Developer";
				CODE_SIGN_STYLE = Automatic;
				DEVELOPMENT_TEAM = 8BMZBNN3Q5;
				ENABLE_BITCODE = NO;
				FRAMEWORK_SEARCH_PATHS = (
					"$(inherited)",
					"$(PROJECT_DIR)/PolyvCloudClassDemo",
				);
				HEADER_SEARCH_PATHS = "";
				INFOPLIST_FILE = "$(SRCROOT)/PolyvCloudClassDemo/Supporting Files/Info.plist";
				IPHONEOS_DEPLOYMENT_TARGET = 8.0;
				LD_RUNPATH_SEARCH_PATHS = "$(inherited) @executable_path/Frameworks";
				LIBRARY_SEARCH_PATHS = (
					"$(inherited)",
					"$(PROJECT_DIR)/PolyvCloudClassDemo",
				);
				OTHER_LDFLAGS = (
					"$(inherited)",
					"-ObjC",
					"-l\"bz2\"",
					"-l\"c++\"",
					"-l\"resolv\"",
					"-l\"sqlite3.0\"",
					"-l\"stdc++\"",
					"-l\"z\"",
					"-framework",
					"\"AFNetworking\"",
					"-framework",
					"\"AVFoundation\"",
					"-framework",
					"\"Accelerate\"",
					"-framework",
					"\"AgoraRtcEngineKit\"",
					"-framework",
					"\"AlicloudBeacon\"",
					"-framework",
					"\"AlicloudHttpDNS\"",
					"-framework",
					"\"AlicloudUtils\"",
					"-framework",
					"\"AudioToolbox\"",
					"-framework",
					"\"CoreMedia\"",
					"-framework",
					"\"CoreTelephony\"",
					"-framework",
					"\"IJKMediaFramework\"",
					"-framework",
					"\"MBProgressHUD\"",
					"-framework",
					"\"Masonry\"",
					"-framework",
					"\"SDWebImage\"",
					"-framework",
					"\"SocketIO\"",
					"-framework",
					"\"Starscream\"",
					"-framework",
					"\"SystemConfiguration\"",
					"-framework",
					"\"UTDID\"",
					"-framework",
					"\"UTMini\"",
					"-framework",
					"\"VideoToolbox\"",
					"-framework",
					"\"YYModel\"",
					"-w",
				);
				PRODUCT_BUNDLE_IDENTIFIER = polyv.PolyvCloudClassDemo;
				PRODUCT_NAME = "$(TARGET_NAME)";
				PROVISIONING_PROFILE_SPECIFIER = "";
				SWIFT_VERSION = 4.0;
				TARGETED_DEVICE_FAMILY = "1,2";
			};
			name = Debug;
		};
		22142F672113094200062C6E /* Release */ = {
			isa = XCBuildConfiguration;
			baseConfigurationReference = C2716024BD92EBE895549D1E /* Pods-PolyvCloudClassDemo.release.xcconfig */;
			buildSettings = {
				ALWAYS_EMBED_SWIFT_STANDARD_LIBRARIES = YES;
				ASSETCATALOG_COMPILER_APPICON_NAME = AppIcon;
				ASSETCATALOG_COMPILER_LAUNCHIMAGE_NAME = LaunchImage;
				CODE_SIGN_IDENTITY = "iPhone Developer";
				CODE_SIGN_STYLE = Automatic;
				DEVELOPMENT_TEAM = 8BMZBNN3Q5;
				ENABLE_BITCODE = NO;
				FRAMEWORK_SEARCH_PATHS = (
					"$(inherited)",
					"$(PROJECT_DIR)/PolyvCloudClassDemo",
				);
				HEADER_SEARCH_PATHS = "";
				INFOPLIST_FILE = "$(SRCROOT)/PolyvCloudClassDemo/Supporting Files/Info.plist";
				IPHONEOS_DEPLOYMENT_TARGET = 8.0;
				LD_RUNPATH_SEARCH_PATHS = "$(inherited) @executable_path/Frameworks";
				LIBRARY_SEARCH_PATHS = (
					"$(inherited)",
					"$(PROJECT_DIR)/PolyvCloudClassDemo",
				);
				ONLY_ACTIVE_ARCH = NO;
				OTHER_LDFLAGS = (
					"$(inherited)",
					"-ObjC",
					"-l\"bz2\"",
					"-l\"c++\"",
					"-l\"resolv\"",
					"-l\"sqlite3.0\"",
					"-l\"stdc++\"",
					"-l\"z\"",
					"-framework",
					"\"AFNetworking\"",
					"-framework",
					"\"AVFoundation\"",
					"-framework",
					"\"Accelerate\"",
					"-framework",
					"\"AgoraRtcEngineKit\"",
					"-framework",
					"\"AlicloudBeacon\"",
					"-framework",
					"\"AlicloudHttpDNS\"",
					"-framework",
					"\"AlicloudUtils\"",
					"-framework",
					"\"AudioToolbox\"",
					"-framework",
					"\"CoreMedia\"",
					"-framework",
					"\"CoreTelephony\"",
					"-framework",
					"\"IJKMediaFramework\"",
					"-framework",
					"\"MBProgressHUD\"",
					"-framework",
					"\"Masonry\"",
					"-framework",
					"\"SDWebImage\"",
					"-framework",
					"\"SocketIO\"",
					"-framework",
					"\"Starscream\"",
					"-framework",
					"\"SystemConfiguration\"",
					"-framework",
					"\"UTDID\"",
					"-framework",
					"\"UTMini\"",
					"-framework",
					"\"VideoToolbox\"",
					"-framework",
					"\"YYModel\"",
					"-w",
				);
				PRODUCT_BUNDLE_IDENTIFIER = polyv.PolyvCloudClassDemo;
				PRODUCT_NAME = "$(TARGET_NAME)";
				PROVISIONING_PROFILE_SPECIFIER = "";
				SWIFT_VERSION = 4.0;
				TARGETED_DEVICE_FAMILY = "1,2";
			};
			name = Release;
		};
/* End XCBuildConfiguration section */

/* Begin XCConfigurationList section */
		22142F4A2113094100062C6E /* Build configuration list for PBXProject "PolyvCloudClassDemo" */ = {
			isa = XCConfigurationList;
			buildConfigurations = (
				22142F632113094200062C6E /* Debug */,
				22142F642113094200062C6E /* Release */,
			);
			defaultConfigurationIsVisible = 0;
			defaultConfigurationName = Release;
		};
		22142F652113094200062C6E /* Build configuration list for PBXNativeTarget "PolyvCloudClassDemo" */ = {
			isa = XCConfigurationList;
			buildConfigurations = (
				22142F662113094200062C6E /* Debug */,
				22142F672113094200062C6E /* Release */,
			);
			defaultConfigurationIsVisible = 0;
			defaultConfigurationName = Release;
		};
/* End XCConfigurationList section */
	};
	rootObject = 22142F472113094100062C6E /* Project object */;
}
